{
  "version": 4,
  "terraform_version": "1.13.0",
  "serial": 160,
  "lineage": "25ff2744-a7ef-e91e-27e4-e40646a89af5",
  "outputs": {
    "api_app_url": {
      "value": "sageinsure-api.azurewebsites.net",
      "type": "string"
    },
    "app_client_id": {
      "value": "64711f87-c0c9-4e4d-af58-78c4e09331a6",
      "type": "string"
    },
    "key_vault_name": {
      "value": "kv-eedfa81f",
      "type": "string"
    },
    "openai_account_name": {
      "value": "sageinsure-openai",
      "type": "string"
    },
    "openai_deployment": {
      "value": "gpt4o-deployment",
      "type": "string"
    },
    "openai_endpoint": {
      "value": "https://eastus.api.cognitive.microsoft.com/",
      "type": "string"
    },
    "resource_group": {
      "value": "sageinsure-rg",
      "type": "string"
    },
    "search_service_name": {
      "value": "sageinsure-search",
      "type": "string"
    },
    "storage_account": {
      "value": "policydocseedfa81f",
      "type": "string"
    }
  },
  "resources": [
    {
      "mode": "data",
      "type": "azuread_client_config",
      "name": "current",
      "provider": "provider[\"registry.terraform.io/hashicorp/azuread\"]",
      "instances": [
        {
          "schema_version": 0,
          "attributes": {
            "client_id": "04b07795-8ddb-461a-bbee-02f9e1bf7b46",
            "id": "e9394f90-446d-41dd-8c8c-98ac08c5f090-04b07795-8ddb-461a-bbee-02f9e1bf7b46-8fc54eca-22d7-4ccb-8f13-be2e0bea84f5",
            "object_id": "8fc54eca-22d7-4ccb-8f13-be2e0bea84f5",
            "tenant_id": "e9394f90-446d-41dd-8c8c-98ac08c5f090",
            "timeouts": null
          },
          "sensitive_attributes": [],
          "identity_schema_version": 0
        }
      ]
    },
    {
      "mode": "managed",
      "type": "azapi_resource",
      "name": "openai_deployment",
      "provider": "provider[\"registry.terraform.io/azure/azapi\"]",
      "instances": [
        {
          "schema_version": 1,
          "attributes": {
            "body": {
              "value": "{\"properties\":{\"model\":{\"format\":\"OpenAI\",\"name\":\"gpt-4o\",\"version\":\"2024-05-13\"},\"raiPolicyName\":\"Microsoft.Default\"},\"sku\":{\"capacity\":10,\"name\":\"Standard\"}}",
              "type": "string"
            },
            "id": "/subscriptions/2bfa9715-785b-445f-8102-6a423a7495ef/resourceGroups/sageinsure-rg/providers/Microsoft.CognitiveServices/accounts/sageinsure-openai/deployments/gpt4o-deployment",
            "identity": [],
            "ignore_body_changes": null,
            "ignore_casing": false,
            "ignore_missing_property": true,
            "location": null,
            "locks": null,
            "name": "gpt4o-deployment",
            "output": {
              "value": "{}",
              "type": "string"
            },
            "parent_id": "/subscriptions/2bfa9715-785b-445f-8102-6a423a7495ef/resourceGroups/sageinsure-rg/providers/Microsoft.CognitiveServices/accounts/sageinsure-openai",
            "removing_special_chars": false,
            "response_export_values": null,
            "schema_validation_enabled": false,
            "tags": null,
            "timeouts": null,
            "type": "Microsoft.CognitiveServices/accounts/deployments@2024-06-01-preview"
          },
          "sensitive_attributes": [],
          "identity_schema_version": 0,
          "dependencies": [
            "azurerm_cognitive_account.openai",
            "azurerm_resource_group.rg"
          ]
        }
      ]
    },
    {
      "mode": "managed",
      "type": "azuread_application",
      "name": "app",
      "provider": "provider[\"registry.terraform.io/hashicorp/azuread\"]",
      "instances": [
        {
          "schema_version": 2,
          "attributes": {
            "api": [
              {
                "known_client_applications": [],
                "mapped_claims_enabled": false,
                "oauth2_permission_scope": [],
                "requested_access_token_version": 1
              }
            ],
            "app_role": [],
            "app_role_ids": {},
            "client_id": "64711f87-c0c9-4e4d-af58-78c4e09331a6",
            "description": "",
            "device_only_auth_enabled": false,
            "disabled_by_microsoft": "",
            "display_name": "SageInsurePolicyApp",
            "fallback_public_client_enabled": false,
            "feature_tags": [
              {
                "custom_single_sign_on": false,
                "enterprise": false,
                "gallery": false,
                "hide": false
              }
            ],
            "group_membership_claims": [],
            "id": "/applications/258b2a9f-20d0-4ecf-ad7a-7957756fd5dd",
            "identifier_uris": [],
            "logo_image": "",
            "logo_url": "",
            "marketing_url": "",
            "notes": "",
            "oauth2_permission_scope_ids": {},
            "oauth2_post_response_required": false,
            "object_id": "258b2a9f-20d0-4ecf-ad7a-7957756fd5dd",
            "optional_claims": [
              {
                "access_token": [],
                "id_token": [],
                "saml2_token": []
              }
            ],
            "owners": [],
            "password": [],
            "prevent_duplicate_names": false,
            "privacy_statement_url": "",
            "public_client": [
              {
                "redirect_uris": []
              }
            ],
            "publisher_domain": "parvindduttagmail.onmicrosoft.com",
            "required_resource_access": [],
            "service_management_reference": "",
            "sign_in_audience": "AzureADMyOrg",
            "single_page_application": [
              {
                "redirect_uris": []
              }
            ],
            "support_url": "",
            "tags": [],
            "template_id": "",
            "terms_of_service_url": "",
            "timeouts": null,
            "web": [
              {
                "homepage_url": "",
                "implicit_grant": [
                  {
                    "access_token_issuance_enabled": false,
                    "id_token_issuance_enabled": false
                  }
                ],
                "logout_url": "",
                "redirect_uris": []
              }
            ]
          },
          "sensitive_attributes": [],
          "identity_schema_version": 0,
          "private": "eyJlMmJmYjczMC1lY2FhLTExZTYtOGY4OC0zNDM2M2JjN2M0YzAiOnsiY3JlYXRlIjo2MDAwMDAwMDAwMDAsImRlbGV0ZSI6MzAwMDAwMDAwMDAwLCJyZWFkIjozMDAwMDAwMDAwMDAsInVwZGF0ZSI6NjAwMDAwMDAwMDAwfSwic2NoZW1hX3ZlcnNpb24iOiIyIn0="
        }
      ]
    },
    {
      "mode": "managed",
      "type": "azuread_application_password",
      "name": "app_secret",
      "provider": "provider[\"registry.terraform.io/hashicorp/azuread\"]",
      "instances": [
        {
          "schema_version": 1,
          "attributes": {
            "application_id": "/applications/258b2a9f-20d0-4ecf-ad7a-7957756fd5dd",
            "display_name": "policy-app-secret",
            "end_date": "2027-08-25T12:55:49Z",
            "end_date_relative": null,
            "id": "258b2a9f-20d0-4ecf-ad7a-7957756fd5dd/password/6bae579e-c919-47c8-8fe0-6cec49893f18",
            "key_id": "6bae579e-c919-47c8-8fe0-6cec49893f18",
            "rotate_when_changed": null,
            "start_date": "2025-08-25T12:55:50.2984859Z",
            "timeouts": null,
            "value": "PrW8Q~2Tbs98HrOUX9G9l3doDM04CUIkKeZ5uchI"
          },
          "sensitive_attributes": [
            [
              {
                "type": "get_attr",
                "value": "value"
              }
            ]
          ],
          "identity_schema_version": 0,
          "private": "eyJlMmJmYjczMC1lY2FhLTExZTYtOGY4OC0zNDM2M2JjN2M0YzAiOnsiY3JlYXRlIjo5MDAwMDAwMDAwMDAsImRlbGV0ZSI6MzAwMDAwMDAwMDAwLCJyZWFkIjozMDAwMDAwMDAwMDAsInVwZGF0ZSI6MzAwMDAwMDAwMDAwfSwic2NoZW1hX3ZlcnNpb24iOiIxIn0=",
          "dependencies": [
            "azuread_application.app"
          ]
        }
      ]
    },
    {
      "mode": "managed",
      "type": "azuread_service_principal",
      "name": "app_sp",
      "provider": "provider[\"registry.terraform.io/hashicorp/azuread\"]",
      "instances": [
        {
          "schema_version": 1,
          "attributes": {
            "account_enabled": true,
            "alternative_names": [],
            "app_role_assignment_required": false,
            "app_role_ids": {},
            "app_roles": [],
            "application_tenant_id": "e9394f90-446d-41dd-8c8c-98ac08c5f090",
            "client_id": "64711f87-c0c9-4e4d-af58-78c4e09331a6",
            "description": "",
            "display_name": "SageInsurePolicyApp",
            "feature_tags": [
              {
                "custom_single_sign_on": false,
                "enterprise": false,
                "gallery": false,
                "hide": false
              }
            ],
            "features": [
              {
                "custom_single_sign_on_app": false,
                "enterprise_application": false,
                "gallery_application": false,
                "visible_to_users": true
              }
            ],
            "homepage_url": "",
            "id": "/servicePrincipals/bcaaa9e9-35bc-46d3-a31e-483e331015b6",
            "login_url": "",
            "logout_url": "",
            "notes": "",
            "notification_email_addresses": [],
            "oauth2_permission_scope_ids": {},
            "oauth2_permission_scopes": [],
            "object_id": "bcaaa9e9-35bc-46d3-a31e-483e331015b6",
            "owners": [],
            "preferred_single_sign_on_mode": "",
            "redirect_uris": [],
            "saml_metadata_url": "",
            "saml_single_sign_on": [
              {
                "relay_state": ""
              }
            ],
            "service_principal_names": [],
            "sign_in_audience": "AzureADMyOrg",
            "tags": [],
            "timeouts": null,
            "type": "Application",
            "use_existing": null
          },
          "sensitive_attributes": [],
          "identity_schema_version": 0,
          "private": "eyJlMmJmYjczMC1lY2FhLTExZTYtOGY4OC0zNDM2M2JjN2M0YzAiOnsiY3JlYXRlIjo2MDAwMDAwMDAwMDAsImRlbGV0ZSI6MzAwMDAwMDAwMDAwLCJyZWFkIjozMDAwMDAwMDAwMDAsInVwZGF0ZSI6NjAwMDAwMDAwMDAwfSwic2NoZW1hX3ZlcnNpb24iOiIxIn0=",
          "dependencies": [
            "azuread_application.app"
          ]
        }
      ]
    },
    {
      "mode": "managed",
      "type": "azurerm_cognitive_account",
      "name": "openai",
      "provider": "provider[\"registry.terraform.io/hashicorp/azurerm\"]",
      "instances": [
        {
          "schema_version": 0,
          "attributes": {
            "custom_question_answering_search_service_id": "",
            "custom_question_answering_search_service_key": null,
            "custom_subdomain_name": "",
            "customer_managed_key": [],
            "dynamic_throttling_enabled": false,
            "endpoint": "https://eastus.api.cognitive.microsoft.com/",
            "fqdns": [],
            "id": "/subscriptions/2bfa9715-785b-445f-8102-6a423a7495ef/resourceGroups/sageinsure-rg/providers/Microsoft.CognitiveServices/accounts/sageinsure-openai",
            "identity": [],
            "kind": "OpenAI",
            "local_auth_enabled": true,
            "location": "eastus",
            "metrics_advisor_aad_client_id": "",
            "metrics_advisor_aad_tenant_id": "",
            "metrics_advisor_super_user_name": "",
            "metrics_advisor_website_name": "",
            "name": "sageinsure-openai",
            "network_acls": [],
            "outbound_network_access_restricted": false,
            "primary_access_key": "172068a0b5a348efa948c8339cca0329",
            "public_network_access_enabled": true,
            "qna_runtime_endpoint": "",
            "resource_group_name": "sageinsure-rg",
            "secondary_access_key": "6935b81b69d642d489ce427dc49b1fff",
            "sku_name": "S0",
            "storage": [],
            "tags": {},
            "timeouts": null
          },
          "sensitive_attributes": [
            [
              {
                "type": "get_attr",
                "value": "custom_question_answering_search_service_key"
              }
            ],
            [
              {
                "type": "get_attr",
                "value": "primary_access_key"
              }
            ],
            [
              {
                "type": "get_attr",
                "value": "secondary_access_key"
              }
            ]
          ],
          "identity_schema_version": 0,
          "private": "eyJlMmJmYjczMC1lY2FhLTExZTYtOGY4OC0zNDM2M2JjN2M0YzAiOnsiY3JlYXRlIjoxODAwMDAwMDAwMDAwLCJkZWxldGUiOjE4MDAwMDAwMDAwMDAsInJlYWQiOjMwMDAwMDAwMDAwMCwidXBkYXRlIjoxODAwMDAwMDAwMDAwfX0=",
          "dependencies": [
            "azurerm_resource_group.rg"
          ]
        }
      ]
    },
    {
      "mode": "managed",
      "type": "azurerm_key_vault",
      "name": "kv",
      "provider": "provider[\"registry.terraform.io/hashicorp/azurerm\"]",
      "instances": [
        {
          "schema_version": 2,
          "attributes": {
            "access_policy": [
              {
                "application_id": "",
                "certificate_permissions": [],
                "key_permissions": [],
                "object_id": "8fc54eca-22d7-4ccb-8f13-be2e0bea84f5",
                "secret_permissions": [
                  "Get",
                  "List",
                  "Set",
                  "Delete"
                ],
                "storage_permissions": [],
                "tenant_id": "e9394f90-446d-41dd-8c8c-98ac08c5f090"
              }
            ],
            "contact": [],
            "enable_rbac_authorization": false,
            "enabled_for_deployment": false,
            "enabled_for_disk_encryption": false,
            "enabled_for_template_deployment": false,
            "id": "/subscriptions/2bfa9715-785b-445f-8102-6a423a7495ef/resourceGroups/sageinsure-rg/providers/Microsoft.KeyVault/vaults/kv-eedfa81f",
            "location": "eastus",
            "name": "kv-eedfa81f",
            "network_acls": [
              {
                "bypass": "AzureServices",
                "default_action": "Allow",
                "ip_rules": [],
                "virtual_network_subnet_ids": []
              }
            ],
            "public_network_access_enabled": true,
            "purge_protection_enabled": false,
            "resource_group_name": "sageinsure-rg",
            "sku_name": "standard",
            "soft_delete_retention_days": 7,
            "tags": {},
            "tenant_id": "e9394f90-446d-41dd-8c8c-98ac08c5f090",
            "timeouts": null,
            "vault_uri": "https://kv-eedfa81f.vault.azure.net/"
          },
          "sensitive_attributes": [],
          "identity_schema_version": 0,
          "private": "eyJlMmJmYjczMC1lY2FhLTExZTYtOGY4OC0zNDM2M2JjN2M0YzAiOnsiY3JlYXRlIjoxODAwMDAwMDAwMDAwLCJkZWxldGUiOjE4MDAwMDAwMDAwMDAsInJlYWQiOjMwMDAwMDAwMDAwMCwidXBkYXRlIjoxODAwMDAwMDAwMDAwfSwic2NoZW1hX3ZlcnNpb24iOiIyIn0=",
          "dependencies": [
            "azurerm_resource_group.rg",
            "data.azuread_client_config.current",
            "random_id.sa"
          ]
        }
      ]
    },
    {
      "mode": "managed",
      "type": "azurerm_key_vault_access_policy",
      "name": "api_kv_policy",
      "provider": "provider[\"registry.terraform.io/hashicorp/azurerm\"]",
      "instances": [
        {
          "schema_version": 0,
          "attributes": {
            "application_id": "",
            "certificate_permissions": [],
            "id": "/subscriptions/2bfa9715-785b-445f-8102-6a423a7495ef/resourceGroups/sageinsure-rg/providers/Microsoft.KeyVault/vaults/kv-eedfa81f/objectId/7b5b4f93-b70c-40bf-8019-cd107484e75d",
            "key_permissions": [],
            "key_vault_id": "/subscriptions/2bfa9715-785b-445f-8102-6a423a7495ef/resourceGroups/sageinsure-rg/providers/Microsoft.KeyVault/vaults/kv-eedfa81f",
            "object_id": "7b5b4f93-b70c-40bf-8019-cd107484e75d",
            "secret_permissions": [
              "Get",
              "List"
            ],
            "storage_permissions": [],
            "tenant_id": "e9394f90-446d-41dd-8c8c-98ac08c5f090",
            "timeouts": null
          },
          "sensitive_attributes": [],
          "identity_schema_version": 0,
          "private": "eyJlMmJmYjczMC1lY2FhLTExZTYtOGY4OC0zNDM2M2JjN2M0YzAiOnsiY3JlYXRlIjoxODAwMDAwMDAwMDAwLCJkZWxldGUiOjE4MDAwMDAwMDAwMDAsInJlYWQiOjMwMDAwMDAwMDAwMCwidXBkYXRlIjoxODAwMDAwMDAwMDAwfX0=",
          "dependencies": [
            "azurerm_cognitive_account.openai",
            "azurerm_key_vault.kv",
            "azurerm_linux_web_app.api",
            "azurerm_resource_group.rg",
            "azurerm_search_service.search",
            "azurerm_service_plan.plan",
            "azurerm_storage_account.sa",
            "data.azuread_client_config.current",
            "random_id.sa"
          ]
        }
      ]
    },
    {
      "mode": "managed",
      "type": "azurerm_key_vault_secret",
      "name": "kv_app_client_id",
      "provider": "provider[\"registry.terraform.io/hashicorp/azurerm\"]",
      "instances": [
        {
          "schema_version": 0,
          "attributes": {
            "content_type": "",
            "expiration_date": null,
            "id": "https://kv-eedfa81f.vault.azure.net/secrets/APP-CLIENT-ID/e986af8e880d47158b72b1a580ce1984",
            "key_vault_id": "/subscriptions/2bfa9715-785b-445f-8102-6a423a7495ef/resourceGroups/sageinsure-rg/providers/Microsoft.KeyVault/vaults/kv-eedfa81f",
            "name": "APP-CLIENT-ID",
            "not_before_date": null,
            "resource_id": "/subscriptions/2bfa9715-785b-445f-8102-6a423a7495ef/resourceGroups/sageinsure-rg/providers/Microsoft.KeyVault/vaults/kv-eedfa81f/secrets/APP-CLIENT-ID/versions/e986af8e880d47158b72b1a580ce1984",
            "resource_versionless_id": "/subscriptions/2bfa9715-785b-445f-8102-6a423a7495ef/resourceGroups/sageinsure-rg/providers/Microsoft.KeyVault/vaults/kv-eedfa81f/secrets/APP-CLIENT-ID",
            "tags": {},
            "timeouts": null,
            "value": "64711f87-c0c9-4e4d-af58-78c4e09331a6",
            "version": "e986af8e880d47158b72b1a580ce1984",
            "versionless_id": "https://kv-eedfa81f.vault.azure.net/secrets/APP-CLIENT-ID"
          },
          "sensitive_attributes": [
            [
              {
                "type": "get_attr",
                "value": "value"
              }
            ]
          ],
          "identity_schema_version": 0,
          "private": "eyJlMmJmYjczMC1lY2FhLTExZTYtOGY4OC0zNDM2M2JjN2M0YzAiOnsiY3JlYXRlIjoxODAwMDAwMDAwMDAwLCJkZWxldGUiOjE4MDAwMDAwMDAwMDAsInJlYWQiOjE4MDAwMDAwMDAwMDAsInVwZGF0ZSI6MTgwMDAwMDAwMDAwMH19",
          "dependencies": [
            "azuread_application.app",
            "azurerm_key_vault.kv",
            "azurerm_resource_group.rg",
            "data.azuread_client_config.current",
            "random_id.sa"
          ]
        }
      ]
    },
    {
      "mode": "managed",
      "type": "azurerm_key_vault_secret",
      "name": "kv_app_client_secret",
      "provider": "provider[\"registry.terraform.io/hashicorp/azurerm\"]",
      "instances": [
        {
          "schema_version": 0,
          "attributes": {
            "content_type": "",
            "expiration_date": null,
            "id": "https://kv-eedfa81f.vault.azure.net/secrets/APP-CLIENT-SECRET/ae9b8fe9170944b0a82bd917e07b0b05",
            "key_vault_id": "/subscriptions/2bfa9715-785b-445f-8102-6a423a7495ef/resourceGroups/sageinsure-rg/providers/Microsoft.KeyVault/vaults/kv-eedfa81f",
            "name": "APP-CLIENT-SECRET",
            "not_before_date": null,
            "resource_id": "/subscriptions/2bfa9715-785b-445f-8102-6a423a7495ef/resourceGroups/sageinsure-rg/providers/Microsoft.KeyVault/vaults/kv-eedfa81f/secrets/APP-CLIENT-SECRET/versions/ae9b8fe9170944b0a82bd917e07b0b05",
            "resource_versionless_id": "/subscriptions/2bfa9715-785b-445f-8102-6a423a7495ef/resourceGroups/sageinsure-rg/providers/Microsoft.KeyVault/vaults/kv-eedfa81f/secrets/APP-CLIENT-SECRET",
            "tags": {},
            "timeouts": null,
            "value": "PrW8Q~2Tbs98HrOUX9G9l3doDM04CUIkKeZ5uchI",
            "version": "ae9b8fe9170944b0a82bd917e07b0b05",
            "versionless_id": "https://kv-eedfa81f.vault.azure.net/secrets/APP-CLIENT-SECRET"
          },
          "sensitive_attributes": [
            [
              {
                "type": "get_attr",
                "value": "value"
              }
            ]
          ],
          "identity_schema_version": 0,
          "private": "eyJlMmJmYjczMC1lY2FhLTExZTYtOGY4OC0zNDM2M2JjN2M0YzAiOnsiY3JlYXRlIjoxODAwMDAwMDAwMDAwLCJkZWxldGUiOjE4MDAwMDAwMDAwMDAsInJlYWQiOjE4MDAwMDAwMDAwMDAsInVwZGF0ZSI6MTgwMDAwMDAwMDAwMH19",
          "dependencies": [
            "azuread_application.app",
            "azuread_application_password.app_secret",
            "azurerm_key_vault.kv",
            "azurerm_resource_group.rg",
            "data.azuread_client_config.current",
            "random_id.sa"
          ]
        }
      ]
    },
    {
      "mode": "managed",
      "type": "azurerm_key_vault_secret",
      "name": "kv_openai_key",
      "provider": "provider[\"registry.terraform.io/hashicorp/azurerm\"]",
      "instances": [
        {
          "schema_version": 0,
          "attributes": {
            "content_type": "",
            "expiration_date": null,
            "id": "https://kv-eedfa81f.vault.azure.net/secrets/OPENAI-KEY/e7d31d30bbda4c5fb9e4afb9076b3e86",
            "key_vault_id": "/subscriptions/2bfa9715-785b-445f-8102-6a423a7495ef/resourceGroups/sageinsure-rg/providers/Microsoft.KeyVault/vaults/kv-eedfa81f",
            "name": "OPENAI-KEY",
            "not_before_date": null,
            "resource_id": "/subscriptions/2bfa9715-785b-445f-8102-6a423a7495ef/resourceGroups/sageinsure-rg/providers/Microsoft.KeyVault/vaults/kv-eedfa81f/secrets/OPENAI-KEY/versions/e7d31d30bbda4c5fb9e4afb9076b3e86",
            "resource_versionless_id": "/subscriptions/2bfa9715-785b-445f-8102-6a423a7495ef/resourceGroups/sageinsure-rg/providers/Microsoft.KeyVault/vaults/kv-eedfa81f/secrets/OPENAI-KEY",
            "tags": {},
            "timeouts": null,
            "value": "172068a0b5a348efa948c8339cca0329",
            "version": "e7d31d30bbda4c5fb9e4afb9076b3e86",
            "versionless_id": "https://kv-eedfa81f.vault.azure.net/secrets/OPENAI-KEY"
          },
          "sensitive_attributes": [
            [
              {
                "type": "get_attr",
                "value": "value"
              }
            ]
          ],
          "identity_schema_version": 0,
          "private": "eyJlMmJmYjczMC1lY2FhLTExZTYtOGY4OC0zNDM2M2JjN2M0YzAiOnsiY3JlYXRlIjoxODAwMDAwMDAwMDAwLCJkZWxldGUiOjE4MDAwMDAwMDAwMDAsInJlYWQiOjE4MDAwMDAwMDAwMDAsInVwZGF0ZSI6MTgwMDAwMDAwMDAwMH19",
          "dependencies": [
            "azurerm_cognitive_account.openai",
            "azurerm_key_vault.kv",
            "azurerm_resource_group.rg",
            "data.azuread_client_config.current",
            "random_id.sa"
          ]
        }
      ]
    },
    {
      "mode": "managed",
      "type": "azurerm_key_vault_secret",
      "name": "kv_search_admin_key",
      "provider": "provider[\"registry.terraform.io/hashicorp/azurerm\"]",
      "instances": [
        {
          "schema_version": 0,
          "attributes": {
            "content_type": "",
            "expiration_date": null,
            "id": "https://kv-eedfa81f.vault.azure.net/secrets/SEARCH-ADMIN-KEY/2264fecbd06143c98963d0ff1158c3e6",
            "key_vault_id": "/subscriptions/2bfa9715-785b-445f-8102-6a423a7495ef/resourceGroups/sageinsure-rg/providers/Microsoft.KeyVault/vaults/kv-eedfa81f",
            "name": "SEARCH-ADMIN-KEY",
            "not_before_date": null,
            "resource_id": "/subscriptions/2bfa9715-785b-445f-8102-6a423a7495ef/resourceGroups/sageinsure-rg/providers/Microsoft.KeyVault/vaults/kv-eedfa81f/secrets/SEARCH-ADMIN-KEY/versions/2264fecbd06143c98963d0ff1158c3e6",
            "resource_versionless_id": "/subscriptions/2bfa9715-785b-445f-8102-6a423a7495ef/resourceGroups/sageinsure-rg/providers/Microsoft.KeyVault/vaults/kv-eedfa81f/secrets/SEARCH-ADMIN-KEY",
            "tags": {},
            "timeouts": null,
            "value": "DYvM0ODN7nEkVxoBy7KtHsCKYcxH6DtUvfg3fQzlO8AzSeBsKgjX",
            "version": "2264fecbd06143c98963d0ff1158c3e6",
            "versionless_id": "https://kv-eedfa81f.vault.azure.net/secrets/SEARCH-ADMIN-KEY"
          },
          "sensitive_attributes": [
            [
              {
                "type": "get_attr",
                "value": "value"
              }
            ]
          ],
          "identity_schema_version": 0,
          "private": "eyJlMmJmYjczMC1lY2FhLTExZTYtOGY4OC0zNDM2M2JjN2M0YzAiOnsiY3JlYXRlIjoxODAwMDAwMDAwMDAwLCJkZWxldGUiOjE4MDAwMDAwMDAwMDAsInJlYWQiOjE4MDAwMDAwMDAwMDAsInVwZGF0ZSI6MTgwMDAwMDAwMDAwMH19",
          "dependencies": [
            "azurerm_key_vault.kv",
            "azurerm_resource_group.rg",
            "azurerm_search_service.search",
            "data.azuread_client_config.current",
            "random_id.sa"
          ]
        }
      ]
    },
    {
      "mode": "managed",
      "type": "azurerm_key_vault_secret",
      "name": "openai_key",
      "provider": "provider[\"registry.terraform.io/hashicorp/azurerm\"]",
      "instances": [
        {
          "schema_version": 0,
          "attributes": {
            "content_type": "",
            "expiration_date": null,
            "id": "https://kv-eedfa81f.vault.azure.net/secrets/OPENAI-API-KEY/2fc389e6b1f34878a136cf3f13b4aaf4",
            "key_vault_id": "/subscriptions/2bfa9715-785b-445f-8102-6a423a7495ef/resourceGroups/sageinsure-rg/providers/Microsoft.KeyVault/vaults/kv-eedfa81f",
            "name": "OPENAI-API-KEY",
            "not_before_date": null,
            "resource_id": "/subscriptions/2bfa9715-785b-445f-8102-6a423a7495ef/resourceGroups/sageinsure-rg/providers/Microsoft.KeyVault/vaults/kv-eedfa81f/secrets/OPENAI-API-KEY/versions/2fc389e6b1f34878a136cf3f13b4aaf4",
            "resource_versionless_id": "/subscriptions/2bfa9715-785b-445f-8102-6a423a7495ef/resourceGroups/sageinsure-rg/providers/Microsoft.KeyVault/vaults/kv-eedfa81f/secrets/OPENAI-API-KEY",
            "tags": {},
            "timeouts": null,
            "value": "172068a0b5a348efa948c8339cca0329",
            "version": "2fc389e6b1f34878a136cf3f13b4aaf4",
            "versionless_id": "https://kv-eedfa81f.vault.azure.net/secrets/OPENAI-API-KEY"
          },
          "sensitive_attributes": [
            [
              {
                "type": "get_attr",
                "value": "value"
              }
            ]
          ],
          "identity_schema_version": 0,
          "private": "eyJlMmJmYjczMC1lY2FhLTExZTYtOGY4OC0zNDM2M2JjN2M0YzAiOnsiY3JlYXRlIjoxODAwMDAwMDAwMDAwLCJkZWxldGUiOjE4MDAwMDAwMDAwMDAsInJlYWQiOjE4MDAwMDAwMDAwMDAsInVwZGF0ZSI6MTgwMDAwMDAwMDAwMH19",
          "dependencies": [
            "azurerm_cognitive_account.openai",
            "azurerm_key_vault.kv",
            "azurerm_key_vault_access_policy.api_kv_policy",
            "azurerm_linux_web_app.api",
            "azurerm_resource_group.rg",
            "azurerm_search_service.search",
            "azurerm_service_plan.plan",
            "azurerm_storage_account.sa",
            "data.azuread_client_config.current",
            "random_id.sa"
          ]
        }
      ]
    },
    {
      "mode": "managed",
      "type": "azurerm_key_vault_secret",
      "name": "search_key",
      "provider": "provider[\"registry.terraform.io/hashicorp/azurerm\"]",
      "instances": [
        {
          "schema_version": 0,
          "attributes": {
            "content_type": "",
            "expiration_date": null,
            "id": "https://kv-eedfa81f.vault.azure.net/secrets/AZURE-SEARCH-KEY/b9268e99cbb14d07b0570dfb01df175d",
            "key_vault_id": "/subscriptions/2bfa9715-785b-445f-8102-6a423a7495ef/resourceGroups/sageinsure-rg/providers/Microsoft.KeyVault/vaults/kv-eedfa81f",
            "name": "AZURE-SEARCH-KEY",
            "not_before_date": null,
            "resource_id": "/subscriptions/2bfa9715-785b-445f-8102-6a423a7495ef/resourceGroups/sageinsure-rg/providers/Microsoft.KeyVault/vaults/kv-eedfa81f/secrets/AZURE-SEARCH-KEY/versions/b9268e99cbb14d07b0570dfb01df175d",
            "resource_versionless_id": "/subscriptions/2bfa9715-785b-445f-8102-6a423a7495ef/resourceGroups/sageinsure-rg/providers/Microsoft.KeyVault/vaults/kv-eedfa81f/secrets/AZURE-SEARCH-KEY",
            "tags": {},
            "timeouts": null,
            "value": "DYvM0ODN7nEkVxoBy7KtHsCKYcxH6DtUvfg3fQzlO8AzSeBsKgjX",
            "version": "b9268e99cbb14d07b0570dfb01df175d",
            "versionless_id": "https://kv-eedfa81f.vault.azure.net/secrets/AZURE-SEARCH-KEY"
          },
          "sensitive_attributes": [
            [
              {
                "type": "get_attr",
                "value": "value"
              }
            ]
          ],
          "identity_schema_version": 0,
          "private": "eyJlMmJmYjczMC1lY2FhLTExZTYtOGY4OC0zNDM2M2JjN2M0YzAiOnsiY3JlYXRlIjoxODAwMDAwMDAwMDAwLCJkZWxldGUiOjE4MDAwMDAwMDAwMDAsInJlYWQiOjE4MDAwMDAwMDAwMDAsInVwZGF0ZSI6MTgwMDAwMDAwMDAwMH19",
          "dependencies": [
            "azurerm_cognitive_account.openai",
            "azurerm_key_vault.kv",
            "azurerm_key_vault_access_policy.api_kv_policy",
            "azurerm_linux_web_app.api",
            "azurerm_resource_group.rg",
            "azurerm_search_service.search",
            "azurerm_service_plan.plan",
            "azurerm_storage_account.sa",
            "data.azuread_client_config.current",
            "random_id.sa"
          ]
        }
      ]
    },
    {
      "mode": "managed",
      "type": "azurerm_key_vault_secret",
      "name": "storage_connection",
      "provider": "provider[\"registry.terraform.io/hashicorp/azurerm\"]",
      "instances": [
        {
          "schema_version": 0,
          "attributes": {
            "content_type": "",
            "expiration_date": null,
            "id": "https://kv-eedfa81f.vault.azure.net/secrets/STORAGE-CONNECTION-STRING/5c34c5a132c341e2b1b4d1d9c5b19d48",
            "key_vault_id": "/subscriptions/2bfa9715-785b-445f-8102-6a423a7495ef/resourceGroups/sageinsure-rg/providers/Microsoft.KeyVault/vaults/kv-eedfa81f",
            "name": "STORAGE-CONNECTION-STRING",
            "not_before_date": null,
            "resource_id": "/subscriptions/2bfa9715-785b-445f-8102-6a423a7495ef/resourceGroups/sageinsure-rg/providers/Microsoft.KeyVault/vaults/kv-eedfa81f/secrets/STORAGE-CONNECTION-STRING/versions/5c34c5a132c341e2b1b4d1d9c5b19d48",
            "resource_versionless_id": "/subscriptions/2bfa9715-785b-445f-8102-6a423a7495ef/resourceGroups/sageinsure-rg/providers/Microsoft.KeyVault/vaults/kv-eedfa81f/secrets/STORAGE-CONNECTION-STRING",
            "tags": {},
            "timeouts": null,
            "value": "DefaultEndpointsProtocol=https;AccountName=policydocseedfa81f;AccountKey=RXVgxh41mGNAgHoXZdp9GDrRKF2VHqPi4Sv+StcAowJ4jMe+gWvZVF1Y6FPGWK6aMJtrn9D3OjQ3+AStFKSd8g==;EndpointSuffix=core.windows.net",
            "version": "5c34c5a132c341e2b1b4d1d9c5b19d48",
            "versionless_id": "https://kv-eedfa81f.vault.azure.net/secrets/STORAGE-CONNECTION-STRING"
          },
          "sensitive_attributes": [
            [
              {
                "type": "get_attr",
                "value": "value"
              }
            ]
          ],
          "identity_schema_version": 0,
          "private": "eyJlMmJmYjczMC1lY2FhLTExZTYtOGY4OC0zNDM2M2JjN2M0YzAiOnsiY3JlYXRlIjoxODAwMDAwMDAwMDAwLCJkZWxldGUiOjE4MDAwMDAwMDAwMDAsInJlYWQiOjE4MDAwMDAwMDAwMDAsInVwZGF0ZSI6MTgwMDAwMDAwMDAwMH19",
          "dependencies": [
            "azurerm_cognitive_account.openai",
            "azurerm_key_vault.kv",
            "azurerm_key_vault_access_policy.api_kv_policy",
            "azurerm_linux_web_app.api",
            "azurerm_resource_group.rg",
            "azurerm_search_service.search",
            "azurerm_service_plan.plan",
            "azurerm_storage_account.sa",
            "data.azuread_client_config.current",
            "random_id.sa"
          ]
        }
      ]
    },
    {
      "mode": "managed",
      "type": "azurerm_key_vault_secret",
      "name": "storage_key",
      "provider": "provider[\"registry.terraform.io/hashicorp/azurerm\"]",
      "instances": [
        {
          "schema_version": 0,
          "attributes": {
            "content_type": "",
            "expiration_date": null,
            "id": "https://kv-eedfa81f.vault.azure.net/secrets/STORAGE-ACCOUNT-KEY/8f198b51889a468fb0c9be449098ef18",
            "key_vault_id": "/subscriptions/2bfa9715-785b-445f-8102-6a423a7495ef/resourceGroups/sageinsure-rg/providers/Microsoft.KeyVault/vaults/kv-eedfa81f",
            "name": "STORAGE-ACCOUNT-KEY",
            "not_before_date": null,
            "resource_id": "/subscriptions/2bfa9715-785b-445f-8102-6a423a7495ef/resourceGroups/sageinsure-rg/providers/Microsoft.KeyVault/vaults/kv-eedfa81f/secrets/STORAGE-ACCOUNT-KEY/versions/8f198b51889a468fb0c9be449098ef18",
            "resource_versionless_id": "/subscriptions/2bfa9715-785b-445f-8102-6a423a7495ef/resourceGroups/sageinsure-rg/providers/Microsoft.KeyVault/vaults/kv-eedfa81f/secrets/STORAGE-ACCOUNT-KEY",
            "tags": {},
            "timeouts": null,
            "value": "RXVgxh41mGNAgHoXZdp9GDrRKF2VHqPi4Sv+StcAowJ4jMe+gWvZVF1Y6FPGWK6aMJtrn9D3OjQ3+AStFKSd8g==",
            "version": "8f198b51889a468fb0c9be449098ef18",
            "versionless_id": "https://kv-eedfa81f.vault.azure.net/secrets/STORAGE-ACCOUNT-KEY"
          },
          "sensitive_attributes": [
            [
              {
                "type": "get_attr",
                "value": "value"
              }
            ]
          ],
          "identity_schema_version": 0,
          "private": "eyJlMmJmYjczMC1lY2FhLTExZTYtOGY4OC0zNDM2M2JjN2M0YzAiOnsiY3JlYXRlIjoxODAwMDAwMDAwMDAwLCJkZWxldGUiOjE4MDAwMDAwMDAwMDAsInJlYWQiOjE4MDAwMDAwMDAwMDAsInVwZGF0ZSI6MTgwMDAwMDAwMDAwMH19",
          "dependencies": [
            "azurerm_cognitive_account.openai",
            "azurerm_key_vault.kv",
            "azurerm_key_vault_access_policy.api_kv_policy",
            "azurerm_linux_web_app.api",
            "azurerm_resource_group.rg",
            "azurerm_search_service.search",
            "azurerm_service_plan.plan",
            "azurerm_storage_account.sa",
            "data.azuread_client_config.current",
            "random_id.sa"
          ]
        }
      ]
    },
    {
      "mode": "managed",
      "type": "azurerm_linux_web_app",
      "name": "api",
      "provider": "provider[\"registry.terraform.io/hashicorp/azurerm\"]",
      "instances": [
        {
          "schema_version": 1,
          "attributes": {
            "app_settings": {
              "AZURE_OPENAI_DEPLOYMENT": "gpt4o-deployment",
              "AZURE_OPENAI_ENDPOINT": "https://eastus.api.cognitive.microsoft.com/",
              "AZURE_SEARCH_ENDPOINT": "https://sageinsure-search.search.windows.net",
              "AZURE_SEARCH_INDEX": "policy-index",
              "AZURE_SEARCH_KEY": "@Microsoft.KeyVault(VaultName=kv-eedfa81f;SecretName=AZURE-SEARCH-KEY)",
              "AZURE_SEARCH_SERVICE": "sageinsure-search",
              "AZURE_STORAGE_ACCOUNT": "policydocseedfa81f",
              "AZURE_STORAGE_ENDPOINT": "https://policydocseedfa81f.blob.core.windows.net/",
              "CUSTOMER_POLICY_CONTAINER": "customer-policy",
              "KEY_VAULT_NAME": "kv-eedfa81f",
              "KEY_VAULT_URL": "https://kv-eedfa81f.vault.azure.net/",
              "OPENAI_API_KEY": "@Microsoft.KeyVault(VaultName=kv-eedfa81f;SecretName=OPENAI-API-KEY)",
              "POLICY_DOCS_CONTAINER": "policy-docs",
              "PYTHONPATH": "/home/site/wwwroot",
              "STORAGE_CONNECTION_STRING": "@Microsoft.KeyVault(VaultName=kv-eedfa81f;SecretName=STORAGE-CONNECTION-STRING)",
              "WEBSITE_RUN_FROM_PACKAGE": "0"
            },
            "auth_settings": [],
            "auth_settings_v2": [],
            "backup": [],
            "client_affinity_enabled": false,
            "client_certificate_enabled": false,
            "client_certificate_exclusion_paths": "",
            "client_certificate_mode": "Required",
            "connection_string": [],
            "custom_domain_verification_id": "7D4BDC9F2BCE7859420CAB77A322D03FDBBC023DBF1255D06D682F917FCBECE7",
            "default_hostname": "sageinsure-api.azurewebsites.net",
            "enabled": true,
            "ftp_publish_basic_authentication_enabled": true,
            "hosting_environment_id": "",
            "https_only": true,
            "id": "/subscriptions/2bfa9715-785b-445f-8102-6a423a7495ef/resourceGroups/sageinsure-rg/providers/Microsoft.Web/sites/sageinsure-api",
            "identity": [
              {
                "identity_ids": [],
                "principal_id": "7b5b4f93-b70c-40bf-8019-cd107484e75d",
                "tenant_id": "e9394f90-446d-41dd-8c8c-98ac08c5f090",
                "type": "SystemAssigned"
              }
            ],
            "key_vault_reference_identity_id": "SystemAssigned",
            "kind": "app,linux",
            "location": "eastus",
            "logs": [],
            "name": "sageinsure-api",
            "outbound_ip_address_list": [
              "20.237.7.43",
              "20.237.7.49",
              "20.237.7.128",
              "20.237.7.153",
              "20.237.7.201",
              "20.237.7.221",
              "40.71.11.140"
            ],
            "outbound_ip_addresses": "20.237.7.43,20.237.7.49,20.237.7.128,20.237.7.153,20.237.7.201,20.237.7.221,40.71.11.140",
            "possible_outbound_ip_address_list": [
              "40.121.154.115",
              "13.82.228.43",
              "40.121.158.167",
              "40.117.44.182",
              "168.61.50.107",
              "40.121.80.139",
              "40.117.44.94",
              "23.96.53.166",
              "40.121.152.91",
              "20.237.7.43",
              "20.237.7.49",
              "20.237.7.128",
              "20.237.7.153",
              "20.237.7.201",
              "20.237.7.221",
              "20.246.144.9",
              "20.246.144.108",
              "20.246.144.117",
              "20.246.144.140",
              "20.246.144.145",
              "20.246.144.213",
              "40.71.11.140"
            ],
            "possible_outbound_ip_addresses": "40.121.154.115,13.82.228.43,40.121.158.167,40.117.44.182,168.61.50.107,40.121.80.139,40.117.44.94,23.96.53.166,40.121.152.91,20.237.7.43,20.237.7.49,20.237.7.128,20.237.7.153,20.237.7.201,20.237.7.221,20.246.144.9,20.246.144.108,20.246.144.117,20.246.144.140,20.246.144.145,20.246.144.213,40.71.11.140",
            "public_network_access_enabled": true,
            "resource_group_name": "sageinsure-rg",
            "service_plan_id": "/subscriptions/2bfa9715-785b-445f-8102-6a423a7495ef/resourceGroups/sageinsure-rg/providers/Microsoft.Web/serverFarms/sageinsure-api-plan",
            "site_config": [
              {
                "always_on": true,
                "api_definition_url": "",
                "api_management_api_id": "",
                "app_command_line": "gunicorn -w 4 -k uvicorn.workers.UvicornWorker app:app",
                "application_stack": [
                  {
                    "docker_image": "",
                    "docker_image_name": "",
                    "docker_image_tag": "",
                    "docker_registry_password": "",
                    "docker_registry_url": "",
                    "docker_registry_username": "",
                    "dotnet_version": "",
                    "go_version": "",
                    "java_server": "",
                    "java_server_version": "",
                    "java_version": "",
                    "node_version": "",
                    "php_version": "",
                    "python_version": "3.11",
                    "ruby_version": ""
                  }
                ],
                "auto_heal_enabled": false,
                "auto_heal_setting": [],
                "container_registry_managed_identity_client_id": "",
                "container_registry_use_managed_identity": false,
                "cors": [],
                "default_documents": [
                  "Default.htm",
                  "Default.html",
                  "Default.asp",
                  "index.htm",
                  "index.html",
                  "iisstart.htm",
                  "default.aspx",
                  "index.php",
                  "hostingstart.html"
                ],
                "detailed_error_logging_enabled": false,
                "ftps_state": "Disabled",
                "health_check_eviction_time_in_min": 0,
                "health_check_path": "",
                "http2_enabled": false,
                "ip_restriction": [],
                "ip_restriction_default_action": "Allow",
                "linux_fx_version": "PYTHON|3.11",
                "load_balancing_mode": "LeastRequests",
                "local_mysql_enabled": false,
                "managed_pipeline_mode": "Integrated",
                "minimum_tls_version": "1.2",
                "remote_debugging_enabled": false,
                "remote_debugging_version": "VS2022",
                "scm_ip_restriction": [],
                "scm_ip_restriction_default_action": "Allow",
                "scm_minimum_tls_version": "1.2",
                "scm_type": "None",
                "scm_use_main_ip_restriction": false,
                "use_32_bit_worker": true,
                "vnet_route_all_enabled": false,
                "websockets_enabled": false,
                "worker_count": 1
              }
            ],
            "site_credential": [
              {
                "name": "$sageinsure-api",
                "password": "aJJ0Bo0f3ZmmA37NwJsi2a3W3L4JkaXsLZb4EPBwGn4fSwtMiauwlw8jgrvM"
              }
            ],
            "sticky_settings": [],
            "storage_account": [],
            "tags": {},
            "timeouts": null,
            "virtual_network_subnet_id": "",
            "webdeploy_publish_basic_authentication_enabled": true,
            "zip_deploy_file": ""
          },
          "sensitive_attributes": [
            [
              {
                "type": "get_attr",
                "value": "custom_domain_verification_id"
              }
            ],
            [
              {
                "type": "get_attr",
                "value": "site_config"
              },
              {
                "type": "index",
                "value": {
                  "value": 0,
                  "type": "number"
                }
              },
              {
                "type": "get_attr",
                "value": "application_stack"
              },
              {
                "type": "index",
                "value": {
                  "value": 0,
                  "type": "number"
                }
              },
              {
                "type": "get_attr",
                "value": "docker_registry_password"
              }
            ],
            [
              {
                "type": "get_attr",
                "value": "site_credential"
              }
            ]
          ],
          "identity_schema_version": 0,
          "private": "eyJlMmJmYjczMC1lY2FhLTExZTYtOGY4OC0zNDM2M2JjN2M0YzAiOnsiY3JlYXRlIjoxODAwMDAwMDAwMDAwLCJkZWxldGUiOjE4MDAwMDAwMDAwMDAsInJlYWQiOjMwMDAwMDAwMDAwMCwidXBkYXRlIjoxODAwMDAwMDAwMDAwfSwic2NoZW1hX3ZlcnNpb24iOiIxIn0=",
          "dependencies": [
            "azurerm_cognitive_account.openai",
            "azurerm_key_vault.kv",
            "azurerm_resource_group.rg",
            "azurerm_search_service.search",
            "azurerm_service_plan.plan",
            "azurerm_storage_account.sa",
            "data.azuread_client_config.current",
            "random_id.sa"
          ]
        }
      ]
    },
    {
      "mode": "managed",
      "type": "azurerm_resource_group",
      "name": "rg",
      "provider": "provider[\"registry.terraform.io/hashicorp/azurerm\"]",
      "instances": [
        {
          "schema_version": 0,
          "attributes": {
            "id": "/subscriptions/2bfa9715-785b-445f-8102-6a423a7495ef/resourceGroups/sageinsure-rg",
            "location": "eastus",
            "managed_by": "",
            "name": "sageinsure-rg",
            "tags": {},
            "timeouts": null
          },
          "sensitive_attributes": [],
          "identity_schema_version": 0,
          "private": "eyJlMmJmYjczMC1lY2FhLTExZTYtOGY4OC0zNDM2M2JjN2M0YzAiOnsiY3JlYXRlIjo1NDAwMDAwMDAwMDAwLCJkZWxldGUiOjU0MDAwMDAwMDAwMDAsInJlYWQiOjMwMDAwMDAwMDAwMCwidXBkYXRlIjo1NDAwMDAwMDAwMDAwfX0="
        }
      ]
    },
    {
      "mode": "managed",
      "type": "azurerm_role_assignment",
      "name": "api_openai_user",
      "provider": "provider[\"registry.terraform.io/hashicorp/azurerm\"]",
      "instances": [
        {
          "schema_version": 0,
          "attributes": {
            "condition": "",
            "condition_version": "",
            "delegated_managed_identity_resource_id": "",
            "description": "",
            "id": "/subscriptions/2bfa9715-785b-445f-8102-6a423a7495ef/resourceGroups/sageinsure-rg/providers/Microsoft.CognitiveServices/accounts/sageinsure-openai/providers/Microsoft.Authorization/roleAssignments/4210d925-60c8-7d2d-b5a9-7e92c8950383",
            "name": "4210d925-60c8-7d2d-b5a9-7e92c8950383",
            "principal_id": "7b5b4f93-b70c-40bf-8019-cd107484e75d",
            "principal_type": "ServicePrincipal",
            "role_definition_id": "/subscriptions/2bfa9715-785b-445f-8102-6a423a7495ef/providers/Microsoft.Authorization/roleDefinitions/5e0bd9bd-7b93-4f28-af87-19fc36ad61bd",
            "role_definition_name": "Cognitive Services OpenAI User",
            "scope": "/subscriptions/2bfa9715-785b-445f-8102-6a423a7495ef/resourceGroups/sageinsure-rg/providers/Microsoft.CognitiveServices/accounts/sageinsure-openai",
            "skip_service_principal_aad_check": null,
            "timeouts": null
          },
          "sensitive_attributes": [],
          "identity_schema_version": 0,
          "private": "eyJlMmJmYjczMC1lY2FhLTExZTYtOGY4OC0zNDM2M2JjN2M0YzAiOnsiY3JlYXRlIjoxODAwMDAwMDAwMDAwLCJkZWxldGUiOjE4MDAwMDAwMDAwMDAsInJlYWQiOjMwMDAwMDAwMDAwMH19",
          "dependencies": [
            "azurerm_cognitive_account.openai",
            "azurerm_key_vault.kv",
            "azurerm_linux_web_app.api",
            "azurerm_resource_group.rg",
            "azurerm_search_service.search",
            "azurerm_service_plan.plan",
            "azurerm_storage_account.sa",
            "data.azuread_client_config.current",
            "random_id.sa"
          ]
        }
      ]
    },
    {
      "mode": "managed",
      "type": "azurerm_role_assignment",
      "name": "api_search_contributor",
      "provider": "provider[\"registry.terraform.io/hashicorp/azurerm\"]",
      "instances": [
        {
          "schema_version": 0,
          "attributes": {
            "condition": "",
            "condition_version": "",
            "delegated_managed_identity_resource_id": "",
            "description": "",
            "id": "/subscriptions/2bfa9715-785b-445f-8102-6a423a7495ef/resourceGroups/sageinsure-rg/providers/Microsoft.Search/searchServices/sageinsure-search/providers/Microsoft.Authorization/roleAssignments/d331bc0a-7d20-0a04-2fd9-a4c77fb1e5b7",
            "name": "d331bc0a-7d20-0a04-2fd9-a4c77fb1e5b7",
            "principal_id": "7b5b4f93-b70c-40bf-8019-cd107484e75d",
            "principal_type": "ServicePrincipal",
            "role_definition_id": "/subscriptions/2bfa9715-785b-445f-8102-6a423a7495ef/providers/Microsoft.Authorization/roleDefinitions/8ebe5a00-799e-43f5-93ac-243d3dce84a7",
            "role_definition_name": "Search Index Data Contributor",
            "scope": "/subscriptions/2bfa9715-785b-445f-8102-6a423a7495ef/resourceGroups/sageinsure-rg/providers/Microsoft.Search/searchServices/sageinsure-search",
            "skip_service_principal_aad_check": null,
            "timeouts": null
          },
          "sensitive_attributes": [],
          "identity_schema_version": 0,
          "private": "eyJlMmJmYjczMC1lY2FhLTExZTYtOGY4OC0zNDM2M2JjN2M0YzAiOnsiY3JlYXRlIjoxODAwMDAwMDAwMDAwLCJkZWxldGUiOjE4MDAwMDAwMDAwMDAsInJlYWQiOjMwMDAwMDAwMDAwMH19",
          "dependencies": [
            "azurerm_cognitive_account.openai",
            "azurerm_key_vault.kv",
            "azurerm_linux_web_app.api",
            "azurerm_resource_group.rg",
            "azurerm_search_service.search",
            "azurerm_service_plan.plan",
            "azurerm_storage_account.sa",
            "data.azuread_client_config.current",
            "random_id.sa"
          ]
        }
      ]
    },
    {
      "mode": "managed",
      "type": "azurerm_role_assignment",
      "name": "api_search_service",
      "provider": "provider[\"registry.terraform.io/hashicorp/azurerm\"]",
      "instances": [
        {
          "schema_version": 0,
          "attributes": {
            "condition": "",
            "condition_version": "",
            "delegated_managed_identity_resource_id": "",
            "description": "",
            "id": "/subscriptions/2bfa9715-785b-445f-8102-6a423a7495ef/resourceGroups/sageinsure-rg/providers/Microsoft.Search/searchServices/sageinsure-search/providers/Microsoft.Authorization/roleAssignments/95bbf9f1-b832-ecab-589b-e2900b78f739",
            "name": "95bbf9f1-b832-ecab-589b-e2900b78f739",
            "principal_id": "7b5b4f93-b70c-40bf-8019-cd107484e75d",
            "principal_type": "ServicePrincipal",
            "role_definition_id": "/subscriptions/2bfa9715-785b-445f-8102-6a423a7495ef/providers/Microsoft.Authorization/roleDefinitions/7ca78c08-252a-4471-8644-bb5ff32d4ba0",
            "role_definition_name": "Search Service Contributor",
            "scope": "/subscriptions/2bfa9715-785b-445f-8102-6a423a7495ef/resourceGroups/sageinsure-rg/providers/Microsoft.Search/searchServices/sageinsure-search",
            "skip_service_principal_aad_check": null,
            "timeouts": null
          },
          "sensitive_attributes": [],
          "identity_schema_version": 0,
          "private": "eyJlMmJmYjczMC1lY2FhLTExZTYtOGY4OC0zNDM2M2JjN2M0YzAiOnsiY3JlYXRlIjoxODAwMDAwMDAwMDAwLCJkZWxldGUiOjE4MDAwMDAwMDAwMDAsInJlYWQiOjMwMDAwMDAwMDAwMH19",
          "dependencies": [
            "azurerm_cognitive_account.openai",
            "azurerm_key_vault.kv",
            "azurerm_linux_web_app.api",
            "azurerm_resource_group.rg",
            "azurerm_search_service.search",
            "azurerm_service_plan.plan",
            "azurerm_storage_account.sa",
            "data.azuread_client_config.current",
            "random_id.sa"
          ]
        }
      ]
    },
    {
      "mode": "managed",
      "type": "azurerm_role_assignment",
      "name": "api_storage_blob",
      "provider": "provider[\"registry.terraform.io/hashicorp/azurerm\"]",
      "instances": [
        {
          "schema_version": 0,
          "attributes": {
            "condition": "",
            "condition_version": "",
            "delegated_managed_identity_resource_id": "",
            "description": "",
            "id": "/subscriptions/2bfa9715-785b-445f-8102-6a423a7495ef/resourceGroups/sageinsure-rg/providers/Microsoft.Storage/storageAccounts/policydocseedfa81f/providers/Microsoft.Authorization/roleAssignments/f57d6a7e-ae99-209d-d672-74ed9b636673",
            "name": "f57d6a7e-ae99-209d-d672-74ed9b636673",
            "principal_id": "7b5b4f93-b70c-40bf-8019-cd107484e75d",
            "principal_type": "ServicePrincipal",
            "role_definition_id": "/subscriptions/2bfa9715-785b-445f-8102-6a423a7495ef/providers/Microsoft.Authorization/roleDefinitions/ba92f5b4-2d11-453d-a403-e96b0029c9fe",
            "role_definition_name": "Storage Blob Data Contributor",
            "scope": "/subscriptions/2bfa9715-785b-445f-8102-6a423a7495ef/resourceGroups/sageinsure-rg/providers/Microsoft.Storage/storageAccounts/policydocseedfa81f",
            "skip_service_principal_aad_check": null,
            "timeouts": null
          },
          "sensitive_attributes": [],
          "identity_schema_version": 0,
          "private": "eyJlMmJmYjczMC1lY2FhLTExZTYtOGY4OC0zNDM2M2JjN2M0YzAiOnsiY3JlYXRlIjoxODAwMDAwMDAwMDAwLCJkZWxldGUiOjE4MDAwMDAwMDAwMDAsInJlYWQiOjMwMDAwMDAwMDAwMH19",
          "dependencies": [
            "azurerm_cognitive_account.openai",
            "azurerm_key_vault.kv",
            "azurerm_linux_web_app.api",
            "azurerm_resource_group.rg",
            "azurerm_search_service.search",
            "azurerm_service_plan.plan",
            "azurerm_storage_account.sa",
            "data.azuread_client_config.current",
            "random_id.sa"
          ]
        }
      ]
    },
    {
      "mode": "managed",
      "type": "azurerm_search_service",
      "name": "search",
      "provider": "provider[\"registry.terraform.io/hashicorp/azurerm\"]",
      "instances": [
        {
          "schema_version": 0,
          "attributes": {
            "allowed_ips": [],
            "authentication_failure_mode": "",
            "customer_managed_key_enforcement_enabled": false,
            "hosting_mode": "default",
            "id": "/subscriptions/2bfa9715-785b-445f-8102-6a423a7495ef/resourceGroups/sageinsure-rg/providers/Microsoft.Search/searchServices/sageinsure-search",
            "identity": [],
            "local_authentication_enabled": true,
            "location": "eastus",
            "name": "sageinsure-search",
            "partition_count": 1,
            "primary_key": "DYvM0ODN7nEkVxoBy7KtHsCKYcxH6DtUvfg3fQzlO8AzSeBsKgjX",
            "public_network_access_enabled": true,
            "query_keys": [
              {
                "key": "GKx9pbUlECpMhnJMLcnlZmSoQlKqCuF14Xd6lkYwWkAzSeDUEKOa",
                "name": ""
              }
            ],
            "replica_count": 1,
            "resource_group_name": "sageinsure-rg",
            "secondary_key": "3lKpSxtp0lMFTUZskcF4M8Lh9wXnaVI2TneipVLcxMAzSeBsSHgf",
            "semantic_search_sku": "",
            "sku": "standard",
            "tags": {},
            "timeouts": null
          },
          "sensitive_attributes": [
            [
              {
                "type": "get_attr",
                "value": "primary_key"
              }
            ],
            [
              {
                "type": "get_attr",
                "value": "secondary_key"
              }
            ]
          ],
          "identity_schema_version": 0,
          "private": "eyJlMmJmYjczMC1lY2FhLTExZTYtOGY4OC0zNDM2M2JjN2M0YzAiOnsiY3JlYXRlIjozNjAwMDAwMDAwMDAwLCJkZWxldGUiOjM2MDAwMDAwMDAwMDAsInJlYWQiOjMwMDAwMDAwMDAwMCwidXBkYXRlIjozNjAwMDAwMDAwMDAwfX0=",
          "dependencies": [
            "azurerm_resource_group.rg"
          ]
        }
      ]
    },
    {
      "mode": "managed",
      "type": "azurerm_service_plan",
      "name": "plan",
      "provider": "provider[\"registry.terraform.io/hashicorp/azurerm\"]",
      "instances": [
        {
          "schema_version": 1,
          "attributes": {
            "app_service_environment_id": "",
            "id": "/subscriptions/2bfa9715-785b-445f-8102-6a423a7495ef/resourceGroups/sageinsure-rg/providers/Microsoft.Web/serverFarms/sageinsure-api-plan",
            "kind": "linux",
            "location": "eastus",
            "maximum_elastic_worker_count": 1,
            "name": "sageinsure-api-plan",
            "os_type": "Linux",
            "per_site_scaling_enabled": false,
            "reserved": true,
            "resource_group_name": "sageinsure-rg",
            "sku_name": "P1v3",
            "tags": {},
            "timeouts": null,
            "worker_count": 1,
            "zone_balancing_enabled": false
          },
          "sensitive_attributes": [],
          "identity_schema_version": 0,
          "private": "eyJlMmJmYjczMC1lY2FhLTExZTYtOGY4OC0zNDM2M2JjN2M0YzAiOnsiY3JlYXRlIjozNjAwMDAwMDAwMDAwLCJkZWxldGUiOjM2MDAwMDAwMDAwMDAsInJlYWQiOjMwMDAwMDAwMDAwMCwidXBkYXRlIjozNjAwMDAwMDAwMDAwfSwic2NoZW1hX3ZlcnNpb24iOiIxIn0=",
          "dependencies": [
            "azurerm_resource_group.rg"
          ]
        }
      ]
    },
    {
      "mode": "managed",
      "type": "azurerm_storage_account",
      "name": "sa",
      "provider": "provider[\"registry.terraform.io/hashicorp/azurerm\"]",
      "instances": [
        {
          "schema_version": 4,
          "attributes": {
            "access_tier": "Hot",
            "account_kind": "StorageV2",
            "account_replication_type": "LRS",
            "account_tier": "Standard",
            "allow_nested_items_to_be_public": true,
            "allowed_copy_scope": "",
            "azure_files_authentication": [],
            "blob_properties": [
              {
                "change_feed_enabled": false,
                "change_feed_retention_in_days": 0,
                "container_delete_retention_policy": [],
                "cors_rule": [],
                "default_service_version": "",
                "delete_retention_policy": [],
                "last_access_time_enabled": false,
                "restore_policy": [],
                "versioning_enabled": false
              }
            ],
            "cross_tenant_replication_enabled": true,
            "custom_domain": [],
            "customer_managed_key": [],
            "default_to_oauth_authentication": false,
            "dns_endpoint_type": "Standard",
            "edge_zone": "",
            "enable_https_traffic_only": true,
            "https_traffic_only_enabled": true,
            "id": "/subscriptions/2bfa9715-785b-445f-8102-6a423a7495ef/resourceGroups/sageinsure-rg/providers/Microsoft.Storage/storageAccounts/policydocseedfa81f",
            "identity": [],
            "immutability_policy": [],
            "infrastructure_encryption_enabled": false,
            "is_hns_enabled": false,
            "large_file_share_enabled": false,
            "local_user_enabled": true,
            "location": "eastus",
            "min_tls_version": "TLS1_2",
            "name": "policydocseedfa81f",
            "network_rules": [],
            "nfsv3_enabled": false,
            "primary_access_key": "RXVgxh41mGNAgHoXZdp9GDrRKF2VHqPi4Sv+StcAowJ4jMe+gWvZVF1Y6FPGWK6aMJtrn9D3OjQ3+AStFKSd8g==",
            "primary_blob_connection_string": "DefaultEndpointsProtocol=https;BlobEndpoint=https://policydocseedfa81f.blob.core.windows.net/;AccountName=policydocseedfa81f;AccountKey=RXVgxh41mGNAgHoXZdp9GDrRKF2VHqPi4Sv+StcAowJ4jMe+gWvZVF1Y6FPGWK6aMJtrn9D3OjQ3+AStFKSd8g==",
            "primary_blob_endpoint": "https://policydocseedfa81f.blob.core.windows.net/",
            "primary_blob_host": "policydocseedfa81f.blob.core.windows.net",
            "primary_blob_internet_endpoint": "",
            "primary_blob_internet_host": "",
            "primary_blob_microsoft_endpoint": "",
            "primary_blob_microsoft_host": "",
            "primary_connection_string": "DefaultEndpointsProtocol=https;AccountName=policydocseedfa81f;AccountKey=RXVgxh41mGNAgHoXZdp9GDrRKF2VHqPi4Sv+StcAowJ4jMe+gWvZVF1Y6FPGWK6aMJtrn9D3OjQ3+AStFKSd8g==;EndpointSuffix=core.windows.net",
            "primary_dfs_endpoint": "https://policydocseedfa81f.dfs.core.windows.net/",
            "primary_dfs_host": "policydocseedfa81f.dfs.core.windows.net",
            "primary_dfs_internet_endpoint": "",
            "primary_dfs_internet_host": "",
            "primary_dfs_microsoft_endpoint": "",
            "primary_dfs_microsoft_host": "",
            "primary_file_endpoint": "https://policydocseedfa81f.file.core.windows.net/",
            "primary_file_host": "policydocseedfa81f.file.core.windows.net",
            "primary_file_internet_endpoint": "",
            "primary_file_internet_host": "",
            "primary_file_microsoft_endpoint": "",
            "primary_file_microsoft_host": "",
            "primary_location": "eastus",
            "primary_queue_endpoint": "https://policydocseedfa81f.queue.core.windows.net/",
            "primary_queue_host": "policydocseedfa81f.queue.core.windows.net",
            "primary_queue_microsoft_endpoint": "",
            "primary_queue_microsoft_host": "",
            "primary_table_endpoint": "https://policydocseedfa81f.table.core.windows.net/",
            "primary_table_host": "policydocseedfa81f.table.core.windows.net",
            "primary_table_microsoft_endpoint": "",
            "primary_table_microsoft_host": "",
            "primary_web_endpoint": "https://policydocseedfa81f.z13.web.core.windows.net/",
            "primary_web_host": "policydocseedfa81f.z13.web.core.windows.net",
            "primary_web_internet_endpoint": "",
            "primary_web_internet_host": "",
            "primary_web_microsoft_endpoint": "",
            "primary_web_microsoft_host": "",
            "public_network_access_enabled": true,
            "queue_encryption_key_type": "Service",
            "queue_properties": [
              {
                "cors_rule": [],
                "hour_metrics": [
                  {
                    "enabled": false,
                    "include_apis": false,
                    "retention_policy_days": 0,
                    "version": "1.0"
                  }
                ],
                "logging": [
                  {
                    "delete": false,
                    "read": false,
                    "retention_policy_days": 0,
                    "version": "1.0",
                    "write": false
                  }
                ],
                "minute_metrics": [
                  {
                    "enabled": false,
                    "include_apis": false,
                    "retention_policy_days": 0,
                    "version": "1.0"
                  }
                ]
              }
            ],
            "resource_group_name": "sageinsure-rg",
            "routing": [],
            "sas_policy": [],
            "secondary_access_key": "yLExsVVHfwL3KL5yfCNFZjK7vyJ6YcJ6DJUHgAMmjade57Pn4KrgNulPMHOLguW0/eEeLMrOAx/Y+AStWfWW+A==",
            "secondary_blob_connection_string": "",
            "secondary_blob_endpoint": "",
            "secondary_blob_host": "",
            "secondary_blob_internet_endpoint": "",
            "secondary_blob_internet_host": "",
            "secondary_blob_microsoft_endpoint": "",
            "secondary_blob_microsoft_host": "",
            "secondary_connection_string": "DefaultEndpointsProtocol=https;AccountName=policydocseedfa81f;AccountKey=yLExsVVHfwL3KL5yfCNFZjK7vyJ6YcJ6DJUHgAMmjade57Pn4KrgNulPMHOLguW0/eEeLMrOAx/Y+AStWfWW+A==;EndpointSuffix=core.windows.net",
            "secondary_dfs_endpoint": "",
            "secondary_dfs_host": "",
            "secondary_dfs_internet_endpoint": "",
            "secondary_dfs_internet_host": "",
            "secondary_dfs_microsoft_endpoint": "",
            "secondary_dfs_microsoft_host": "",
            "secondary_file_endpoint": "",
            "secondary_file_host": "",
            "secondary_file_internet_endpoint": "",
            "secondary_file_internet_host": "",
            "secondary_file_microsoft_endpoint": "",
            "secondary_file_microsoft_host": "",
            "secondary_location": "",
            "secondary_queue_endpoint": "",
            "secondary_queue_host": "",
            "secondary_queue_microsoft_endpoint": "",
            "secondary_queue_microsoft_host": "",
            "secondary_table_endpoint": "",
            "secondary_table_host": "",
            "secondary_table_microsoft_endpoint": "",
            "secondary_table_microsoft_host": "",
            "secondary_web_endpoint": "",
            "secondary_web_host": "",
            "secondary_web_internet_endpoint": "",
            "secondary_web_internet_host": "",
            "secondary_web_microsoft_endpoint": "",
            "secondary_web_microsoft_host": "",
            "sftp_enabled": false,
            "share_properties": [
              {
                "cors_rule": [],
                "retention_policy": [
                  {
                    "days": 7
                  }
                ],
                "smb": []
              }
            ],
            "shared_access_key_enabled": true,
            "static_website": [],
            "table_encryption_key_type": "Service",
            "tags": {},
            "timeouts": null
          },
          "sensitive_attributes": [
            [
              {
                "type": "get_attr",
                "value": "primary_access_key"
              }
            ],
            [
              {
                "type": "get_attr",
                "value": "primary_blob_connection_string"
              }
            ],
            [
              {
                "type": "get_attr",
                "value": "primary_connection_string"
              }
            ],
            [
              {
                "type": "get_attr",
                "value": "secondary_access_key"
              }
            ],
            [
              {
                "type": "get_attr",
                "value": "secondary_blob_connection_string"
              }
            ],
            [
              {
                "type": "get_attr",
                "value": "secondary_connection_string"
              }
            ]
          ],
          "identity_schema_version": 0,
          "private": "eyJlMmJmYjczMC1lY2FhLTExZTYtOGY4OC0zNDM2M2JjN2M0YzAiOnsiY3JlYXRlIjozNjAwMDAwMDAwMDAwLCJkZWxldGUiOjM2MDAwMDAwMDAwMDAsInJlYWQiOjMwMDAwMDAwMDAwMCwidXBkYXRlIjozNjAwMDAwMDAwMDAwfSwic2NoZW1hX3ZlcnNpb24iOiI0In0=",
          "dependencies": [
            "azurerm_resource_group.rg",
            "random_id.sa"
          ]
        }
      ]
    },
    {
      "mode": "managed",
      "type": "azurerm_storage_blob",
      "name": "sample_auto_policy",
      "provider": "provider[\"registry.terraform.io/hashicorp/azurerm\"]",
      "instances": [
        {
          "schema_version": 1,
          "attributes": {
            "access_tier": "Hot",
            "cache_control": "",
            "content_md5": "",
            "content_type": "application/octet-stream",
            "encryption_scope": "",
            "id": "https://policydocseedfa81f.blob.core.windows.net/policy-docs/auto-policy-template.json",
            "metadata": {},
            "name": "auto-policy-template.json",
            "parallelism": 8,
            "size": 0,
            "source": null,
            "source_content": "{\"category\":\"Auto\",\"content\":\"Comprehensive auto insurance policy covering liability, collision, comprehensive, and uninsured motorist protection. Includes coverage for bodily injury, property damage, medical payments, and rental car reimbursement. Deductibles and limits vary by coverage selection.\",\"coverageTypes\":[\"Liability\",\"Collision\",\"Comprehensive\",\"Uninsured Motorist\"],\"effectiveDate\":\"2024-01-01T00:00:00Z\",\"id\":\"auto-001\",\"policyLimits\":{\"collision\":\"$50,000\",\"comprehensive\":\"$50,000\",\"liability\":\"$500,000\"},\"title\":\"Auto Insurance Policy Template\"}",
            "source_uri": null,
            "storage_account_name": "policydocseedfa81f",
            "storage_container_name": "policy-docs",
            "timeouts": null,
            "type": "Block",
            "url": "https://policydocseedfa81f.blob.core.windows.net/policy-docs/auto-policy-template.json"
          },
          "sensitive_attributes": [],
          "identity_schema_version": 0,
          "private": "eyJlMmJmYjczMC1lY2FhLTExZTYtOGY4OC0zNDM2M2JjN2M0YzAiOnsiY3JlYXRlIjoxODAwMDAwMDAwMDAwLCJkZWxldGUiOjE4MDAwMDAwMDAwMDAsInJlYWQiOjMwMDAwMDAwMDAwMCwidXBkYXRlIjoxODAwMDAwMDAwMDAwfSwic2NoZW1hX3ZlcnNpb24iOiIxIn0=",
          "dependencies": [
            "azurerm_resource_group.rg",
            "azurerm_storage_account.sa",
            "azurerm_storage_container.policy_docs",
            "random_id.sa"
          ]
        }
      ]
    },
    {
      "mode": "managed",
      "type": "azurerm_storage_blob",
      "name": "sample_marine_policy",
      "provider": "provider[\"registry.terraform.io/hashicorp/azurerm\"]",
      "instances": [
        {
          "schema_version": 1,
          "attributes": {
            "access_tier": "Hot",
            "cache_control": "",
            "content_md5": "",
            "content_type": "application/octet-stream",
            "encryption_scope": "",
            "id": "https://policydocseedfa81f.blob.core.windows.net/policy-docs/marine-policy-template.json",
            "metadata": {},
            "name": "marine-policy-template.json",
            "parallelism": 8,
            "size": 0,
            "source": null,
            "source_content": "{\"category\":\"Marine\",\"content\":\"This marine insurance policy covers vessels, cargo, and marine liabilities. Coverage includes hull damage, machinery breakdown, collision liability, and cargo loss or damage during transit. Policy limits apply based on vessel value and cargo type. Deductibles vary by coverage type.\",\"coverageTypes\":[\"Hull\",\"Machinery\",\"Cargo\",\"Liability\"],\"effectiveDate\":\"2024-01-01T00:00:00Z\",\"id\":\"marine-001\",\"policyLimits\":{\"cargo\":\"$2,000,000\",\"hull\":\"$5,000,000\",\"liability\":\"$10,000,000\"},\"title\":\"Marine Insurance Policy Template\"}",
            "source_uri": null,
            "storage_account_name": "policydocseedfa81f",
            "storage_container_name": "policy-docs",
            "timeouts": null,
            "type": "Block",
            "url": "https://policydocseedfa81f.blob.core.windows.net/policy-docs/marine-policy-template.json"
          },
          "sensitive_attributes": [],
          "identity_schema_version": 0,
          "private": "eyJlMmJmYjczMC1lY2FhLTExZTYtOGY4OC0zNDM2M2JjN2M0YzAiOnsiY3JlYXRlIjoxODAwMDAwMDAwMDAwLCJkZWxldGUiOjE4MDAwMDAwMDAwMDAsInJlYWQiOjMwMDAwMDAwMDAwMCwidXBkYXRlIjoxODAwMDAwMDAwMDAwfSwic2NoZW1hX3ZlcnNpb24iOiIxIn0=",
          "dependencies": [
            "azurerm_resource_group.rg",
            "azurerm_storage_account.sa",
            "azurerm_storage_container.policy_docs",
            "random_id.sa"
          ]
        }
      ]
    },
    {
      "mode": "managed",
      "type": "azurerm_storage_blob",
      "name": "sample_property_policy",
      "provider": "provider[\"registry.terraform.io/hashicorp/azurerm\"]",
      "instances": [
        {
          "schema_version": 1,
          "attributes": {
            "access_tier": "Hot",
            "cache_control": "",
            "content_md5": "",
            "content_type": "application/octet-stream",
            "encryption_scope": "",
            "id": "https://policydocseedfa81f.blob.core.windows.net/policy-docs/property-policy-template.json",
            "metadata": {},
            "name": "property-policy-template.json",
            "parallelism": 8,
            "size": 0,
            "source": null,
            "source_content": "{\"category\":\"Property\",\"content\":\"Property insurance covering residential and commercial buildings, contents, and business interruption. Protection against fire, theft, vandalism, natural disasters, and liability claims. Coverage includes replacement cost for buildings and personal property.\",\"coverageTypes\":[\"Building\",\"Contents\",\"Liability\",\"Business Interruption\"],\"effectiveDate\":\"2024-01-01T00:00:00Z\",\"id\":\"property-001\",\"policyLimits\":{\"building\":\"$1,000,000\",\"contents\":\"$500,000\",\"liability\":\"$2,000,000\"},\"title\":\"Property Insurance Policy Template\"}",
            "source_uri": null,
            "storage_account_name": "policydocseedfa81f",
            "storage_container_name": "policy-docs",
            "timeouts": null,
            "type": "Block",
            "url": "https://policydocseedfa81f.blob.core.windows.net/policy-docs/property-policy-template.json"
          },
          "sensitive_attributes": [],
          "identity_schema_version": 0,
          "private": "eyJlMmJmYjczMC1lY2FhLTExZTYtOGY4OC0zNDM2M2JjN2M0YzAiOnsiY3JlYXRlIjoxODAwMDAwMDAwMDAwLCJkZWxldGUiOjE4MDAwMDAwMDAwMDAsInJlYWQiOjMwMDAwMDAwMDAwMCwidXBkYXRlIjoxODAwMDAwMDAwMDAwfSwic2NoZW1hX3ZlcnNpb24iOiIxIn0=",
          "dependencies": [
            "azurerm_resource_group.rg",
            "azurerm_storage_account.sa",
            "azurerm_storage_container.policy_docs",
            "random_id.sa"
          ]
        }
      ]
    },
    {
      "mode": "managed",
      "type": "azurerm_storage_container",
      "name": "customer_policy",
      "provider": "provider[\"registry.terraform.io/hashicorp/azurerm\"]",
      "instances": [
        {
          "schema_version": 1,
          "attributes": {
            "container_access_type": "private",
            "default_encryption_scope": "$account-encryption-key",
            "encryption_scope_override_enabled": true,
            "has_immutability_policy": false,
            "has_legal_hold": false,
            "id": "https://policydocseedfa81f.blob.core.windows.net/customer-policy",
            "metadata": {},
            "name": "customer-policy",
            "resource_manager_id": "/subscriptions/2bfa9715-785b-445f-8102-6a423a7495ef/resourceGroups/sageinsure-rg/providers/Microsoft.Storage/storageAccounts/policydocseedfa81f/blobServices/default/containers/customer-policy",
            "storage_account_name": "policydocseedfa81f",
            "timeouts": null
          },
          "sensitive_attributes": [],
          "identity_schema_version": 0,
          "private": "eyJlMmJmYjczMC1lY2FhLTExZTYtOGY4OC0zNDM2M2JjN2M0YzAiOnsiY3JlYXRlIjoxODAwMDAwMDAwMDAwLCJkZWxldGUiOjE4MDAwMDAwMDAwMDAsInJlYWQiOjMwMDAwMDAwMDAwMCwidXBkYXRlIjoxODAwMDAwMDAwMDAwfSwic2NoZW1hX3ZlcnNpb24iOiIxIn0=",
          "dependencies": [
            "azurerm_resource_group.rg",
            "azurerm_storage_account.sa",
            "random_id.sa"
          ]
        }
      ]
    },
    {
      "mode": "managed",
      "type": "azurerm_storage_container",
      "name": "policy_docs",
      "provider": "provider[\"registry.terraform.io/hashicorp/azurerm\"]",
      "instances": [
        {
          "schema_version": 1,
          "attributes": {
            "container_access_type": "private",
            "default_encryption_scope": "$account-encryption-key",
            "encryption_scope_override_enabled": true,
            "has_immutability_policy": false,
            "has_legal_hold": false,
            "id": "https://policydocseedfa81f.blob.core.windows.net/policy-docs",
            "metadata": {},
            "name": "policy-docs",
            "resource_manager_id": "/subscriptions/2bfa9715-785b-445f-8102-6a423a7495ef/resourceGroups/sageinsure-rg/providers/Microsoft.Storage/storageAccounts/policydocseedfa81f/blobServices/default/containers/policy-docs",
            "storage_account_name": "policydocseedfa81f",
            "timeouts": null
          },
          "sensitive_attributes": [],
          "identity_schema_version": 0,
          "private": "eyJlMmJmYjczMC1lY2FhLTExZTYtOGY4OC0zNDM2M2JjN2M0YzAiOnsiY3JlYXRlIjoxODAwMDAwMDAwMDAwLCJkZWxldGUiOjE4MDAwMDAwMDAwMDAsInJlYWQiOjMwMDAwMDAwMDAwMCwidXBkYXRlIjoxODAwMDAwMDAwMDAwfSwic2NoZW1hX3ZlcnNpb24iOiIxIn0=",
          "dependencies": [
            "azurerm_resource_group.rg",
            "azurerm_storage_account.sa",
            "random_id.sa"
          ]
        }
      ]
    },
    {
      "mode": "managed",
      "type": "null_resource",
      "name": "policy_index",
      "provider": "provider[\"registry.terraform.io/hashicorp/null\"]",
      "instances": [
        {
          "schema_version": 0,
          "attributes": {
            "id": "2547587085678159445",
            "triggers": null
          },
          "sensitive_attributes": [],
          "identity_schema_version": 0,
          "dependencies": [
            "azurerm_resource_group.rg",
            "azurerm_search_service.search"
          ]
        }
      ]
    },
    {
      "mode": "managed",
      "type": "null_resource",
      "name": "policy_semantic_config",
      "provider": "provider[\"registry.terraform.io/hashicorp/null\"]",
      "instances": [
        {
          "schema_version": 0,
          "attributes": {
            "id": "3308222306187641566",
            "triggers": null
          },
          "sensitive_attributes": [],
          "identity_schema_version": 0,
          "dependencies": [
            "azurerm_resource_group.rg",
            "azurerm_search_service.search",
            "null_resource.policy_index"
          ]
        }
      ]
    },
    {
      "mode": "managed",
      "type": "random_id",
      "name": "sa",
      "provider": "provider[\"registry.terraform.io/hashicorp/random\"]",
      "instances": [
        {
          "schema_version": 0,
          "attributes": {
            "b64_std": "7t+oHw==",
            "b64_url": "7t-oHw",
            "byte_length": 4,
            "dec": "4007634975",
            "hex": "eedfa81f",
            "id": "7t-oHw",
            "keepers": null,
            "prefix": null
          },
          "sensitive_attributes": [],
          "identity_schema_version": 0
        }
      ]
    }
  ],
  "check_results": null
}
