{
  "version": 4,
  "terraform_version": "1.13.0",
  "serial": 225,
  "lineage": "25ff2744-a7ef-e91e-27e4-e40646a89af5",
  "outputs": {
    "aks_cluster_endpoint": {
      "value": "https://sageinsure-bgchoyio.hcp.eastus.azmk8s.io:443",
      "type": "string",
      "sensitive": true
    },
    "aks_cluster_fqdn": {
      "value": "sageinsure-bgchoyio.hcp.eastus.azmk8s.io",
      "type": "string"
    },
    "aks_cluster_name": {
      "value": "sageinsure-aks",
      "type": "string"
    },
    "aks_subnet_name": {
      "value": "aks-subnet",
      "type": "string"
    },
    "api_app_url": {
      "value": "sageinsure-api.azurewebsites.net",
      "type": "string"
    },
    "app_client_id": {
      "value": "64711f87-c0c9-4e4d-af58-78c4e09331a6",
      "type": "string"
    },
    "ingress_class_name": {
      "value": "nginx",
      "type": "string"
    },
    "key_vault_name": {
      "value": "kv-eedfa81f",
      "type": "string"
    },
    "letsencrypt_issuer_name": {
      "value": "letsencrypt-prod",
      "type": "string"
    },
    "openai_account_name": {
      "value": "sageinsure-openai",
      "type": "string"
    },
    "openai_deployment": {
      "value": "gpt4o-deployment",
      "type": "string"
    },
    "openai_endpoint": {
      "value": "https://eastus.api.cognitive.microsoft.com/",
      "type": "string"
    },
    "resource_group": {
      "value": "sageinsure-rg",
      "type": "string"
    },
    "search_service_name": {
      "value": "sageinsure-search",
      "type": "string"
    },
    "storage_account": {
      "value": "policydocseedfa81f",
      "type": "string"
    },
    "vnet_name": {
      "value": "sageinsure-vnet",
      "type": "string"
    },
    "workload_identity_client_id": {
      "value": "e963ea14-9c63-4a32-b455-0b4047604b99",
      "type": "string"
    }
  },
  "resources": [
    {
      "mode": "data",
      "type": "azuread_client_config",
      "name": "current",
      "provider": "provider[\"registry.terraform.io/hashicorp/azuread\"]",
      "instances": [
        {
          "schema_version": 0,
          "attributes": {
            "client_id": "04b07795-8ddb-461a-bbee-02f9e1bf7b46",
            "id": "e9394f90-446d-41dd-8c8c-98ac08c5f090-04b07795-8ddb-461a-bbee-02f9e1bf7b46-8fc54eca-22d7-4ccb-8f13-be2e0bea84f5",
            "object_id": "8fc54eca-22d7-4ccb-8f13-be2e0bea84f5",
            "tenant_id": "e9394f90-446d-41dd-8c8c-98ac08c5f090",
            "timeouts": null
          },
          "sensitive_attributes": [],
          "identity_schema_version": 0
        }
      ]
    },
    {
      "mode": "data",
      "type": "azurerm_cognitive_account",
      "name": "existing_openai",
      "provider": "provider[\"registry.terraform.io/hashicorp/azurerm\"]",
      "instances": [
        {
          "schema_version": 0,
          "attributes": {
            "endpoint": "https://eastus.api.cognitive.microsoft.com/",
            "id": "/subscriptions/2bfa9715-785b-445f-8102-6a423a7495ef/resourceGroups/sageinsure-rg/providers/Microsoft.CognitiveServices/accounts/sageinsure-openai",
            "identity": [],
            "kind": "OpenAI",
            "location": "eastus",
            "name": "sageinsure-openai",
            "primary_access_key": "172068a0b5a348efa948c8339cca0329",
            "qna_runtime_endpoint": "",
            "resource_group_name": "sageinsure-rg",
            "secondary_access_key": "6935b81b69d642d489ce427dc49b1fff",
            "sku_name": "S0",
            "tags": {},
            "timeouts": null
          },
          "sensitive_attributes": [
            [
              {
                "type": "get_attr",
                "value": "primary_access_key"
              }
            ],
            [
              {
                "type": "get_attr",
                "value": "secondary_access_key"
              }
            ]
          ],
          "identity_schema_version": 0
        }
      ]
    },
    {
      "mode": "data",
      "type": "azurerm_key_vault",
      "name": "existing",
      "provider": "provider[\"registry.terraform.io/hashicorp/azurerm\"]",
      "instances": [
        {
          "schema_version": 0,
          "attributes": {
            "access_policy": [
              {
                "application_id": "",
                "certificate_permissions": [],
                "key_permissions": [],
                "object_id": "8fc54eca-22d7-4ccb-8f13-be2e0bea84f5",
                "secret_permissions": [
                  "Get",
                  "List",
                  "Set",
                  "Delete"
                ],
                "storage_permissions": [],
                "tenant_id": "e9394f90-446d-41dd-8c8c-98ac08c5f090"
              },
              {
                "application_id": "",
                "certificate_permissions": [
                  "Get",
                  "List"
                ],
                "key_permissions": [],
                "object_id": "51c978ba-0ce1-4e60-a794-b37df39546f0",
                "secret_permissions": [
                  "Get",
                  "List"
                ],
                "storage_permissions": [],
                "tenant_id": "e9394f90-446d-41dd-8c8c-98ac08c5f090"
              },
              {
                "application_id": "",
                "certificate_permissions": [
                  "Get",
                  "List"
                ],
                "key_permissions": [
                  "Get",
                  "List"
                ],
                "object_id": "c262a3e8-5c01-410e-9afd-624f785b8be4",
                "secret_permissions": [
                  "Get",
                  "List"
                ],
                "storage_permissions": [],
                "tenant_id": "e9394f90-446d-41dd-8c8c-98ac08c5f090"
              }
            ],
            "enable_rbac_authorization": false,
            "enabled_for_deployment": false,
            "enabled_for_disk_encryption": false,
            "enabled_for_template_deployment": false,
            "id": "/subscriptions/2bfa9715-785b-445f-8102-6a423a7495ef/resourceGroups/sageinsure-rg/providers/Microsoft.KeyVault/vaults/kv-eedfa81f",
            "location": "eastus",
            "name": "kv-eedfa81f",
            "network_acls": [],
            "public_network_access_enabled": true,
            "purge_protection_enabled": false,
            "resource_group_name": "sageinsure-rg",
            "sku_name": "standard",
            "tags": {},
            "tenant_id": "e9394f90-446d-41dd-8c8c-98ac08c5f090",
            "timeouts": null,
            "vault_uri": "https://kv-eedfa81f.vault.azure.net/"
          },
          "sensitive_attributes": [],
          "identity_schema_version": 0
        }
      ]
    },
    {
      "mode": "data",
      "type": "azurerm_resource_group",
      "name": "existing",
      "provider": "provider[\"registry.terraform.io/hashicorp/azurerm\"]",
      "instances": [
        {
          "schema_version": 0,
          "attributes": {
            "id": "/subscriptions/2bfa9715-785b-445f-8102-6a423a7495ef/resourceGroups/sageinsure-rg",
            "location": "eastus",
            "managed_by": "",
            "name": "sageinsure-rg",
            "tags": {},
            "timeouts": null
          },
          "sensitive_attributes": [],
          "identity_schema_version": 0
        }
      ]
    },
    {
      "mode": "data",
      "type": "azurerm_search_service",
      "name": "existing_search",
      "provider": "provider[\"registry.terraform.io/hashicorp/azurerm\"]",
      "instances": [
        {
          "schema_version": 0,
          "attributes": {
            "id": "/subscriptions/2bfa9715-785b-445f-8102-6a423a7495ef/resourceGroups/sageinsure-rg/providers/Microsoft.Search/searchServices/sageinsure-search",
            "identity": [],
            "name": "sageinsure-search",
            "partition_count": 1,
            "primary_key": "DYvM0ODN7nEkVxoBy7KtHsCKYcxH6DtUvfg3fQzlO8AzSeBsKgjX",
            "public_network_access_enabled": true,
            "query_keys": [
              {
                "key": "GKx9pbUlECpMhnJMLcnlZmSoQlKqCuF14Xd6lkYwWkAzSeDUEKOa",
                "name": ""
              }
            ],
            "replica_count": 1,
            "resource_group_name": "sageinsure-rg",
            "secondary_key": "3lKpSxtp0lMFTUZskcF4M8Lh9wXnaVI2TneipVLcxMAzSeBsSHgf",
            "tags": {},
            "timeouts": null
          },
          "sensitive_attributes": [
            [
              {
                "type": "get_attr",
                "value": "primary_key"
              }
            ],
            [
              {
                "type": "get_attr",
                "value": "secondary_key"
              }
            ]
          ],
          "identity_schema_version": 0
        }
      ]
    },
    {
      "mode": "data",
      "type": "azurerm_storage_account",
      "name": "existing",
      "provider": "provider[\"registry.terraform.io/hashicorp/azurerm\"]",
      "instances": [
        {
          "schema_version": 0,
          "attributes": {
            "access_tier": "Hot",
            "account_kind": "StorageV2",
            "account_replication_type": "LRS",
            "account_tier": "Standard",
            "allow_nested_items_to_be_public": true,
            "azure_files_authentication": [],
            "custom_domain": [],
            "dns_endpoint_type": "Standard",
            "enable_https_traffic_only": true,
            "https_traffic_only_enabled": true,
            "id": "/subscriptions/2bfa9715-785b-445f-8102-6a423a7495ef/resourceGroups/sageinsure-rg/providers/Microsoft.Storage/storageAccounts/policydocseedfa81f",
            "identity": [],
            "infrastructure_encryption_enabled": false,
            "is_hns_enabled": false,
            "location": "eastus",
            "min_tls_version": "TLS1_2",
            "name": "policydocseedfa81f",
            "nfsv3_enabled": false,
            "primary_access_key": "RXVgxh41mGNAgHoXZdp9GDrRKF2VHqPi4Sv+StcAowJ4jMe+gWvZVF1Y6FPGWK6aMJtrn9D3OjQ3+AStFKSd8g==",
            "primary_blob_connection_string": "DefaultEndpointsProtocol=https;BlobEndpoint=https://policydocseedfa81f.blob.core.windows.net/;AccountName=policydocseedfa81f;AccountKey=RXVgxh41mGNAgHoXZdp9GDrRKF2VHqPi4Sv+StcAowJ4jMe+gWvZVF1Y6FPGWK6aMJtrn9D3OjQ3+AStFKSd8g==",
            "primary_blob_endpoint": "https://policydocseedfa81f.blob.core.windows.net/",
            "primary_blob_host": "policydocseedfa81f.blob.core.windows.net",
            "primary_blob_internet_endpoint": "",
            "primary_blob_internet_host": "",
            "primary_blob_microsoft_endpoint": "",
            "primary_blob_microsoft_host": "",
            "primary_connection_string": "DefaultEndpointsProtocol=https;AccountName=policydocseedfa81f;AccountKey=RXVgxh41mGNAgHoXZdp9GDrRKF2VHqPi4Sv+StcAowJ4jMe+gWvZVF1Y6FPGWK6aMJtrn9D3OjQ3+AStFKSd8g==;EndpointSuffix=core.windows.net",
            "primary_dfs_endpoint": "https://policydocseedfa81f.dfs.core.windows.net/",
            "primary_dfs_host": "policydocseedfa81f.dfs.core.windows.net",
            "primary_dfs_internet_endpoint": "",
            "primary_dfs_internet_host": "",
            "primary_dfs_microsoft_endpoint": "",
            "primary_dfs_microsoft_host": "",
            "primary_file_endpoint": "https://policydocseedfa81f.file.core.windows.net/",
            "primary_file_host": "policydocseedfa81f.file.core.windows.net",
            "primary_file_internet_endpoint": "",
            "primary_file_internet_host": "",
            "primary_file_microsoft_endpoint": "",
            "primary_file_microsoft_host": "",
            "primary_location": "eastus",
            "primary_queue_endpoint": "https://policydocseedfa81f.queue.core.windows.net/",
            "primary_queue_host": "policydocseedfa81f.queue.core.windows.net",
            "primary_queue_microsoft_endpoint": "",
            "primary_queue_microsoft_host": "",
            "primary_table_endpoint": "https://policydocseedfa81f.table.core.windows.net/",
            "primary_table_host": "policydocseedfa81f.table.core.windows.net",
            "primary_table_microsoft_endpoint": "",
            "primary_table_microsoft_host": "",
            "primary_web_endpoint": "https://policydocseedfa81f.z13.web.core.windows.net/",
            "primary_web_host": "policydocseedfa81f.z13.web.core.windows.net",
            "primary_web_internet_endpoint": "",
            "primary_web_internet_host": "",
            "primary_web_microsoft_endpoint": "",
            "primary_web_microsoft_host": "",
            "queue_encryption_key_type": "Service",
            "resource_group_name": "sageinsure-rg",
            "secondary_access_key": "yLExsVVHfwL3KL5yfCNFZjK7vyJ6YcJ6DJUHgAMmjade57Pn4KrgNulPMHOLguW0/eEeLMrOAx/Y+AStWfWW+A==",
            "secondary_blob_connection_string": "",
            "secondary_blob_endpoint": "",
            "secondary_blob_host": "",
            "secondary_blob_internet_endpoint": "",
            "secondary_blob_internet_host": "",
            "secondary_blob_microsoft_endpoint": "",
            "secondary_blob_microsoft_host": "",
            "secondary_connection_string": "DefaultEndpointsProtocol=https;AccountName=policydocseedfa81f;AccountKey=yLExsVVHfwL3KL5yfCNFZjK7vyJ6YcJ6DJUHgAMmjade57Pn4KrgNulPMHOLguW0/eEeLMrOAx/Y+AStWfWW+A==;EndpointSuffix=core.windows.net",
            "secondary_dfs_endpoint": "",
            "secondary_dfs_host": "",
            "secondary_dfs_internet_endpoint": "",
            "secondary_dfs_internet_host": "",
            "secondary_dfs_microsoft_endpoint": "",
            "secondary_dfs_microsoft_host": "",
            "secondary_file_endpoint": "",
            "secondary_file_host": "",
            "secondary_file_internet_endpoint": "",
            "secondary_file_internet_host": "",
            "secondary_file_microsoft_endpoint": "",
            "secondary_file_microsoft_host": "",
            "secondary_location": "",
            "secondary_queue_endpoint": "",
            "secondary_queue_host": "",
            "secondary_queue_microsoft_endpoint": "",
            "secondary_queue_microsoft_host": "",
            "secondary_table_endpoint": "",
            "secondary_table_host": "",
            "secondary_table_microsoft_endpoint": "",
            "secondary_table_microsoft_host": "",
            "secondary_web_endpoint": "",
            "secondary_web_host": "",
            "secondary_web_internet_endpoint": "",
            "secondary_web_internet_host": "",
            "secondary_web_microsoft_endpoint": "",
            "secondary_web_microsoft_host": "",
            "table_encryption_key_type": "Service",
            "tags": {},
            "timeouts": null
          },
          "sensitive_attributes": [
            [
              {
                "type": "get_attr",
                "value": "primary_access_key"
              }
            ],
            [
              {
                "type": "get_attr",
                "value": "primary_blob_connection_string"
              }
            ],
            [
              {
                "type": "get_attr",
                "value": "primary_connection_string"
              }
            ],
            [
              {
                "type": "get_attr",
                "value": "secondary_access_key"
              }
            ],
            [
              {
                "type": "get_attr",
                "value": "secondary_blob_connection_string"
              }
            ],
            [
              {
                "type": "get_attr",
                "value": "secondary_connection_string"
              }
            ]
          ],
          "identity_schema_version": 0
        }
      ]
    },
    {
      "mode": "managed",
      "type": "azapi_resource",
      "name": "openai_deployment",
      "provider": "provider[\"registry.terraform.io/azure/azapi\"]",
      "instances": [
        {
          "schema_version": 1,
          "attributes": {
            "body": {
              "value": "{\"properties\":{\"model\":{\"format\":\"OpenAI\",\"name\":\"gpt-4o\",\"version\":\"2024-05-13\"},\"raiPolicyName\":\"Microsoft.Default\"},\"sku\":{\"capacity\":10,\"name\":\"Standard\"}}",
              "type": "string"
            },
            "id": "/subscriptions/2bfa9715-785b-445f-8102-6a423a7495ef/resourceGroups/sageinsure-rg/providers/Microsoft.CognitiveServices/accounts/sageinsure-openai/deployments/gpt4o-deployment",
            "identity": [],
            "ignore_body_changes": null,
            "ignore_casing": false,
            "ignore_missing_property": true,
            "location": null,
            "locks": null,
            "name": "gpt4o-deployment",
            "output": {
              "value": "{}",
              "type": "string"
            },
            "parent_id": "/subscriptions/2bfa9715-785b-445f-8102-6a423a7495ef/resourceGroups/sageinsure-rg/providers/Microsoft.CognitiveServices/accounts/sageinsure-openai",
            "removing_special_chars": false,
            "response_export_values": null,
            "schema_validation_enabled": false,
            "tags": null,
            "timeouts": null,
            "type": "Microsoft.CognitiveServices/accounts/deployments@2024-06-01-preview"
          },
          "sensitive_attributes": [],
          "identity_schema_version": 0,
          "dependencies": [
            "azurerm_cognitive_account.openai",
            "azurerm_resource_group.rg"
          ]
        }
      ]
    },
    {
      "mode": "managed",
      "type": "azuread_application",
      "name": "app",
      "provider": "provider[\"registry.terraform.io/hashicorp/azuread\"]",
      "instances": [
        {
          "schema_version": 2,
          "attributes": {
            "api": [
              {
                "known_client_applications": [],
                "mapped_claims_enabled": false,
                "oauth2_permission_scope": [],
                "requested_access_token_version": 1
              }
            ],
            "app_role": [],
            "app_role_ids": {},
            "client_id": "64711f87-c0c9-4e4d-af58-78c4e09331a6",
            "description": "",
            "device_only_auth_enabled": false,
            "disabled_by_microsoft": "",
            "display_name": "SageInsurePolicyApp",
            "fallback_public_client_enabled": false,
            "feature_tags": [
              {
                "custom_single_sign_on": false,
                "enterprise": false,
                "gallery": false,
                "hide": false
              }
            ],
            "group_membership_claims": [],
            "id": "/applications/258b2a9f-20d0-4ecf-ad7a-7957756fd5dd",
            "identifier_uris": [],
            "logo_image": "",
            "logo_url": "",
            "marketing_url": "",
            "notes": "",
            "oauth2_permission_scope_ids": {},
            "oauth2_post_response_required": false,
            "object_id": "258b2a9f-20d0-4ecf-ad7a-7957756fd5dd",
            "optional_claims": [
              {
                "access_token": [],
                "id_token": [],
                "saml2_token": []
              }
            ],
            "owners": [],
            "password": [],
            "prevent_duplicate_names": false,
            "privacy_statement_url": "",
            "public_client": [
              {
                "redirect_uris": []
              }
            ],
            "publisher_domain": "parvindduttagmail.onmicrosoft.com",
            "required_resource_access": [],
            "service_management_reference": "",
            "sign_in_audience": "AzureADMyOrg",
            "single_page_application": [
              {
                "redirect_uris": []
              }
            ],
            "support_url": "",
            "tags": [],
            "template_id": "",
            "terms_of_service_url": "",
            "timeouts": null,
            "web": [
              {
                "homepage_url": "",
                "implicit_grant": [
                  {
                    "access_token_issuance_enabled": false,
                    "id_token_issuance_enabled": false
                  }
                ],
                "logout_url": "",
                "redirect_uris": []
              }
            ]
          },
          "sensitive_attributes": [],
          "identity_schema_version": 0,
          "private": "eyJlMmJmYjczMC1lY2FhLTExZTYtOGY4OC0zNDM2M2JjN2M0YzAiOnsiY3JlYXRlIjo2MDAwMDAwMDAwMDAsImRlbGV0ZSI6MzAwMDAwMDAwMDAwLCJyZWFkIjozMDAwMDAwMDAwMDAsInVwZGF0ZSI6NjAwMDAwMDAwMDAwfSwic2NoZW1hX3ZlcnNpb24iOiIyIn0="
        }
      ]
    },
    {
      "mode": "managed",
      "type": "azuread_application_password",
      "name": "app_secret",
      "provider": "provider[\"registry.terraform.io/hashicorp/azuread\"]",
      "instances": [
        {
          "schema_version": 1,
          "attributes": {
            "application_id": "/applications/258b2a9f-20d0-4ecf-ad7a-7957756fd5dd",
            "display_name": "policy-app-secret",
            "end_date": "2027-08-25T12:55:49Z",
            "end_date_relative": null,
            "id": "258b2a9f-20d0-4ecf-ad7a-7957756fd5dd/password/6bae579e-c919-47c8-8fe0-6cec49893f18",
            "key_id": "6bae579e-c919-47c8-8fe0-6cec49893f18",
            "rotate_when_changed": null,
            "start_date": "2025-08-25T12:55:50.2984859Z",
            "timeouts": null,
            "value": "PrW8Q~2Tbs98HrOUX9G9l3doDM04CUIkKeZ5uchI"
          },
          "sensitive_attributes": [
            [
              {
                "type": "get_attr",
                "value": "value"
              }
            ]
          ],
          "identity_schema_version": 0,
          "private": "eyJlMmJmYjczMC1lY2FhLTExZTYtOGY4OC0zNDM2M2JjN2M0YzAiOnsiY3JlYXRlIjo5MDAwMDAwMDAwMDAsImRlbGV0ZSI6MzAwMDAwMDAwMDAwLCJyZWFkIjozMDAwMDAwMDAwMDAsInVwZGF0ZSI6MzAwMDAwMDAwMDAwfSwic2NoZW1hX3ZlcnNpb24iOiIxIn0=",
          "dependencies": [
            "azuread_application.app"
          ]
        }
      ]
    },
    {
      "mode": "managed",
      "type": "azuread_service_principal",
      "name": "app_sp",
      "provider": "provider[\"registry.terraform.io/hashicorp/azuread\"]",
      "instances": [
        {
          "schema_version": 1,
          "attributes": {
            "account_enabled": true,
            "alternative_names": [],
            "app_role_assignment_required": false,
            "app_role_ids": {},
            "app_roles": [],
            "application_tenant_id": "e9394f90-446d-41dd-8c8c-98ac08c5f090",
            "client_id": "64711f87-c0c9-4e4d-af58-78c4e09331a6",
            "description": "",
            "display_name": "SageInsurePolicyApp",
            "feature_tags": [
              {
                "custom_single_sign_on": false,
                "enterprise": false,
                "gallery": false,
                "hide": false
              }
            ],
            "features": [
              {
                "custom_single_sign_on_app": false,
                "enterprise_application": false,
                "gallery_application": false,
                "visible_to_users": true
              }
            ],
            "homepage_url": "",
            "id": "/servicePrincipals/bcaaa9e9-35bc-46d3-a31e-483e331015b6",
            "login_url": "",
            "logout_url": "",
            "notes": "",
            "notification_email_addresses": [],
            "oauth2_permission_scope_ids": {},
            "oauth2_permission_scopes": [],
            "object_id": "bcaaa9e9-35bc-46d3-a31e-483e331015b6",
            "owners": [],
            "preferred_single_sign_on_mode": "",
            "redirect_uris": [],
            "saml_metadata_url": "",
            "saml_single_sign_on": [
              {
                "relay_state": ""
              }
            ],
            "service_principal_names": [],
            "sign_in_audience": "AzureADMyOrg",
            "tags": [],
            "timeouts": null,
            "type": "Application",
            "use_existing": null
          },
          "sensitive_attributes": [],
          "identity_schema_version": 0,
          "private": "eyJlMmJmYjczMC1lY2FhLTExZTYtOGY4OC0zNDM2M2JjN2M0YzAiOnsiY3JlYXRlIjo2MDAwMDAwMDAwMDAsImRlbGV0ZSI6MzAwMDAwMDAwMDAwLCJyZWFkIjozMDAwMDAwMDAwMDAsInVwZGF0ZSI6NjAwMDAwMDAwMDAwfSwic2NoZW1hX3ZlcnNpb24iOiIxIn0=",
          "dependencies": [
            "azuread_application.app"
          ]
        }
      ]
    },
    {
      "mode": "managed",
      "type": "azurerm_cognitive_account",
      "name": "openai",
      "provider": "provider[\"registry.terraform.io/hashicorp/azurerm\"]",
      "instances": [
        {
          "schema_version": 0,
          "attributes": {
            "custom_question_answering_search_service_id": "",
            "custom_question_answering_search_service_key": null,
            "custom_subdomain_name": "",
            "customer_managed_key": [],
            "dynamic_throttling_enabled": false,
            "endpoint": "https://eastus.api.cognitive.microsoft.com/",
            "fqdns": [],
            "id": "/subscriptions/2bfa9715-785b-445f-8102-6a423a7495ef/resourceGroups/sageinsure-rg/providers/Microsoft.CognitiveServices/accounts/sageinsure-openai",
            "identity": [],
            "kind": "OpenAI",
            "local_auth_enabled": true,
            "location": "eastus",
            "metrics_advisor_aad_client_id": "",
            "metrics_advisor_aad_tenant_id": "",
            "metrics_advisor_super_user_name": "",
            "metrics_advisor_website_name": "",
            "name": "sageinsure-openai",
            "network_acls": [],
            "outbound_network_access_restricted": false,
            "primary_access_key": "172068a0b5a348efa948c8339cca0329",
            "public_network_access_enabled": true,
            "qna_runtime_endpoint": "",
            "resource_group_name": "sageinsure-rg",
            "secondary_access_key": "6935b81b69d642d489ce427dc49b1fff",
            "sku_name": "S0",
            "storage": [],
            "tags": {},
            "timeouts": null
          },
          "sensitive_attributes": [
            [
              {
                "type": "get_attr",
                "value": "custom_question_answering_search_service_key"
              }
            ],
            [
              {
                "type": "get_attr",
                "value": "primary_access_key"
              }
            ],
            [
              {
                "type": "get_attr",
                "value": "secondary_access_key"
              }
            ]
          ],
          "identity_schema_version": 0,
          "private": "eyJlMmJmYjczMC1lY2FhLTExZTYtOGY4OC0zNDM2M2JjN2M0YzAiOnsiY3JlYXRlIjoxODAwMDAwMDAwMDAwLCJkZWxldGUiOjE4MDAwMDAwMDAwMDAsInJlYWQiOjMwMDAwMDAwMDAwMCwidXBkYXRlIjoxODAwMDAwMDAwMDAwfX0=",
          "dependencies": [
            "azurerm_resource_group.rg"
          ]
        }
      ]
    },
    {
      "mode": "managed",
      "type": "azurerm_key_vault",
      "name": "kv",
      "provider": "provider[\"registry.terraform.io/hashicorp/azurerm\"]",
      "instances": [
        {
          "schema_version": 2,
          "attributes": {
            "access_policy": [
              {
                "application_id": "",
                "certificate_permissions": [],
                "key_permissions": [],
                "object_id": "8fc54eca-22d7-4ccb-8f13-be2e0bea84f5",
                "secret_permissions": [
                  "Get",
                  "List",
                  "Set",
                  "Delete"
                ],
                "storage_permissions": [],
                "tenant_id": "e9394f90-446d-41dd-8c8c-98ac08c5f090"
              }
            ],
            "contact": [],
            "enable_rbac_authorization": false,
            "enabled_for_deployment": false,
            "enabled_for_disk_encryption": false,
            "enabled_for_template_deployment": false,
            "id": "/subscriptions/2bfa9715-785b-445f-8102-6a423a7495ef/resourceGroups/sageinsure-rg/providers/Microsoft.KeyVault/vaults/kv-eedfa81f",
            "location": "eastus",
            "name": "kv-eedfa81f",
            "network_acls": [
              {
                "bypass": "AzureServices",
                "default_action": "Allow",
                "ip_rules": [],
                "virtual_network_subnet_ids": []
              }
            ],
            "public_network_access_enabled": true,
            "purge_protection_enabled": false,
            "resource_group_name": "sageinsure-rg",
            "sku_name": "standard",
            "soft_delete_retention_days": 7,
            "tags": {},
            "tenant_id": "e9394f90-446d-41dd-8c8c-98ac08c5f090",
            "timeouts": null,
            "vault_uri": "https://kv-eedfa81f.vault.azure.net/"
          },
          "sensitive_attributes": [],
          "identity_schema_version": 0,
          "private": "eyJlMmJmYjczMC1lY2FhLTExZTYtOGY4OC0zNDM2M2JjN2M0YzAiOnsiY3JlYXRlIjoxODAwMDAwMDAwMDAwLCJkZWxldGUiOjE4MDAwMDAwMDAwMDAsInJlYWQiOjMwMDAwMDAwMDAwMCwidXBkYXRlIjoxODAwMDAwMDAwMDAwfSwic2NoZW1hX3ZlcnNpb24iOiIyIn0=",
          "dependencies": [
            "azurerm_resource_group.rg",
            "data.azuread_client_config.current",
            "random_id.sa"
          ]
        }
      ]
    },
    {
      "mode": "managed",
      "type": "azurerm_key_vault_access_policy",
      "name": "api_kv_policy",
      "provider": "provider[\"registry.terraform.io/hashicorp/azurerm\"]",
      "instances": [
        {
          "schema_version": 0,
          "attributes": {
            "application_id": "",
            "certificate_permissions": [],
            "id": "/subscriptions/2bfa9715-785b-445f-8102-6a423a7495ef/resourceGroups/sageinsure-rg/providers/Microsoft.KeyVault/vaults/kv-eedfa81f/objectId/7b5b4f93-b70c-40bf-8019-cd107484e75d",
            "key_permissions": [],
            "key_vault_id": "/subscriptions/2bfa9715-785b-445f-8102-6a423a7495ef/resourceGroups/sageinsure-rg/providers/Microsoft.KeyVault/vaults/kv-eedfa81f",
            "object_id": "7b5b4f93-b70c-40bf-8019-cd107484e75d",
            "secret_permissions": [
              "Get",
              "List"
            ],
            "storage_permissions": [],
            "tenant_id": "e9394f90-446d-41dd-8c8c-98ac08c5f090",
            "timeouts": null
          },
          "sensitive_attributes": [],
          "identity_schema_version": 0,
          "private": "eyJlMmJmYjczMC1lY2FhLTExZTYtOGY4OC0zNDM2M2JjN2M0YzAiOnsiY3JlYXRlIjoxODAwMDAwMDAwMDAwLCJkZWxldGUiOjE4MDAwMDAwMDAwMDAsInJlYWQiOjMwMDAwMDAwMDAwMCwidXBkYXRlIjoxODAwMDAwMDAwMDAwfX0=",
          "dependencies": [
            "azurerm_cognitive_account.openai",
            "azurerm_key_vault.kv",
            "azurerm_linux_web_app.api",
            "azurerm_resource_group.rg",
            "azurerm_search_service.search",
            "azurerm_service_plan.plan",
            "azurerm_storage_account.sa",
            "data.azuread_client_config.current",
            "random_id.sa"
          ]
        }
      ]
    },
    {
      "mode": "managed",
      "type": "azurerm_key_vault_secret",
      "name": "kv_app_client_id",
      "provider": "provider[\"registry.terraform.io/hashicorp/azurerm\"]",
      "instances": [
        {
          "schema_version": 0,
          "attributes": {
            "content_type": "",
            "expiration_date": null,
            "id": "https://kv-eedfa81f.vault.azure.net/secrets/APP-CLIENT-ID/e986af8e880d47158b72b1a580ce1984",
            "key_vault_id": "/subscriptions/2bfa9715-785b-445f-8102-6a423a7495ef/resourceGroups/sageinsure-rg/providers/Microsoft.KeyVault/vaults/kv-eedfa81f",
            "name": "APP-CLIENT-ID",
            "not_before_date": null,
            "resource_id": "/subscriptions/2bfa9715-785b-445f-8102-6a423a7495ef/resourceGroups/sageinsure-rg/providers/Microsoft.KeyVault/vaults/kv-eedfa81f/secrets/APP-CLIENT-ID/versions/e986af8e880d47158b72b1a580ce1984",
            "resource_versionless_id": "/subscriptions/2bfa9715-785b-445f-8102-6a423a7495ef/resourceGroups/sageinsure-rg/providers/Microsoft.KeyVault/vaults/kv-eedfa81f/secrets/APP-CLIENT-ID",
            "tags": {},
            "timeouts": null,
            "value": "64711f87-c0c9-4e4d-af58-78c4e09331a6",
            "version": "e986af8e880d47158b72b1a580ce1984",
            "versionless_id": "https://kv-eedfa81f.vault.azure.net/secrets/APP-CLIENT-ID"
          },
          "sensitive_attributes": [
            [
              {
                "type": "get_attr",
                "value": "value"
              }
            ]
          ],
          "identity_schema_version": 0,
          "private": "eyJlMmJmYjczMC1lY2FhLTExZTYtOGY4OC0zNDM2M2JjN2M0YzAiOnsiY3JlYXRlIjoxODAwMDAwMDAwMDAwLCJkZWxldGUiOjE4MDAwMDAwMDAwMDAsInJlYWQiOjE4MDAwMDAwMDAwMDAsInVwZGF0ZSI6MTgwMDAwMDAwMDAwMH19",
          "dependencies": [
            "azuread_application.app",
            "azurerm_key_vault.kv",
            "azurerm_resource_group.rg",
            "data.azuread_client_config.current",
            "random_id.sa"
          ]
        }
      ]
    },
    {
      "mode": "managed",
      "type": "azurerm_key_vault_secret",
      "name": "kv_app_client_secret",
      "provider": "provider[\"registry.terraform.io/hashicorp/azurerm\"]",
      "instances": [
        {
          "schema_version": 0,
          "attributes": {
            "content_type": "",
            "expiration_date": null,
            "id": "https://kv-eedfa81f.vault.azure.net/secrets/APP-CLIENT-SECRET/ae9b8fe9170944b0a82bd917e07b0b05",
            "key_vault_id": "/subscriptions/2bfa9715-785b-445f-8102-6a423a7495ef/resourceGroups/sageinsure-rg/providers/Microsoft.KeyVault/vaults/kv-eedfa81f",
            "name": "APP-CLIENT-SECRET",
            "not_before_date": null,
            "resource_id": "/subscriptions/2bfa9715-785b-445f-8102-6a423a7495ef/resourceGroups/sageinsure-rg/providers/Microsoft.KeyVault/vaults/kv-eedfa81f/secrets/APP-CLIENT-SECRET/versions/ae9b8fe9170944b0a82bd917e07b0b05",
            "resource_versionless_id": "/subscriptions/2bfa9715-785b-445f-8102-6a423a7495ef/resourceGroups/sageinsure-rg/providers/Microsoft.KeyVault/vaults/kv-eedfa81f/secrets/APP-CLIENT-SECRET",
            "tags": {},
            "timeouts": null,
            "value": "PrW8Q~2Tbs98HrOUX9G9l3doDM04CUIkKeZ5uchI",
            "version": "ae9b8fe9170944b0a82bd917e07b0b05",
            "versionless_id": "https://kv-eedfa81f.vault.azure.net/secrets/APP-CLIENT-SECRET"
          },
          "sensitive_attributes": [
            [
              {
                "type": "get_attr",
                "value": "value"
              }
            ]
          ],
          "identity_schema_version": 0,
          "private": "eyJlMmJmYjczMC1lY2FhLTExZTYtOGY4OC0zNDM2M2JjN2M0YzAiOnsiY3JlYXRlIjoxODAwMDAwMDAwMDAwLCJkZWxldGUiOjE4MDAwMDAwMDAwMDAsInJlYWQiOjE4MDAwMDAwMDAwMDAsInVwZGF0ZSI6MTgwMDAwMDAwMDAwMH19",
          "dependencies": [
            "azuread_application.app",
            "azuread_application_password.app_secret",
            "azurerm_key_vault.kv",
            "azurerm_resource_group.rg",
            "data.azuread_client_config.current",
            "random_id.sa"
          ]
        }
      ]
    },
    {
      "mode": "managed",
      "type": "azurerm_key_vault_secret",
      "name": "kv_openai_key",
      "provider": "provider[\"registry.terraform.io/hashicorp/azurerm\"]",
      "instances": [
        {
          "schema_version": 0,
          "attributes": {
            "content_type": "",
            "expiration_date": null,
            "id": "https://kv-eedfa81f.vault.azure.net/secrets/OPENAI-KEY/e7d31d30bbda4c5fb9e4afb9076b3e86",
            "key_vault_id": "/subscriptions/2bfa9715-785b-445f-8102-6a423a7495ef/resourceGroups/sageinsure-rg/providers/Microsoft.KeyVault/vaults/kv-eedfa81f",
            "name": "OPENAI-KEY",
            "not_before_date": null,
            "resource_id": "/subscriptions/2bfa9715-785b-445f-8102-6a423a7495ef/resourceGroups/sageinsure-rg/providers/Microsoft.KeyVault/vaults/kv-eedfa81f/secrets/OPENAI-KEY/versions/e7d31d30bbda4c5fb9e4afb9076b3e86",
            "resource_versionless_id": "/subscriptions/2bfa9715-785b-445f-8102-6a423a7495ef/resourceGroups/sageinsure-rg/providers/Microsoft.KeyVault/vaults/kv-eedfa81f/secrets/OPENAI-KEY",
            "tags": {},
            "timeouts": null,
            "value": "172068a0b5a348efa948c8339cca0329",
            "version": "e7d31d30bbda4c5fb9e4afb9076b3e86",
            "versionless_id": "https://kv-eedfa81f.vault.azure.net/secrets/OPENAI-KEY"
          },
          "sensitive_attributes": [
            [
              {
                "type": "get_attr",
                "value": "value"
              }
            ]
          ],
          "identity_schema_version": 0,
          "private": "eyJlMmJmYjczMC1lY2FhLTExZTYtOGY4OC0zNDM2M2JjN2M0YzAiOnsiY3JlYXRlIjoxODAwMDAwMDAwMDAwLCJkZWxldGUiOjE4MDAwMDAwMDAwMDAsInJlYWQiOjE4MDAwMDAwMDAwMDAsInVwZGF0ZSI6MTgwMDAwMDAwMDAwMH19",
          "dependencies": [
            "azurerm_cognitive_account.openai",
            "azurerm_key_vault.kv",
            "azurerm_resource_group.rg",
            "data.azuread_client_config.current",
            "random_id.sa"
          ]
        }
      ]
    },
    {
      "mode": "managed",
      "type": "azurerm_key_vault_secret",
      "name": "kv_search_admin_key",
      "provider": "provider[\"registry.terraform.io/hashicorp/azurerm\"]",
      "instances": [
        {
          "schema_version": 0,
          "attributes": {
            "content_type": "",
            "expiration_date": null,
            "id": "https://kv-eedfa81f.vault.azure.net/secrets/SEARCH-ADMIN-KEY/2264fecbd06143c98963d0ff1158c3e6",
            "key_vault_id": "/subscriptions/2bfa9715-785b-445f-8102-6a423a7495ef/resourceGroups/sageinsure-rg/providers/Microsoft.KeyVault/vaults/kv-eedfa81f",
            "name": "SEARCH-ADMIN-KEY",
            "not_before_date": null,
            "resource_id": "/subscriptions/2bfa9715-785b-445f-8102-6a423a7495ef/resourceGroups/sageinsure-rg/providers/Microsoft.KeyVault/vaults/kv-eedfa81f/secrets/SEARCH-ADMIN-KEY/versions/2264fecbd06143c98963d0ff1158c3e6",
            "resource_versionless_id": "/subscriptions/2bfa9715-785b-445f-8102-6a423a7495ef/resourceGroups/sageinsure-rg/providers/Microsoft.KeyVault/vaults/kv-eedfa81f/secrets/SEARCH-ADMIN-KEY",
            "tags": {},
            "timeouts": null,
            "value": "DYvM0ODN7nEkVxoBy7KtHsCKYcxH6DtUvfg3fQzlO8AzSeBsKgjX",
            "version": "2264fecbd06143c98963d0ff1158c3e6",
            "versionless_id": "https://kv-eedfa81f.vault.azure.net/secrets/SEARCH-ADMIN-KEY"
          },
          "sensitive_attributes": [
            [
              {
                "type": "get_attr",
                "value": "value"
              }
            ]
          ],
          "identity_schema_version": 0,
          "private": "eyJlMmJmYjczMC1lY2FhLTExZTYtOGY4OC0zNDM2M2JjN2M0YzAiOnsiY3JlYXRlIjoxODAwMDAwMDAwMDAwLCJkZWxldGUiOjE4MDAwMDAwMDAwMDAsInJlYWQiOjE4MDAwMDAwMDAwMDAsInVwZGF0ZSI6MTgwMDAwMDAwMDAwMH19",
          "dependencies": [
            "azurerm_key_vault.kv",
            "azurerm_resource_group.rg",
            "azurerm_search_service.search",
            "data.azuread_client_config.current",
            "random_id.sa"
          ]
        }
      ]
    },
    {
      "mode": "managed",
      "type": "azurerm_key_vault_secret",
      "name": "openai_key",
      "provider": "provider[\"registry.terraform.io/hashicorp/azurerm\"]",
      "instances": [
        {
          "schema_version": 0,
          "attributes": {
            "content_type": "",
            "expiration_date": null,
            "id": "https://kv-eedfa81f.vault.azure.net/secrets/OPENAI-API-KEY/2fc389e6b1f34878a136cf3f13b4aaf4",
            "key_vault_id": "/subscriptions/2bfa9715-785b-445f-8102-6a423a7495ef/resourceGroups/sageinsure-rg/providers/Microsoft.KeyVault/vaults/kv-eedfa81f",
            "name": "OPENAI-API-KEY",
            "not_before_date": null,
            "resource_id": "/subscriptions/2bfa9715-785b-445f-8102-6a423a7495ef/resourceGroups/sageinsure-rg/providers/Microsoft.KeyVault/vaults/kv-eedfa81f/secrets/OPENAI-API-KEY/versions/2fc389e6b1f34878a136cf3f13b4aaf4",
            "resource_versionless_id": "/subscriptions/2bfa9715-785b-445f-8102-6a423a7495ef/resourceGroups/sageinsure-rg/providers/Microsoft.KeyVault/vaults/kv-eedfa81f/secrets/OPENAI-API-KEY",
            "tags": {},
            "timeouts": null,
            "value": "172068a0b5a348efa948c8339cca0329",
            "version": "2fc389e6b1f34878a136cf3f13b4aaf4",
            "versionless_id": "https://kv-eedfa81f.vault.azure.net/secrets/OPENAI-API-KEY"
          },
          "sensitive_attributes": [
            [
              {
                "type": "get_attr",
                "value": "value"
              }
            ]
          ],
          "identity_schema_version": 0,
          "private": "eyJlMmJmYjczMC1lY2FhLTExZTYtOGY4OC0zNDM2M2JjN2M0YzAiOnsiY3JlYXRlIjoxODAwMDAwMDAwMDAwLCJkZWxldGUiOjE4MDAwMDAwMDAwMDAsInJlYWQiOjE4MDAwMDAwMDAwMDAsInVwZGF0ZSI6MTgwMDAwMDAwMDAwMH19",
          "dependencies": [
            "azurerm_cognitive_account.openai",
            "azurerm_key_vault.kv",
            "azurerm_key_vault_access_policy.api_kv_policy",
            "azurerm_linux_web_app.api",
            "azurerm_resource_group.rg",
            "azurerm_search_service.search",
            "azurerm_service_plan.plan",
            "azurerm_storage_account.sa",
            "data.azuread_client_config.current",
            "random_id.sa"
          ]
        }
      ]
    },
    {
      "mode": "managed",
      "type": "azurerm_key_vault_secret",
      "name": "search_key",
      "provider": "provider[\"registry.terraform.io/hashicorp/azurerm\"]",
      "instances": [
        {
          "schema_version": 0,
          "attributes": {
            "content_type": "",
            "expiration_date": null,
            "id": "https://kv-eedfa81f.vault.azure.net/secrets/AZURE-SEARCH-KEY/b9268e99cbb14d07b0570dfb01df175d",
            "key_vault_id": "/subscriptions/2bfa9715-785b-445f-8102-6a423a7495ef/resourceGroups/sageinsure-rg/providers/Microsoft.KeyVault/vaults/kv-eedfa81f",
            "name": "AZURE-SEARCH-KEY",
            "not_before_date": null,
            "resource_id": "/subscriptions/2bfa9715-785b-445f-8102-6a423a7495ef/resourceGroups/sageinsure-rg/providers/Microsoft.KeyVault/vaults/kv-eedfa81f/secrets/AZURE-SEARCH-KEY/versions/b9268e99cbb14d07b0570dfb01df175d",
            "resource_versionless_id": "/subscriptions/2bfa9715-785b-445f-8102-6a423a7495ef/resourceGroups/sageinsure-rg/providers/Microsoft.KeyVault/vaults/kv-eedfa81f/secrets/AZURE-SEARCH-KEY",
            "tags": {},
            "timeouts": null,
            "value": "DYvM0ODN7nEkVxoBy7KtHsCKYcxH6DtUvfg3fQzlO8AzSeBsKgjX",
            "version": "b9268e99cbb14d07b0570dfb01df175d",
            "versionless_id": "https://kv-eedfa81f.vault.azure.net/secrets/AZURE-SEARCH-KEY"
          },
          "sensitive_attributes": [
            [
              {
                "type": "get_attr",
                "value": "value"
              }
            ]
          ],
          "identity_schema_version": 0,
          "private": "eyJlMmJmYjczMC1lY2FhLTExZTYtOGY4OC0zNDM2M2JjN2M0YzAiOnsiY3JlYXRlIjoxODAwMDAwMDAwMDAwLCJkZWxldGUiOjE4MDAwMDAwMDAwMDAsInJlYWQiOjE4MDAwMDAwMDAwMDAsInVwZGF0ZSI6MTgwMDAwMDAwMDAwMH19",
          "dependencies": [
            "azurerm_cognitive_account.openai",
            "azurerm_key_vault.kv",
            "azurerm_key_vault_access_policy.api_kv_policy",
            "azurerm_linux_web_app.api",
            "azurerm_resource_group.rg",
            "azurerm_search_service.search",
            "azurerm_service_plan.plan",
            "azurerm_storage_account.sa",
            "data.azuread_client_config.current",
            "random_id.sa"
          ]
        }
      ]
    },
    {
      "mode": "managed",
      "type": "azurerm_key_vault_secret",
      "name": "storage_connection",
      "provider": "provider[\"registry.terraform.io/hashicorp/azurerm\"]",
      "instances": [
        {
          "schema_version": 0,
          "attributes": {
            "content_type": "",
            "expiration_date": null,
            "id": "https://kv-eedfa81f.vault.azure.net/secrets/STORAGE-CONNECTION-STRING/5c34c5a132c341e2b1b4d1d9c5b19d48",
            "key_vault_id": "/subscriptions/2bfa9715-785b-445f-8102-6a423a7495ef/resourceGroups/sageinsure-rg/providers/Microsoft.KeyVault/vaults/kv-eedfa81f",
            "name": "STORAGE-CONNECTION-STRING",
            "not_before_date": null,
            "resource_id": "/subscriptions/2bfa9715-785b-445f-8102-6a423a7495ef/resourceGroups/sageinsure-rg/providers/Microsoft.KeyVault/vaults/kv-eedfa81f/secrets/STORAGE-CONNECTION-STRING/versions/5c34c5a132c341e2b1b4d1d9c5b19d48",
            "resource_versionless_id": "/subscriptions/2bfa9715-785b-445f-8102-6a423a7495ef/resourceGroups/sageinsure-rg/providers/Microsoft.KeyVault/vaults/kv-eedfa81f/secrets/STORAGE-CONNECTION-STRING",
            "tags": {},
            "timeouts": null,
            "value": "DefaultEndpointsProtocol=https;AccountName=policydocseedfa81f;AccountKey=RXVgxh41mGNAgHoXZdp9GDrRKF2VHqPi4Sv+StcAowJ4jMe+gWvZVF1Y6FPGWK6aMJtrn9D3OjQ3+AStFKSd8g==;EndpointSuffix=core.windows.net",
            "version": "5c34c5a132c341e2b1b4d1d9c5b19d48",
            "versionless_id": "https://kv-eedfa81f.vault.azure.net/secrets/STORAGE-CONNECTION-STRING"
          },
          "sensitive_attributes": [
            [
              {
                "type": "get_attr",
                "value": "value"
              }
            ]
          ],
          "identity_schema_version": 0,
          "private": "eyJlMmJmYjczMC1lY2FhLTExZTYtOGY4OC0zNDM2M2JjN2M0YzAiOnsiY3JlYXRlIjoxODAwMDAwMDAwMDAwLCJkZWxldGUiOjE4MDAwMDAwMDAwMDAsInJlYWQiOjE4MDAwMDAwMDAwMDAsInVwZGF0ZSI6MTgwMDAwMDAwMDAwMH19",
          "dependencies": [
            "azurerm_cognitive_account.openai",
            "azurerm_key_vault.kv",
            "azurerm_key_vault_access_policy.api_kv_policy",
            "azurerm_linux_web_app.api",
            "azurerm_resource_group.rg",
            "azurerm_search_service.search",
            "azurerm_service_plan.plan",
            "azurerm_storage_account.sa",
            "data.azuread_client_config.current",
            "random_id.sa"
          ]
        }
      ]
    },
    {
      "mode": "managed",
      "type": "azurerm_key_vault_secret",
      "name": "storage_key",
      "provider": "provider[\"registry.terraform.io/hashicorp/azurerm\"]",
      "instances": [
        {
          "schema_version": 0,
          "attributes": {
            "content_type": "",
            "expiration_date": null,
            "id": "https://kv-eedfa81f.vault.azure.net/secrets/STORAGE-ACCOUNT-KEY/8f198b51889a468fb0c9be449098ef18",
            "key_vault_id": "/subscriptions/2bfa9715-785b-445f-8102-6a423a7495ef/resourceGroups/sageinsure-rg/providers/Microsoft.KeyVault/vaults/kv-eedfa81f",
            "name": "STORAGE-ACCOUNT-KEY",
            "not_before_date": null,
            "resource_id": "/subscriptions/2bfa9715-785b-445f-8102-6a423a7495ef/resourceGroups/sageinsure-rg/providers/Microsoft.KeyVault/vaults/kv-eedfa81f/secrets/STORAGE-ACCOUNT-KEY/versions/8f198b51889a468fb0c9be449098ef18",
            "resource_versionless_id": "/subscriptions/2bfa9715-785b-445f-8102-6a423a7495ef/resourceGroups/sageinsure-rg/providers/Microsoft.KeyVault/vaults/kv-eedfa81f/secrets/STORAGE-ACCOUNT-KEY",
            "tags": {},
            "timeouts": null,
            "value": "RXVgxh41mGNAgHoXZdp9GDrRKF2VHqPi4Sv+StcAowJ4jMe+gWvZVF1Y6FPGWK6aMJtrn9D3OjQ3+AStFKSd8g==",
            "version": "8f198b51889a468fb0c9be449098ef18",
            "versionless_id": "https://kv-eedfa81f.vault.azure.net/secrets/STORAGE-ACCOUNT-KEY"
          },
          "sensitive_attributes": [
            [
              {
                "type": "get_attr",
                "value": "value"
              }
            ]
          ],
          "identity_schema_version": 0,
          "private": "eyJlMmJmYjczMC1lY2FhLTExZTYtOGY4OC0zNDM2M2JjN2M0YzAiOnsiY3JlYXRlIjoxODAwMDAwMDAwMDAwLCJkZWxldGUiOjE4MDAwMDAwMDAwMDAsInJlYWQiOjE4MDAwMDAwMDAwMDAsInVwZGF0ZSI6MTgwMDAwMDAwMDAwMH19",
          "dependencies": [
            "azurerm_cognitive_account.openai",
            "azurerm_key_vault.kv",
            "azurerm_key_vault_access_policy.api_kv_policy",
            "azurerm_linux_web_app.api",
            "azurerm_resource_group.rg",
            "azurerm_search_service.search",
            "azurerm_service_plan.plan",
            "azurerm_storage_account.sa",
            "data.azuread_client_config.current",
            "random_id.sa"
          ]
        }
      ]
    },
    {
      "mode": "managed",
      "type": "azurerm_linux_web_app",
      "name": "api",
      "provider": "provider[\"registry.terraform.io/hashicorp/azurerm\"]",
      "instances": [
        {
          "schema_version": 1,
          "attributes": {
            "app_settings": {
              "AZURE_OPENAI_DEPLOYMENT": "gpt4o-deployment",
              "AZURE_OPENAI_ENDPOINT": "https://eastus.api.cognitive.microsoft.com/",
              "AZURE_SEARCH_ENDPOINT": "https://sageinsure-search.search.windows.net",
              "AZURE_SEARCH_INDEX": "policy-index",
              "AZURE_SEARCH_KEY": "@Microsoft.KeyVault(VaultName=kv-eedfa81f;SecretName=AZURE-SEARCH-KEY)",
              "AZURE_SEARCH_SERVICE": "sageinsure-search",
              "AZURE_STORAGE_ACCOUNT": "policydocseedfa81f",
              "AZURE_STORAGE_ENDPOINT": "https://policydocseedfa81f.blob.core.windows.net/",
              "CUSTOMER_POLICY_CONTAINER": "customer-policy",
              "KEY_VAULT_NAME": "kv-eedfa81f",
              "KEY_VAULT_URL": "https://kv-eedfa81f.vault.azure.net/",
              "OPENAI_API_KEY": "@Microsoft.KeyVault(VaultName=kv-eedfa81f;SecretName=OPENAI-API-KEY)",
              "POLICY_DOCS_CONTAINER": "policy-docs",
              "PYTHONPATH": "/home/site/wwwroot",
              "STORAGE_CONNECTION_STRING": "@Microsoft.KeyVault(VaultName=kv-eedfa81f;SecretName=STORAGE-CONNECTION-STRING)",
              "WEBSITE_RUN_FROM_PACKAGE": "0"
            },
            "auth_settings": [],
            "auth_settings_v2": [],
            "backup": [],
            "client_affinity_enabled": false,
            "client_certificate_enabled": false,
            "client_certificate_exclusion_paths": "",
            "client_certificate_mode": "Required",
            "connection_string": [],
            "custom_domain_verification_id": "7D4BDC9F2BCE7859420CAB77A322D03FDBBC023DBF1255D06D682F917FCBECE7",
            "default_hostname": "sageinsure-api.azurewebsites.net",
            "enabled": true,
            "ftp_publish_basic_authentication_enabled": true,
            "hosting_environment_id": "",
            "https_only": true,
            "id": "/subscriptions/2bfa9715-785b-445f-8102-6a423a7495ef/resourceGroups/sageinsure-rg/providers/Microsoft.Web/sites/sageinsure-api",
            "identity": [
              {
                "identity_ids": [],
                "principal_id": "7b5b4f93-b70c-40bf-8019-cd107484e75d",
                "tenant_id": "e9394f90-446d-41dd-8c8c-98ac08c5f090",
                "type": "SystemAssigned"
              }
            ],
            "key_vault_reference_identity_id": "SystemAssigned",
            "kind": "app,linux",
            "location": "eastus",
            "logs": [],
            "name": "sageinsure-api",
            "outbound_ip_address_list": [
              "20.237.7.43",
              "20.237.7.49",
              "20.237.7.128",
              "20.237.7.153",
              "20.237.7.201",
              "20.237.7.221",
              "40.71.11.140"
            ],
            "outbound_ip_addresses": "20.237.7.43,20.237.7.49,20.237.7.128,20.237.7.153,20.237.7.201,20.237.7.221,40.71.11.140",
            "possible_outbound_ip_address_list": [
              "40.121.154.115",
              "13.82.228.43",
              "40.121.158.167",
              "40.117.44.182",
              "168.61.50.107",
              "40.121.80.139",
              "40.117.44.94",
              "23.96.53.166",
              "40.121.152.91",
              "20.237.7.43",
              "20.237.7.49",
              "20.237.7.128",
              "20.237.7.153",
              "20.237.7.201",
              "20.237.7.221",
              "20.246.144.9",
              "20.246.144.108",
              "20.246.144.117",
              "20.246.144.140",
              "20.246.144.145",
              "20.246.144.213",
              "40.71.11.140"
            ],
            "possible_outbound_ip_addresses": "40.121.154.115,13.82.228.43,40.121.158.167,40.117.44.182,168.61.50.107,40.121.80.139,40.117.44.94,23.96.53.166,40.121.152.91,20.237.7.43,20.237.7.49,20.237.7.128,20.237.7.153,20.237.7.201,20.237.7.221,20.246.144.9,20.246.144.108,20.246.144.117,20.246.144.140,20.246.144.145,20.246.144.213,40.71.11.140",
            "public_network_access_enabled": true,
            "resource_group_name": "sageinsure-rg",
            "service_plan_id": "/subscriptions/2bfa9715-785b-445f-8102-6a423a7495ef/resourceGroups/sageinsure-rg/providers/Microsoft.Web/serverFarms/sageinsure-api-plan",
            "site_config": [
              {
                "always_on": true,
                "api_definition_url": "",
                "api_management_api_id": "",
                "app_command_line": "gunicorn -w 4 -k uvicorn.workers.UvicornWorker app:app",
                "application_stack": [
                  {
                    "docker_image": "",
                    "docker_image_name": "",
                    "docker_image_tag": "",
                    "docker_registry_password": "",
                    "docker_registry_url": "",
                    "docker_registry_username": "",
                    "dotnet_version": "",
                    "go_version": "",
                    "java_server": "",
                    "java_server_version": "",
                    "java_version": "",
                    "node_version": "",
                    "php_version": "",
                    "python_version": "3.11",
                    "ruby_version": ""
                  }
                ],
                "auto_heal_enabled": false,
                "auto_heal_setting": [],
                "container_registry_managed_identity_client_id": "",
                "container_registry_use_managed_identity": false,
                "cors": [],
                "default_documents": [
                  "Default.htm",
                  "Default.html",
                  "Default.asp",
                  "index.htm",
                  "index.html",
                  "iisstart.htm",
                  "default.aspx",
                  "index.php",
                  "hostingstart.html"
                ],
                "detailed_error_logging_enabled": false,
                "ftps_state": "Disabled",
                "health_check_eviction_time_in_min": 0,
                "health_check_path": "",
                "http2_enabled": false,
                "ip_restriction": [],
                "ip_restriction_default_action": "Allow",
                "linux_fx_version": "PYTHON|3.11",
                "load_balancing_mode": "LeastRequests",
                "local_mysql_enabled": false,
                "managed_pipeline_mode": "Integrated",
                "minimum_tls_version": "1.2",
                "remote_debugging_enabled": false,
                "remote_debugging_version": "VS2022",
                "scm_ip_restriction": [],
                "scm_ip_restriction_default_action": "Allow",
                "scm_minimum_tls_version": "1.2",
                "scm_type": "None",
                "scm_use_main_ip_restriction": false,
                "use_32_bit_worker": true,
                "vnet_route_all_enabled": false,
                "websockets_enabled": false,
                "worker_count": 1
              }
            ],
            "site_credential": [
              {
                "name": "$sageinsure-api",
                "password": "aJJ0Bo0f3ZmmA37NwJsi2a3W3L4JkaXsLZb4EPBwGn4fSwtMiauwlw8jgrvM"
              }
            ],
            "sticky_settings": [],
            "storage_account": [],
            "tags": {},
            "timeouts": null,
            "virtual_network_subnet_id": "",
            "webdeploy_publish_basic_authentication_enabled": true,
            "zip_deploy_file": ""
          },
          "sensitive_attributes": [
            [
              {
                "type": "get_attr",
                "value": "custom_domain_verification_id"
              }
            ],
            [
              {
                "type": "get_attr",
                "value": "site_config"
              },
              {
                "type": "index",
                "value": {
                  "value": 0,
                  "type": "number"
                }
              },
              {
                "type": "get_attr",
                "value": "application_stack"
              },
              {
                "type": "index",
                "value": {
                  "value": 0,
                  "type": "number"
                }
              },
              {
                "type": "get_attr",
                "value": "docker_registry_password"
              }
            ],
            [
              {
                "type": "get_attr",
                "value": "site_credential"
              }
            ]
          ],
          "identity_schema_version": 0,
          "private": "eyJlMmJmYjczMC1lY2FhLTExZTYtOGY4OC0zNDM2M2JjN2M0YzAiOnsiY3JlYXRlIjoxODAwMDAwMDAwMDAwLCJkZWxldGUiOjE4MDAwMDAwMDAwMDAsInJlYWQiOjMwMDAwMDAwMDAwMCwidXBkYXRlIjoxODAwMDAwMDAwMDAwfSwic2NoZW1hX3ZlcnNpb24iOiIxIn0=",
          "dependencies": [
            "azurerm_cognitive_account.openai",
            "azurerm_key_vault.kv",
            "azurerm_resource_group.rg",
            "azurerm_search_service.search",
            "azurerm_service_plan.plan",
            "azurerm_storage_account.sa",
            "data.azuread_client_config.current",
            "random_id.sa"
          ]
        }
      ]
    },
    {
      "mode": "managed",
      "type": "azurerm_resource_group",
      "name": "rg",
      "provider": "provider[\"registry.terraform.io/hashicorp/azurerm\"]",
      "instances": [
        {
          "schema_version": 0,
          "attributes": {
            "id": "/subscriptions/2bfa9715-785b-445f-8102-6a423a7495ef/resourceGroups/sageinsure-rg",
            "location": "eastus",
            "managed_by": "",
            "name": "sageinsure-rg",
            "tags": {},
            "timeouts": null
          },
          "sensitive_attributes": [],
          "identity_schema_version": 0,
          "private": "eyJlMmJmYjczMC1lY2FhLTExZTYtOGY4OC0zNDM2M2JjN2M0YzAiOnsiY3JlYXRlIjo1NDAwMDAwMDAwMDAwLCJkZWxldGUiOjU0MDAwMDAwMDAwMDAsInJlYWQiOjMwMDAwMDAwMDAwMCwidXBkYXRlIjo1NDAwMDAwMDAwMDAwfX0="
        }
      ]
    },
    {
      "mode": "managed",
      "type": "azurerm_role_assignment",
      "name": "api_openai_user",
      "provider": "provider[\"registry.terraform.io/hashicorp/azurerm\"]",
      "instances": [
        {
          "schema_version": 0,
          "attributes": {
            "condition": "",
            "condition_version": "",
            "delegated_managed_identity_resource_id": "",
            "description": "",
            "id": "/subscriptions/2bfa9715-785b-445f-8102-6a423a7495ef/resourceGroups/sageinsure-rg/providers/Microsoft.CognitiveServices/accounts/sageinsure-openai/providers/Microsoft.Authorization/roleAssignments/4210d925-60c8-7d2d-b5a9-7e92c8950383",
            "name": "4210d925-60c8-7d2d-b5a9-7e92c8950383",
            "principal_id": "7b5b4f93-b70c-40bf-8019-cd107484e75d",
            "principal_type": "ServicePrincipal",
            "role_definition_id": "/subscriptions/2bfa9715-785b-445f-8102-6a423a7495ef/providers/Microsoft.Authorization/roleDefinitions/5e0bd9bd-7b93-4f28-af87-19fc36ad61bd",
            "role_definition_name": "Cognitive Services OpenAI User",
            "scope": "/subscriptions/2bfa9715-785b-445f-8102-6a423a7495ef/resourceGroups/sageinsure-rg/providers/Microsoft.CognitiveServices/accounts/sageinsure-openai",
            "skip_service_principal_aad_check": null,
            "timeouts": null
          },
          "sensitive_attributes": [],
          "identity_schema_version": 0,
          "private": "eyJlMmJmYjczMC1lY2FhLTExZTYtOGY4OC0zNDM2M2JjN2M0YzAiOnsiY3JlYXRlIjoxODAwMDAwMDAwMDAwLCJkZWxldGUiOjE4MDAwMDAwMDAwMDAsInJlYWQiOjMwMDAwMDAwMDAwMH19",
          "dependencies": [
            "azurerm_cognitive_account.openai",
            "azurerm_key_vault.kv",
            "azurerm_linux_web_app.api",
            "azurerm_resource_group.rg",
            "azurerm_search_service.search",
            "azurerm_service_plan.plan",
            "azurerm_storage_account.sa",
            "data.azuread_client_config.current",
            "random_id.sa"
          ]
        }
      ]
    },
    {
      "mode": "managed",
      "type": "azurerm_role_assignment",
      "name": "api_search_contributor",
      "provider": "provider[\"registry.terraform.io/hashicorp/azurerm\"]",
      "instances": [
        {
          "schema_version": 0,
          "attributes": {
            "condition": "",
            "condition_version": "",
            "delegated_managed_identity_resource_id": "",
            "description": "",
            "id": "/subscriptions/2bfa9715-785b-445f-8102-6a423a7495ef/resourceGroups/sageinsure-rg/providers/Microsoft.Search/searchServices/sageinsure-search/providers/Microsoft.Authorization/roleAssignments/d331bc0a-7d20-0a04-2fd9-a4c77fb1e5b7",
            "name": "d331bc0a-7d20-0a04-2fd9-a4c77fb1e5b7",
            "principal_id": "7b5b4f93-b70c-40bf-8019-cd107484e75d",
            "principal_type": "ServicePrincipal",
            "role_definition_id": "/subscriptions/2bfa9715-785b-445f-8102-6a423a7495ef/providers/Microsoft.Authorization/roleDefinitions/8ebe5a00-799e-43f5-93ac-243d3dce84a7",
            "role_definition_name": "Search Index Data Contributor",
            "scope": "/subscriptions/2bfa9715-785b-445f-8102-6a423a7495ef/resourceGroups/sageinsure-rg/providers/Microsoft.Search/searchServices/sageinsure-search",
            "skip_service_principal_aad_check": null,
            "timeouts": null
          },
          "sensitive_attributes": [],
          "identity_schema_version": 0,
          "private": "eyJlMmJmYjczMC1lY2FhLTExZTYtOGY4OC0zNDM2M2JjN2M0YzAiOnsiY3JlYXRlIjoxODAwMDAwMDAwMDAwLCJkZWxldGUiOjE4MDAwMDAwMDAwMDAsInJlYWQiOjMwMDAwMDAwMDAwMH19",
          "dependencies": [
            "azurerm_cognitive_account.openai",
            "azurerm_key_vault.kv",
            "azurerm_linux_web_app.api",
            "azurerm_resource_group.rg",
            "azurerm_search_service.search",
            "azurerm_service_plan.plan",
            "azurerm_storage_account.sa",
            "data.azuread_client_config.current",
            "random_id.sa"
          ]
        }
      ]
    },
    {
      "mode": "managed",
      "type": "azurerm_role_assignment",
      "name": "api_search_service",
      "provider": "provider[\"registry.terraform.io/hashicorp/azurerm\"]",
      "instances": [
        {
          "schema_version": 0,
          "attributes": {
            "condition": "",
            "condition_version": "",
            "delegated_managed_identity_resource_id": "",
            "description": "",
            "id": "/subscriptions/2bfa9715-785b-445f-8102-6a423a7495ef/resourceGroups/sageinsure-rg/providers/Microsoft.Search/searchServices/sageinsure-search/providers/Microsoft.Authorization/roleAssignments/95bbf9f1-b832-ecab-589b-e2900b78f739",
            "name": "95bbf9f1-b832-ecab-589b-e2900b78f739",
            "principal_id": "7b5b4f93-b70c-40bf-8019-cd107484e75d",
            "principal_type": "ServicePrincipal",
            "role_definition_id": "/subscriptions/2bfa9715-785b-445f-8102-6a423a7495ef/providers/Microsoft.Authorization/roleDefinitions/7ca78c08-252a-4471-8644-bb5ff32d4ba0",
            "role_definition_name": "Search Service Contributor",
            "scope": "/subscriptions/2bfa9715-785b-445f-8102-6a423a7495ef/resourceGroups/sageinsure-rg/providers/Microsoft.Search/searchServices/sageinsure-search",
            "skip_service_principal_aad_check": null,
            "timeouts": null
          },
          "sensitive_attributes": [],
          "identity_schema_version": 0,
          "private": "eyJlMmJmYjczMC1lY2FhLTExZTYtOGY4OC0zNDM2M2JjN2M0YzAiOnsiY3JlYXRlIjoxODAwMDAwMDAwMDAwLCJkZWxldGUiOjE4MDAwMDAwMDAwMDAsInJlYWQiOjMwMDAwMDAwMDAwMH19",
          "dependencies": [
            "azurerm_cognitive_account.openai",
            "azurerm_key_vault.kv",
            "azurerm_linux_web_app.api",
            "azurerm_resource_group.rg",
            "azurerm_search_service.search",
            "azurerm_service_plan.plan",
            "azurerm_storage_account.sa",
            "data.azuread_client_config.current",
            "random_id.sa"
          ]
        }
      ]
    },
    {
      "mode": "managed",
      "type": "azurerm_role_assignment",
      "name": "api_storage_blob",
      "provider": "provider[\"registry.terraform.io/hashicorp/azurerm\"]",
      "instances": [
        {
          "schema_version": 0,
          "attributes": {
            "condition": "",
            "condition_version": "",
            "delegated_managed_identity_resource_id": "",
            "description": "",
            "id": "/subscriptions/2bfa9715-785b-445f-8102-6a423a7495ef/resourceGroups/sageinsure-rg/providers/Microsoft.Storage/storageAccounts/policydocseedfa81f/providers/Microsoft.Authorization/roleAssignments/f57d6a7e-ae99-209d-d672-74ed9b636673",
            "name": "f57d6a7e-ae99-209d-d672-74ed9b636673",
            "principal_id": "7b5b4f93-b70c-40bf-8019-cd107484e75d",
            "principal_type": "ServicePrincipal",
            "role_definition_id": "/subscriptions/2bfa9715-785b-445f-8102-6a423a7495ef/providers/Microsoft.Authorization/roleDefinitions/ba92f5b4-2d11-453d-a403-e96b0029c9fe",
            "role_definition_name": "Storage Blob Data Contributor",
            "scope": "/subscriptions/2bfa9715-785b-445f-8102-6a423a7495ef/resourceGroups/sageinsure-rg/providers/Microsoft.Storage/storageAccounts/policydocseedfa81f",
            "skip_service_principal_aad_check": null,
            "timeouts": null
          },
          "sensitive_attributes": [],
          "identity_schema_version": 0,
          "private": "eyJlMmJmYjczMC1lY2FhLTExZTYtOGY4OC0zNDM2M2JjN2M0YzAiOnsiY3JlYXRlIjoxODAwMDAwMDAwMDAwLCJkZWxldGUiOjE4MDAwMDAwMDAwMDAsInJlYWQiOjMwMDAwMDAwMDAwMH19",
          "dependencies": [
            "azurerm_cognitive_account.openai",
            "azurerm_key_vault.kv",
            "azurerm_linux_web_app.api",
            "azurerm_resource_group.rg",
            "azurerm_search_service.search",
            "azurerm_service_plan.plan",
            "azurerm_storage_account.sa",
            "data.azuread_client_config.current",
            "random_id.sa"
          ]
        }
      ]
    },
    {
      "mode": "managed",
      "type": "azurerm_search_service",
      "name": "search",
      "provider": "provider[\"registry.terraform.io/hashicorp/azurerm\"]",
      "instances": [
        {
          "schema_version": 0,
          "attributes": {
            "allowed_ips": [],
            "authentication_failure_mode": "",
            "customer_managed_key_enforcement_enabled": false,
            "hosting_mode": "default",
            "id": "/subscriptions/2bfa9715-785b-445f-8102-6a423a7495ef/resourceGroups/sageinsure-rg/providers/Microsoft.Search/searchServices/sageinsure-search",
            "identity": [],
            "local_authentication_enabled": true,
            "location": "eastus",
            "name": "sageinsure-search",
            "partition_count": 1,
            "primary_key": "DYvM0ODN7nEkVxoBy7KtHsCKYcxH6DtUvfg3fQzlO8AzSeBsKgjX",
            "public_network_access_enabled": true,
            "query_keys": [
              {
                "key": "GKx9pbUlECpMhnJMLcnlZmSoQlKqCuF14Xd6lkYwWkAzSeDUEKOa",
                "name": ""
              }
            ],
            "replica_count": 1,
            "resource_group_name": "sageinsure-rg",
            "secondary_key": "3lKpSxtp0lMFTUZskcF4M8Lh9wXnaVI2TneipVLcxMAzSeBsSHgf",
            "semantic_search_sku": "",
            "sku": "standard",
            "tags": {},
            "timeouts": null
          },
          "sensitive_attributes": [
            [
              {
                "type": "get_attr",
                "value": "primary_key"
              }
            ],
            [
              {
                "type": "get_attr",
                "value": "secondary_key"
              }
            ]
          ],
          "identity_schema_version": 0,
          "private": "eyJlMmJmYjczMC1lY2FhLTExZTYtOGY4OC0zNDM2M2JjN2M0YzAiOnsiY3JlYXRlIjozNjAwMDAwMDAwMDAwLCJkZWxldGUiOjM2MDAwMDAwMDAwMDAsInJlYWQiOjMwMDAwMDAwMDAwMCwidXBkYXRlIjozNjAwMDAwMDAwMDAwfX0=",
          "dependencies": [
            "azurerm_resource_group.rg"
          ]
        }
      ]
    },
    {
      "mode": "managed",
      "type": "azurerm_service_plan",
      "name": "plan",
      "provider": "provider[\"registry.terraform.io/hashicorp/azurerm\"]",
      "instances": [
        {
          "schema_version": 1,
          "attributes": {
            "app_service_environment_id": "",
            "id": "/subscriptions/2bfa9715-785b-445f-8102-6a423a7495ef/resourceGroups/sageinsure-rg/providers/Microsoft.Web/serverFarms/sageinsure-api-plan",
            "kind": "linux",
            "location": "eastus",
            "maximum_elastic_worker_count": 1,
            "name": "sageinsure-api-plan",
            "os_type": "Linux",
            "per_site_scaling_enabled": false,
            "reserved": true,
            "resource_group_name": "sageinsure-rg",
            "sku_name": "P1v3",
            "tags": {},
            "timeouts": null,
            "worker_count": 1,
            "zone_balancing_enabled": false
          },
          "sensitive_attributes": [],
          "identity_schema_version": 0,
          "private": "eyJlMmJmYjczMC1lY2FhLTExZTYtOGY4OC0zNDM2M2JjN2M0YzAiOnsiY3JlYXRlIjozNjAwMDAwMDAwMDAwLCJkZWxldGUiOjM2MDAwMDAwMDAwMDAsInJlYWQiOjMwMDAwMDAwMDAwMCwidXBkYXRlIjozNjAwMDAwMDAwMDAwfSwic2NoZW1hX3ZlcnNpb24iOiIxIn0=",
          "dependencies": [
            "azurerm_resource_group.rg"
          ]
        }
      ]
    },
    {
      "mode": "managed",
      "type": "azurerm_storage_account",
      "name": "sa",
      "provider": "provider[\"registry.terraform.io/hashicorp/azurerm\"]",
      "instances": [
        {
          "schema_version": 4,
          "attributes": {
            "access_tier": "Hot",
            "account_kind": "StorageV2",
            "account_replication_type": "LRS",
            "account_tier": "Standard",
            "allow_nested_items_to_be_public": true,
            "allowed_copy_scope": "",
            "azure_files_authentication": [],
            "blob_properties": [
              {
                "change_feed_enabled": false,
                "change_feed_retention_in_days": 0,
                "container_delete_retention_policy": [],
                "cors_rule": [],
                "default_service_version": "",
                "delete_retention_policy": [],
                "last_access_time_enabled": false,
                "restore_policy": [],
                "versioning_enabled": false
              }
            ],
            "cross_tenant_replication_enabled": true,
            "custom_domain": [],
            "customer_managed_key": [],
            "default_to_oauth_authentication": false,
            "dns_endpoint_type": "Standard",
            "edge_zone": "",
            "enable_https_traffic_only": true,
            "https_traffic_only_enabled": true,
            "id": "/subscriptions/2bfa9715-785b-445f-8102-6a423a7495ef/resourceGroups/sageinsure-rg/providers/Microsoft.Storage/storageAccounts/policydocseedfa81f",
            "identity": [],
            "immutability_policy": [],
            "infrastructure_encryption_enabled": false,
            "is_hns_enabled": false,
            "large_file_share_enabled": false,
            "local_user_enabled": true,
            "location": "eastus",
            "min_tls_version": "TLS1_2",
            "name": "policydocseedfa81f",
            "network_rules": [],
            "nfsv3_enabled": false,
            "primary_access_key": "RXVgxh41mGNAgHoXZdp9GDrRKF2VHqPi4Sv+StcAowJ4jMe+gWvZVF1Y6FPGWK6aMJtrn9D3OjQ3+AStFKSd8g==",
            "primary_blob_connection_string": "DefaultEndpointsProtocol=https;BlobEndpoint=https://policydocseedfa81f.blob.core.windows.net/;AccountName=policydocseedfa81f;AccountKey=RXVgxh41mGNAgHoXZdp9GDrRKF2VHqPi4Sv+StcAowJ4jMe+gWvZVF1Y6FPGWK6aMJtrn9D3OjQ3+AStFKSd8g==",
            "primary_blob_endpoint": "https://policydocseedfa81f.blob.core.windows.net/",
            "primary_blob_host": "policydocseedfa81f.blob.core.windows.net",
            "primary_blob_internet_endpoint": "",
            "primary_blob_internet_host": "",
            "primary_blob_microsoft_endpoint": "",
            "primary_blob_microsoft_host": "",
            "primary_connection_string": "DefaultEndpointsProtocol=https;AccountName=policydocseedfa81f;AccountKey=RXVgxh41mGNAgHoXZdp9GDrRKF2VHqPi4Sv+StcAowJ4jMe+gWvZVF1Y6FPGWK6aMJtrn9D3OjQ3+AStFKSd8g==;EndpointSuffix=core.windows.net",
            "primary_dfs_endpoint": "https://policydocseedfa81f.dfs.core.windows.net/",
            "primary_dfs_host": "policydocseedfa81f.dfs.core.windows.net",
            "primary_dfs_internet_endpoint": "",
            "primary_dfs_internet_host": "",
            "primary_dfs_microsoft_endpoint": "",
            "primary_dfs_microsoft_host": "",
            "primary_file_endpoint": "https://policydocseedfa81f.file.core.windows.net/",
            "primary_file_host": "policydocseedfa81f.file.core.windows.net",
            "primary_file_internet_endpoint": "",
            "primary_file_internet_host": "",
            "primary_file_microsoft_endpoint": "",
            "primary_file_microsoft_host": "",
            "primary_location": "eastus",
            "primary_queue_endpoint": "https://policydocseedfa81f.queue.core.windows.net/",
            "primary_queue_host": "policydocseedfa81f.queue.core.windows.net",
            "primary_queue_microsoft_endpoint": "",
            "primary_queue_microsoft_host": "",
            "primary_table_endpoint": "https://policydocseedfa81f.table.core.windows.net/",
            "primary_table_host": "policydocseedfa81f.table.core.windows.net",
            "primary_table_microsoft_endpoint": "",
            "primary_table_microsoft_host": "",
            "primary_web_endpoint": "https://policydocseedfa81f.z13.web.core.windows.net/",
            "primary_web_host": "policydocseedfa81f.z13.web.core.windows.net",
            "primary_web_internet_endpoint": "",
            "primary_web_internet_host": "",
            "primary_web_microsoft_endpoint": "",
            "primary_web_microsoft_host": "",
            "public_network_access_enabled": true,
            "queue_encryption_key_type": "Service",
            "queue_properties": [
              {
                "cors_rule": [],
                "hour_metrics": [
                  {
                    "enabled": false,
                    "include_apis": false,
                    "retention_policy_days": 0,
                    "version": "1.0"
                  }
                ],
                "logging": [
                  {
                    "delete": false,
                    "read": false,
                    "retention_policy_days": 0,
                    "version": "1.0",
                    "write": false
                  }
                ],
                "minute_metrics": [
                  {
                    "enabled": false,
                    "include_apis": false,
                    "retention_policy_days": 0,
                    "version": "1.0"
                  }
                ]
              }
            ],
            "resource_group_name": "sageinsure-rg",
            "routing": [],
            "sas_policy": [],
            "secondary_access_key": "yLExsVVHfwL3KL5yfCNFZjK7vyJ6YcJ6DJUHgAMmjade57Pn4KrgNulPMHOLguW0/eEeLMrOAx/Y+AStWfWW+A==",
            "secondary_blob_connection_string": "",
            "secondary_blob_endpoint": "",
            "secondary_blob_host": "",
            "secondary_blob_internet_endpoint": "",
            "secondary_blob_internet_host": "",
            "secondary_blob_microsoft_endpoint": "",
            "secondary_blob_microsoft_host": "",
            "secondary_connection_string": "DefaultEndpointsProtocol=https;AccountName=policydocseedfa81f;AccountKey=yLExsVVHfwL3KL5yfCNFZjK7vyJ6YcJ6DJUHgAMmjade57Pn4KrgNulPMHOLguW0/eEeLMrOAx/Y+AStWfWW+A==;EndpointSuffix=core.windows.net",
            "secondary_dfs_endpoint": "",
            "secondary_dfs_host": "",
            "secondary_dfs_internet_endpoint": "",
            "secondary_dfs_internet_host": "",
            "secondary_dfs_microsoft_endpoint": "",
            "secondary_dfs_microsoft_host": "",
            "secondary_file_endpoint": "",
            "secondary_file_host": "",
            "secondary_file_internet_endpoint": "",
            "secondary_file_internet_host": "",
            "secondary_file_microsoft_endpoint": "",
            "secondary_file_microsoft_host": "",
            "secondary_location": "",
            "secondary_queue_endpoint": "",
            "secondary_queue_host": "",
            "secondary_queue_microsoft_endpoint": "",
            "secondary_queue_microsoft_host": "",
            "secondary_table_endpoint": "",
            "secondary_table_host": "",
            "secondary_table_microsoft_endpoint": "",
            "secondary_table_microsoft_host": "",
            "secondary_web_endpoint": "",
            "secondary_web_host": "",
            "secondary_web_internet_endpoint": "",
            "secondary_web_internet_host": "",
            "secondary_web_microsoft_endpoint": "",
            "secondary_web_microsoft_host": "",
            "sftp_enabled": false,
            "share_properties": [
              {
                "cors_rule": [],
                "retention_policy": [
                  {
                    "days": 7
                  }
                ],
                "smb": []
              }
            ],
            "shared_access_key_enabled": true,
            "static_website": [],
            "table_encryption_key_type": "Service",
            "tags": {},
            "timeouts": null
          },
          "sensitive_attributes": [
            [
              {
                "type": "get_attr",
                "value": "primary_access_key"
              }
            ],
            [
              {
                "type": "get_attr",
                "value": "primary_blob_connection_string"
              }
            ],
            [
              {
                "type": "get_attr",
                "value": "primary_connection_string"
              }
            ],
            [
              {
                "type": "get_attr",
                "value": "secondary_access_key"
              }
            ],
            [
              {
                "type": "get_attr",
                "value": "secondary_blob_connection_string"
              }
            ],
            [
              {
                "type": "get_attr",
                "value": "secondary_connection_string"
              }
            ]
          ],
          "identity_schema_version": 0,
          "private": "eyJlMmJmYjczMC1lY2FhLTExZTYtOGY4OC0zNDM2M2JjN2M0YzAiOnsiY3JlYXRlIjozNjAwMDAwMDAwMDAwLCJkZWxldGUiOjM2MDAwMDAwMDAwMDAsInJlYWQiOjMwMDAwMDAwMDAwMCwidXBkYXRlIjozNjAwMDAwMDAwMDAwfSwic2NoZW1hX3ZlcnNpb24iOiI0In0=",
          "dependencies": [
            "azurerm_resource_group.rg",
            "random_id.sa"
          ]
        }
      ]
    },
    {
      "mode": "managed",
      "type": "azurerm_storage_blob",
      "name": "sample_auto_policy",
      "provider": "provider[\"registry.terraform.io/hashicorp/azurerm\"]",
      "instances": [
        {
          "schema_version": 1,
          "attributes": {
            "access_tier": "Hot",
            "cache_control": "",
            "content_md5": "",
            "content_type": "application/octet-stream",
            "encryption_scope": "",
            "id": "https://policydocseedfa81f.blob.core.windows.net/policy-docs/auto-policy-template.json",
            "metadata": {},
            "name": "auto-policy-template.json",
            "parallelism": 8,
            "size": 0,
            "source": null,
            "source_content": "{\"category\":\"Auto\",\"content\":\"Comprehensive auto insurance policy covering liability, collision, comprehensive, and uninsured motorist protection. Includes coverage for bodily injury, property damage, medical payments, and rental car reimbursement. Deductibles and limits vary by coverage selection.\",\"coverageTypes\":[\"Liability\",\"Collision\",\"Comprehensive\",\"Uninsured Motorist\"],\"effectiveDate\":\"2024-01-01T00:00:00Z\",\"id\":\"auto-001\",\"policyLimits\":{\"collision\":\"$50,000\",\"comprehensive\":\"$50,000\",\"liability\":\"$500,000\"},\"title\":\"Auto Insurance Policy Template\"}",
            "source_uri": null,
            "storage_account_name": "policydocseedfa81f",
            "storage_container_name": "policy-docs",
            "timeouts": null,
            "type": "Block",
            "url": "https://policydocseedfa81f.blob.core.windows.net/policy-docs/auto-policy-template.json"
          },
          "sensitive_attributes": [],
          "identity_schema_version": 0,
          "private": "eyJlMmJmYjczMC1lY2FhLTExZTYtOGY4OC0zNDM2M2JjN2M0YzAiOnsiY3JlYXRlIjoxODAwMDAwMDAwMDAwLCJkZWxldGUiOjE4MDAwMDAwMDAwMDAsInJlYWQiOjMwMDAwMDAwMDAwMCwidXBkYXRlIjoxODAwMDAwMDAwMDAwfSwic2NoZW1hX3ZlcnNpb24iOiIxIn0=",
          "dependencies": [
            "azurerm_resource_group.rg",
            "azurerm_storage_account.sa",
            "azurerm_storage_container.policy_docs",
            "random_id.sa"
          ]
        }
      ]
    },
    {
      "mode": "managed",
      "type": "azurerm_storage_blob",
      "name": "sample_marine_policy",
      "provider": "provider[\"registry.terraform.io/hashicorp/azurerm\"]",
      "instances": [
        {
          "schema_version": 1,
          "attributes": {
            "access_tier": "Hot",
            "cache_control": "",
            "content_md5": "",
            "content_type": "application/octet-stream",
            "encryption_scope": "",
            "id": "https://policydocseedfa81f.blob.core.windows.net/policy-docs/marine-policy-template.json",
            "metadata": {},
            "name": "marine-policy-template.json",
            "parallelism": 8,
            "size": 0,
            "source": null,
            "source_content": "{\"category\":\"Marine\",\"content\":\"This marine insurance policy covers vessels, cargo, and marine liabilities. Coverage includes hull damage, machinery breakdown, collision liability, and cargo loss or damage during transit. Policy limits apply based on vessel value and cargo type. Deductibles vary by coverage type.\",\"coverageTypes\":[\"Hull\",\"Machinery\",\"Cargo\",\"Liability\"],\"effectiveDate\":\"2024-01-01T00:00:00Z\",\"id\":\"marine-001\",\"policyLimits\":{\"cargo\":\"$2,000,000\",\"hull\":\"$5,000,000\",\"liability\":\"$10,000,000\"},\"title\":\"Marine Insurance Policy Template\"}",
            "source_uri": null,
            "storage_account_name": "policydocseedfa81f",
            "storage_container_name": "policy-docs",
            "timeouts": null,
            "type": "Block",
            "url": "https://policydocseedfa81f.blob.core.windows.net/policy-docs/marine-policy-template.json"
          },
          "sensitive_attributes": [],
          "identity_schema_version": 0,
          "private": "eyJlMmJmYjczMC1lY2FhLTExZTYtOGY4OC0zNDM2M2JjN2M0YzAiOnsiY3JlYXRlIjoxODAwMDAwMDAwMDAwLCJkZWxldGUiOjE4MDAwMDAwMDAwMDAsInJlYWQiOjMwMDAwMDAwMDAwMCwidXBkYXRlIjoxODAwMDAwMDAwMDAwfSwic2NoZW1hX3ZlcnNpb24iOiIxIn0=",
          "dependencies": [
            "azurerm_resource_group.rg",
            "azurerm_storage_account.sa",
            "azurerm_storage_container.policy_docs",
            "random_id.sa"
          ]
        }
      ]
    },
    {
      "mode": "managed",
      "type": "azurerm_storage_blob",
      "name": "sample_property_policy",
      "provider": "provider[\"registry.terraform.io/hashicorp/azurerm\"]",
      "instances": [
        {
          "schema_version": 1,
          "attributes": {
            "access_tier": "Hot",
            "cache_control": "",
            "content_md5": "",
            "content_type": "application/octet-stream",
            "encryption_scope": "",
            "id": "https://policydocseedfa81f.blob.core.windows.net/policy-docs/property-policy-template.json",
            "metadata": {},
            "name": "property-policy-template.json",
            "parallelism": 8,
            "size": 0,
            "source": null,
            "source_content": "{\"category\":\"Property\",\"content\":\"Property insurance covering residential and commercial buildings, contents, and business interruption. Protection against fire, theft, vandalism, natural disasters, and liability claims. Coverage includes replacement cost for buildings and personal property.\",\"coverageTypes\":[\"Building\",\"Contents\",\"Liability\",\"Business Interruption\"],\"effectiveDate\":\"2024-01-01T00:00:00Z\",\"id\":\"property-001\",\"policyLimits\":{\"building\":\"$1,000,000\",\"contents\":\"$500,000\",\"liability\":\"$2,000,000\"},\"title\":\"Property Insurance Policy Template\"}",
            "source_uri": null,
            "storage_account_name": "policydocseedfa81f",
            "storage_container_name": "policy-docs",
            "timeouts": null,
            "type": "Block",
            "url": "https://policydocseedfa81f.blob.core.windows.net/policy-docs/property-policy-template.json"
          },
          "sensitive_attributes": [],
          "identity_schema_version": 0,
          "private": "eyJlMmJmYjczMC1lY2FhLTExZTYtOGY4OC0zNDM2M2JjN2M0YzAiOnsiY3JlYXRlIjoxODAwMDAwMDAwMDAwLCJkZWxldGUiOjE4MDAwMDAwMDAwMDAsInJlYWQiOjMwMDAwMDAwMDAwMCwidXBkYXRlIjoxODAwMDAwMDAwMDAwfSwic2NoZW1hX3ZlcnNpb24iOiIxIn0=",
          "dependencies": [
            "azurerm_resource_group.rg",
            "azurerm_storage_account.sa",
            "azurerm_storage_container.policy_docs",
            "random_id.sa"
          ]
        }
      ]
    },
    {
      "mode": "managed",
      "type": "azurerm_storage_container",
      "name": "customer_policy",
      "provider": "provider[\"registry.terraform.io/hashicorp/azurerm\"]",
      "instances": [
        {
          "schema_version": 1,
          "attributes": {
            "container_access_type": "private",
            "default_encryption_scope": "$account-encryption-key",
            "encryption_scope_override_enabled": true,
            "has_immutability_policy": false,
            "has_legal_hold": false,
            "id": "https://policydocseedfa81f.blob.core.windows.net/customer-policy",
            "metadata": {},
            "name": "customer-policy",
            "resource_manager_id": "/subscriptions/2bfa9715-785b-445f-8102-6a423a7495ef/resourceGroups/sageinsure-rg/providers/Microsoft.Storage/storageAccounts/policydocseedfa81f/blobServices/default/containers/customer-policy",
            "storage_account_name": "policydocseedfa81f",
            "timeouts": null
          },
          "sensitive_attributes": [],
          "identity_schema_version": 0,
          "private": "eyJlMmJmYjczMC1lY2FhLTExZTYtOGY4OC0zNDM2M2JjN2M0YzAiOnsiY3JlYXRlIjoxODAwMDAwMDAwMDAwLCJkZWxldGUiOjE4MDAwMDAwMDAwMDAsInJlYWQiOjMwMDAwMDAwMDAwMCwidXBkYXRlIjoxODAwMDAwMDAwMDAwfSwic2NoZW1hX3ZlcnNpb24iOiIxIn0=",
          "dependencies": [
            "azurerm_resource_group.rg",
            "azurerm_storage_account.sa",
            "random_id.sa"
          ]
        }
      ]
    },
    {
      "mode": "managed",
      "type": "azurerm_storage_container",
      "name": "policy_docs",
      "provider": "provider[\"registry.terraform.io/hashicorp/azurerm\"]",
      "instances": [
        {
          "schema_version": 1,
          "attributes": {
            "container_access_type": "private",
            "default_encryption_scope": "$account-encryption-key",
            "encryption_scope_override_enabled": true,
            "has_immutability_policy": false,
            "has_legal_hold": false,
            "id": "https://policydocseedfa81f.blob.core.windows.net/policy-docs",
            "metadata": {},
            "name": "policy-docs",
            "resource_manager_id": "/subscriptions/2bfa9715-785b-445f-8102-6a423a7495ef/resourceGroups/sageinsure-rg/providers/Microsoft.Storage/storageAccounts/policydocseedfa81f/blobServices/default/containers/policy-docs",
            "storage_account_name": "policydocseedfa81f",
            "timeouts": null
          },
          "sensitive_attributes": [],
          "identity_schema_version": 0,
          "private": "eyJlMmJmYjczMC1lY2FhLTExZTYtOGY4OC0zNDM2M2JjN2M0YzAiOnsiY3JlYXRlIjoxODAwMDAwMDAwMDAwLCJkZWxldGUiOjE4MDAwMDAwMDAwMDAsInJlYWQiOjMwMDAwMDAwMDAwMCwidXBkYXRlIjoxODAwMDAwMDAwMDAwfSwic2NoZW1hX3ZlcnNpb24iOiIxIn0=",
          "dependencies": [
            "azurerm_resource_group.rg",
            "azurerm_storage_account.sa",
            "random_id.sa"
          ]
        }
      ]
    },
    {
      "mode": "managed",
      "type": "null_resource",
      "name": "policy_index",
      "provider": "provider[\"registry.terraform.io/hashicorp/null\"]",
      "instances": [
        {
          "schema_version": 0,
          "attributes": {
            "id": "2547587085678159445",
            "triggers": null
          },
          "sensitive_attributes": [],
          "identity_schema_version": 0,
          "dependencies": [
            "azurerm_resource_group.rg",
            "azurerm_search_service.search"
          ]
        }
      ]
    },
    {
      "mode": "managed",
      "type": "null_resource",
      "name": "policy_semantic_config",
      "provider": "provider[\"registry.terraform.io/hashicorp/null\"]",
      "instances": [
        {
          "schema_version": 0,
          "attributes": {
            "id": "3308222306187641566",
            "triggers": null
          },
          "sensitive_attributes": [],
          "identity_schema_version": 0,
          "dependencies": [
            "azurerm_resource_group.rg",
            "azurerm_search_service.search",
            "null_resource.policy_index"
          ]
        }
      ]
    },
    {
      "mode": "managed",
      "type": "random_id",
      "name": "sa",
      "provider": "provider[\"registry.terraform.io/hashicorp/random\"]",
      "instances": [
        {
          "schema_version": 0,
          "attributes": {
            "b64_std": "7t+oHw==",
            "b64_url": "7t-oHw",
            "byte_length": 4,
            "dec": "4007634975",
            "hex": "eedfa81f",
            "id": "7t-oHw",
            "keepers": null,
            "prefix": null
          },
          "sensitive_attributes": [],
          "identity_schema_version": 0
        }
      ]
    },
    {
      "module": "module.aks",
      "mode": "managed",
      "type": "azurerm_kubernetes_cluster",
      "name": "aks",
      "provider": "provider[\"registry.terraform.io/hashicorp/azurerm\"]",
      "instances": [
        {
          "schema_version": 2,
          "attributes": {
            "aci_connector_linux": [],
            "api_server_access_profile": [],
            "api_server_authorized_ip_ranges": [],
            "auto_scaler_profile": [
              {
                "balance_similar_node_groups": false,
                "empty_bulk_delete_max": "10",
                "expander": "random",
                "max_graceful_termination_sec": "600",
                "max_node_provisioning_time": "15m",
                "max_unready_nodes": 3,
                "max_unready_percentage": 45,
                "new_pod_scale_up_delay": "10s",
                "scale_down_delay_after_add": "10m",
                "scale_down_delay_after_delete": "10s",
                "scale_down_delay_after_failure": "3m",
                "scale_down_unneeded": "10m",
                "scale_down_unready": "20m",
                "scale_down_utilization_threshold": "0.5",
                "scan_interval": "10s",
                "skip_nodes_with_local_storage": true,
                "skip_nodes_with_system_pods": true
              }
            ],
            "automatic_channel_upgrade": "",
            "azure_active_directory_role_based_access_control": [
              {
                "admin_group_object_ids": [],
                "azure_rbac_enabled": true,
                "client_app_id": "",
                "managed": true,
                "server_app_id": "",
                "server_app_secret": "",
                "tenant_id": "e9394f90-446d-41dd-8c8c-98ac08c5f090"
              }
            ],
            "azure_policy_enabled": true,
            "confidential_computing": [],
            "cost_analysis_enabled": false,
            "current_kubernetes_version": "1.30.6",
            "custom_ca_trust_certificates_base64": [],
            "default_node_pool": [
              {
                "capacity_reservation_group_id": "",
                "custom_ca_trust_enabled": false,
                "enable_auto_scaling": true,
                "enable_host_encryption": false,
                "enable_node_public_ip": false,
                "fips_enabled": false,
                "gpu_instance": "",
                "host_group_id": "",
                "kubelet_config": [],
                "kubelet_disk_type": "OS",
                "linux_os_config": [],
                "max_count": 3,
                "max_pods": 30,
                "message_of_the_day": "",
                "min_count": 1,
                "name": "system",
                "node_count": 1,
                "node_labels": {
                  "role": "system"
                },
                "node_network_profile": [],
                "node_public_ip_prefix_id": "",
                "node_taints": [],
                "only_critical_addons_enabled": false,
                "orchestrator_version": "1.30.6",
                "os_disk_size_gb": 30,
                "os_disk_type": "Managed",
                "os_sku": "Ubuntu",
                "pod_subnet_id": "",
                "proximity_placement_group_id": "",
                "scale_down_mode": "Delete",
                "snapshot_id": "",
                "tags": {},
                "temporary_name_for_rotation": "",
                "type": "VirtualMachineScaleSets",
                "ultra_ssd_enabled": false,
                "upgrade_settings": [
                  {
                    "drain_timeout_in_minutes": 0,
                    "max_surge": "10%",
                    "node_soak_duration_in_minutes": 0
                  }
                ],
                "vm_size": "Standard_D2s_v3",
                "vnet_subnet_id": "/subscriptions/2bfa9715-785b-445f-8102-6a423a7495ef/resourceGroups/sageinsure-rg/providers/Microsoft.Network/virtualNetworks/sageinsure-vnet/subnets/aks-subnet",
                "workload_runtime": "",
                "zones": []
              }
            ],
            "disk_encryption_set_id": "",
            "dns_prefix": "sageinsure",
            "dns_prefix_private_cluster": "",
            "edge_zone": "",
            "enable_pod_security_policy": false,
            "fqdn": "sageinsure-bgchoyio.hcp.eastus.azmk8s.io",
            "http_application_routing_enabled": false,
            "http_application_routing_zone_name": "",
            "http_proxy_config": [],
            "id": "/subscriptions/2bfa9715-785b-445f-8102-6a423a7495ef/resourceGroups/sageinsure-rg/providers/Microsoft.ContainerService/managedClusters/sageinsure-aks",
            "identity": [
              {
                "identity_ids": [
                  "/subscriptions/2bfa9715-785b-445f-8102-6a423a7495ef/resourceGroups/sageinsure-rg/providers/Microsoft.ManagedIdentity/userAssignedIdentities/sageinsure-aks-cluster-identity"
                ],
                "principal_id": "",
                "tenant_id": "",
                "type": "UserAssigned"
              }
            ],
            "image_cleaner_enabled": false,
            "image_cleaner_interval_hours": 48,
            "ingress_application_gateway": [],
            "key_management_service": [],
            "key_vault_secrets_provider": [
              {
                "secret_identity": [
                  {
                    "client_id": "26e278a4-b9af-463d-b492-6f03ec3af930",
                    "object_id": "ac538dc6-84f6-441e-b8e9-b71325d62005",
                    "user_assigned_identity_id": "/subscriptions/2bfa9715-785b-445f-8102-6a423a7495ef/resourcegroups/MC_sageinsure-rg_sageinsure-aks_eastus/providers/Microsoft.ManagedIdentity/userAssignedIdentities/azurekeyvaultsecretsprovider-sageinsure-aks"
                  }
                ],
                "secret_rotation_enabled": true,
                "secret_rotation_interval": "2m"
              }
            ],
            "kube_admin_config": [
              {
                "client_certificate": "LS0tLS1CRUdJTiBDRVJUSUZJQ0FURS0tLS0tCk1JSUZIVENDQXdXZ0F3SUJBZ0lRUmdKQkRXbUZkaS9EaENsVEwrNXpRakFOQmdrcWhraUc5dzBCQVFzRkFEQU4KTVFzd0NRWURWUVFERXdKallUQWVGdzB5TlRBNE1qWXhPREUzTlRkYUZ3MHlOekE0TWpZeE9ESTNOVGRhTURBeApGekFWQmdOVkJBb1REbk41YzNSbGJUcHRZWE4wWlhKek1SVXdFd1lEVlFRREV3eHRZWE4wWlhKamJHbGxiblF3CmdnSWlNQTBHQ1NxR1NJYjNEUUVCQVFVQUE0SUNEd0F3Z2dJS0FvSUNBUURucjNWeVpoVjBVZXJhZHloRGF4VkoKdm83aXh1Nkp0MFpJemdsR1c0SjJpQnF3dFQvb01rSVliUVp2Nzd6RWhITzhnazJWa3VOWTFiQmVZQXIvR2tERgpWaGg0bVJXYjFYRkFOd1BCcWkrNjhKSTd3ejlVT1UzY1VXMWpBNHVGYW14b0k2U05HeXd5TlRTVWVmUnZ6Vmd4CmRaZnV3YWJWR0ZtbytMNHZhMytqK1lBWkdnWkdpRHBxZERZRDl5ZGY5bzdRaWM3bURBcjNMREVwVnExMzFVRGQKOTlXQ0FrRUUxSms4aGNYZndURk5CSG9VZ0IzUmdLbnQxMnhlNk9tM3hRem1MSDcvZUoxVGZqa2lZd1FnNGprcApLaXR4REtGNGIzNU5rVkNaSzR5a2dONEQrWDVIMjRNSC80dVJTeWw2aFpYd3puaGNkNyt0UXRLMXROcmg3TTd4CllJWTByS2Y5SEJrTXBZS2lWeWVzYXpPc01BeUg2MUdDNzlFTjFnbktzelErODhOOTI5N081QStyUnhGUGpYcDEKVy9DT3BPeElsYy9GWmxsVDNBK3Y3Q21IZGlXMFU5cGNLME0vbWZubGVsSUxUYnhSZlE1VFFvVERZMzB0YS9ZWQp1UU9SZUJXUnJQY2JPeEdPRkY2UHJWbFFnUlJERCtFOHlzeVVNcThmMnBmUWlIc2E3OEt0ZWQ3cmdXV1g2YVdZCnJMM3l6UG9BdnBLRzNuYTNFaHBacytMeDN1ck15c0FZc1NIYUNUbHlBd1dMd2txTFZCbHFRWXVOVGZaa3Vxb2EKVGNOTnVLcjJYMnI4TGprMGJYTXhicjNuTkNhMVdlTElTUGM4VWJNOVovNXNFOFU2cTQ2MHRlc2w4cWw3TTJjTwpNR3MvcVo2bWNQSGNyNlhTSFc5MXlRSURBUUFCbzFZd1ZEQU9CZ05WSFE4QkFmOEVCQU1DQmFBd0V3WURWUjBsCkJBd3dDZ1lJS3dZQkJRVUhBd0l3REFZRFZSMFRBUUgvQkFJd0FEQWZCZ05WSFNNRUdEQVdnQlR4VDFqRlJWQUkKSU5BSVpLUnFTdHdXbTRTMnJqQU5CZ2txaGtpRzl3MEJBUXNGQUFPQ0FnRUEwc3lPSDdmWHc1eUpLM0JDbFUyYgpMUUNTd2hKelFpMWw3OFJEcXEzcVMza1RYNE1EVFdTWmUzdTNCT2FoVW0rUllmcnNvRjFhb2NJZWNCMlQwb29sCmV4NUpVNEsxSUZhODhBeXJrbDlFU29PdUd5UVAvUW9DSnR1TEt6RDlTOFk3amluTnJhL0dSS3EzRFpCaGVWaTYKYzJGZWhOKzVYblYxQUhhZTQwcThUY0UzeWJGVUpQUEFKNGdaU1FyVDBLSEd0TmQ2NG5NcGsrcmJzOUp4cEpkaApvUlhUNnN1QkFLcUNCUmpyL3dkVmxrVUxIdHUxb1lUa0Q1NHMvQThWQVBzWVl1QUc5Y3o3aEJhME1URC9jaHBUCnIxcGZHREtDVkxsTmdsTUJCZzBiSzE2ZmZSWktyb2t0dEhhZmVpakpCdS9GUHlpMnpWM1BlTFZVVmE2TG5La1AKMUdRcWVnb0RqWlE4bXdGWkxzZXNmWjd6c2dSVU5la1NoMmw3LytscmhsSVZQM3dqbHltZGk0TmxESFY2TGNLWApzSTA5NTdCMXVWb3VWengwOGtXK3R0ZkdwRGYxU2x0dEhIbUl6bWxWNUVlQy9hYlY2eVdQZkhqRU9QTzQrTTZ0CmRmbjlBSHpPZ2VydFRvRXJ2UjI2ay8rSVJSRXozcEcvclkrZWxUZEY4RTdmQy9BRnQyRmt3bm1NTUl4K3RvajgKaHVVU0lYbi9WeVlGUXgzUnV2d2VRL2lpc2RNK1ZCRTdGQWd0UDdQZ3lSdFVYc3dPeXBXR0U5ODFkZStTNHUwdwpCVFNFZHZtTFhWRG04U3VhR3NEK29wN0xTenI4MlRZNjFJTjdkMUk2dnNsMWEwMndTWjRaR2l2S3ZqNnUwNmxNCmNVVys2bG41YjJqWm1rRlloby9ETlcwPQotLS0tLUVORCBDRVJUSUZJQ0FURS0tLS0tCg==",
                "client_key": "LS0tLS1CRUdJTiBSU0EgUFJJVkFURSBLRVktLS0tLQpNSUlKS1FJQkFBS0NBZ0VBNTY5MWNtWVZkRkhxMm5jb1Eyc1ZTYjZPNHNidWliZEdTTTRKUmx1Q2RvZ2FzTFUvCjZESkNHRzBHYisrOHhJUnp2SUpObFpMaldOV3dYbUFLL3hwQXhWWVllSmtWbTlWeFFEY0R3YW92dXZDU084TS8KVkRsTjNGRnRZd09MaFdwc2FDT2tqUnNzTWpVMGxIbjBiODFZTVhXWDdzR20xUmhacVBpK0wydC9vL21BR1JvRwpSb2c2YW5RMkEvY25YL2FPMEluTzVnd0s5eXd4S1ZhdGQ5VkEzZmZWZ2dKQkJOU1pQSVhGMzhFeFRRUjZGSUFkCjBZQ3A3ZGRzWHVqcHQ4VU01aXgrLzNpZFUzNDVJbU1FSU9JNUtTb3JjUXloZUc5K1RaRlFtU3VNcElEZUEvbCsKUjl1REIvK0xrVXNwZW9XVjhNNTRYSGUvclVMU3RiVGE0ZXpPOFdDR05LeW4vUndaREtXQ29sY25yR3N6ckRBTQpoK3RSZ3UvUkRkWUp5ck0wUHZQRGZkdmV6dVFQcTBjUlQ0MTZkVnZ3anFUc1NKWFB4V1paVTl3UHIrd3BoM1lsCnRGUGFYQ3REUDVuNTVYcFNDMDI4VVgwT1UwS0V3Mk45TFd2MkdMa0RrWGdWa2F6M0d6c1JqaFJlajYxWlVJRVUKUXcvaFBNck1sREt2SDlxWDBJaDdHdS9DclhuZTY0RmxsK21sbUt5OThzejZBTDZTaHQ1MnR4SWFXYlBpOGQ3cQp6TXJBR0xFaDJnazVjZ01GaThKS2kxUVpha0dMalUzMlpMcXFHazNEVGJpcTlsOXEvQzQ1Tkcxek1XNjk1elFtCnRWbml5RWozUEZHelBXZitiQlBGT3F1T3RMWHJKZktwZXpObkRqQnJQNm1lcG5EeDNLK2wwaDF2ZGNrQ0F3RUEKQVFLQ0FnQVFIU3g5TEpZaEZTZDcvVjM2czhKekhXMVdYdGF0YVJGYTNxQlhnK1dDMy93c2s5YWlOdDM3cHBnKwoyeWVWRlhudjZselhZb21CeVdSWnZyS3Fib1dERkNDM1FUMGhyYlU4UXZkTEZpUDVZUTBTcjFydFo5K1VvTUhoCkUrM2dJQ0x5YXA3aHhPVGgzY0I1U1RMVDZkalFvU2lwamFUUVhSVmVBcnJ3Nm1MM2RuMTUxczBKUlNWUm9uYUsKb21YYkwweXg1V1o5LytnWUFUdFpjREs0SUhMQlhYWThuaDB1a2FqU0dhTWJFOEZJT3QrbUl3a0ZPV2t0a1N1ZQpQWjNhZWJxU3h4VW9LSmZzcHQxTGJubEFNNVp5ZzFaLzBqYzlmS2V3dG0yQUp4UVhuRWVVeURBSHlHcUllUXR0CjFoS2RvbTA4MFR6SmdFeXFaM2puU1hFUWdKdHpTQnROVlFCWDZvK2JNSUhZbXdFeHVOQ3NhSjMxS05PR25JaFkKMXo4SjhkSzVBWGcrVVVyM3pBQmdzRlNjci8zWGZhQ21XcndTWVVIUkpaOGh4dFE2cHhOVWorNS9YdnB0U3RuSQplOW9kSWpVQ1FMY1R0R3VqRVhxL3ZDWHFjTTI5dFlxUEhtMk0vcGpud0lza3FSR250ajdRRTV3NCtMK2tkSERmClU4VjQ2VXpmcG0vMDhpWHhmWFVpc1hFMVVaSHc0bVZ2ZFlYb2JsUUNCb0hxbjErUENjTVhLUUFDdWJhNHd6cW8KUUx0WUdSMGN5ZU1TSjNYTmdhRHZTS3ZQTjV2WnduaktjdFJsdlNwNHd0Z3ZtTHgrVHI4ZTMrWkU1Mmg5RVVnYgp3Kyt5clBFVFU1dnhabENseUdtKy9hK0tnU2k3T3BSRndaZGh1b1dIQXRyV3p4SU54d0tDQVFFQS9teXlzTzlUCm91ZmxjL0E2RlJVZW9reTd2aUhka1dKd3lQaTZ0TlZYVmN1N2wxcmRmVXFTWFZGamh1OGh6UnJPWWFpN1poVFMKM3drTGFNZGNCTy81TkVDZWVXT2krY25NSGtUU2l6aERqNGJOZ01FMU83NXliZmJNdEVUU2YvREJnQVZJTU5NQQpIUkptUHNoRFczb3JXbW5IMlQ1SkExbi9ab0xIOGxTNWpBaXVzc3NHUmdtWHpDamM5RmQrd0YzWFExa2ZHNnd4ClpDdzVxK2hsM0lxNFJobG1NTmlRODh6QzFZM1VJbXNTVlZBRkVtVXozcUhscGhCYUZVdk1HL2pxVkx0ZXNZTXUKQ1N3WU00OFBBMnhySklCN0VxQ3laVUt6OSsrUFpLdlRGRTdkS3RSU3FVRGhKb21KUWd2YlNTdnFHUjBVT0ZHZgo5OUk1SVZteVZPUnhod0tDQVFFQTZSNjNNd2d2R1lreGNrVUVqSmZjMEpvd2U0VEhtd2ozSytsUHo1UXQwdjZqCkMzYkRiQ1VrSUJGUTJ4OGlzMFJ1MWMzZ3MvYld6NEZHNzFFMWFBMVA0cndvdzZ5cGZUdnFKZ25NaHV1OG5TMlkKSlJuS0NHR05MYTA1bHZNRVhOQmNFSnRBclVMWUsxYmJjMXVLOFNaU0hUSWJNc2pzY3lRU25uYk1JWWZyTmVNNApZRU9MQlR6Q29PWWlHY2JlZVYwSTBwamV1TG1VY1pSaDBWbTdhQXFWNkNQdlU1N2ZMVXR0b3RsS3E0TG80S3BGClhEcjRGVVdFSWtIQ2VrbWI2MXd1emFiU3R3Nlc4b2tIbXl3QjdHNkdGUkVvd01aV3FBMmQvbjkvR0N4cm9TaGwKZlI4RCszeW14RWovMXd4UHBacjYzbVM4MnlhaEdyOENQQVNKQ2F2eUx3S0NBUUVBblJOa3V1SDI0OU9Ca0xPVwpXRi9DbXZiK3plTEFsVHFPWVRWV3A4QXkvREFjNzlQVWZMN21ZQ0NZYnIwQ1JFdXhjUStvS3R6ZVYzNlJBYTViClBGMGZvTWZvVHc5WmxoZWxJbWJoQ2J6QjBVR3JiRHRjYnpja0ZJblRWZFJMbFZ1QlMxVjNmVlUzYzd0aFRvOTcKTG1YZGtDTlFrK25sVCtGblVkV2FOaDFpdEhiRHpIU1Z1ZlhBTnZaZmU2YnRCVHlxWXRVSjVKN0ptNHZHUzBEZQphbXRtV3pqaEkzVUJBTlBBMGZHUEwzU2xTL0JzUVRBajl1WkREdVIzaVVCVGtrMTU5cmY3UFdLOHNFTDk2ZzcvCmVPQ2R3VnBsSVZuKzZZOWw1c09LNXQ5Q0lQNlRneGEwdGZQdFRVcUthREZEd0FnUnJsR0tvejZab1htemRjaVgKMWR0M3p3S0NBUUFocFhoRm1sSEorcjR6UXZqa0hlc1dCSnNveU1KU2d4bkJzYnYrTnVIaVNUUlpMRHdLZU5YYwo5d0xYallmaG5lZnRYZmlub09IaU0wTjh1UmpmT3NTajhncGtLNkNPM2IzdTNZMHlrQVc2SGVHT3dVa2lxb25JCjVPNmg5ZE5VWGhKYnB6elBoUTFVUEFZU2dVenRmMTFzcjFXem44Slk0QVQ3OENPSVYyakFiMW9zc3JMMi80MEwKMGd0cjh3TWJPeTFSMEJTZFR0TzVEUFNOVmNreHZBMWs0d0xnNjlaRVlGV2pvbjhmZ0JhQ2pyRFNIZ1MrZFRrYwpCS2ZBSksybmE3ZXBvUUZhd0hWUzdpbzE0RVVxemN6MmIzS1ZXRXNibUZPTWJ2UjJGYnMzR0hDRmZadUNpYnc4Cktsa2F2Y0VsSXRoQWp3T2ZFZFZBMmY3RmtOWUNtbG1yQW9JQkFRQ0duOVdRRVBYaUI4YzY4NHpHV0QwSEd1Y3YKKzR6SWdvRTFWVFlvVzFQOXBJQTRYWXVtMnlBVHkxaXdEQ2FSQVFZanBNd2RqYVF1SVpFSG5GdDRDbEVpWHhVRApMUFZaTk1JeE9FWlpBYWlDTjdoakxXaUlpeXZwN1BJSTRwcGJPSDE1eE5nTGZDWFVibFpWOGRESnNKcVdkYmk0ClRyNTFIZWlReHNCMUp5eUw3bkllY0l5MkxUdkZ2aUx3RGZEbUg0OHFaK21jTWpPN0hJUXg5OEtWNzRxc3g2UDEKclNiRzF3ZUEwMzFYVHkwMWlKejJYMnZMa1lPUTdhd200ZUdmSzhtbDdLOGtydmNxQmpZeWEyU2RuY1doY3NmVQoxWVUzMVlMYjB2aFRxTHhqeVNDNzNhRk13NHBUekF4T25aYVI2L3BDczZNZlNIRkRueGJoTVBtRW5XTmYKLS0tLS1FTkQgUlNBIFBSSVZBVEUgS0VZLS0tLS0K",
                "cluster_ca_certificate": "LS0tLS1CRUdJTiBDRVJUSUZJQ0FURS0tLS0tCk1JSUU2RENDQXRDZ0F3SUJBZ0lRV3ZpZHF6aG56R3JDMWN5WEpRTkg2REFOQmdrcWhraUc5dzBCQVFzRkFEQU4KTVFzd0NRWURWUVFERXdKallUQWdGdzB5TlRBNE1qWXhPREUzTlRkYUdBOHlNRFUxTURneU5qRTRNamMxTjFvdwpEVEVMTUFrR0ExVUVBeE1DWTJFd2dnSWlNQTBHQ1NxR1NJYjNEUUVCQVFVQUE0SUNEd0F3Z2dJS0FvSUNBUUR4ClhmcWk5YWFlSVBRRXVaQXNveFhuNDRna05IVkw4Ym9rcGtjZkZLZW40U09XTlNqYkIrZmxVSloxTGpQb0RENFkKNEtMUERRNDYyejA0L1d2YnhyMTZpS2pjZDVlejZhS0k1Tm1kTEFaMmxDcXpVRFhvOWY5Zks0aFNKR1g4UHhIZAo3LytZVUtHOHJ3Y1pJdVJTWkJOTnlpajlua1lzZ1dMOEVINUNDemRlZmdjYmhxRm91QTEweExraXRGQTNrMllHCjVpbXRlckY3TFZBOEVGNWN2a2d5Q0pnOTFaQ1htOTcyTTI3Vy8ybWw5VDFpN21CVWwybUt4dDA2Nnc2M2d1clQKeS95ZFhRSEdPVVBvTXhPR1hhL25qVGQwaGhSTlpVMkF6MXlLTzNoTWVwMk1WMDFIMzVDb1BpazZGQlNHNktCQQptZHRKTWRMY3NneVMvWEZVejZxVGEvTGkrRStvTDZjMTR4cGJhT2llRlhNbkU3L21iMjhKRlV4VzJUTE5IQkdEClJvYlhIc1BCNkxVU2JBN0tscU5SNjFlVWh4SlMvZW1ERWNsNCthc3IzWVBpdDNGYXYxY3NtOWE2Mm4xZktBYUQKM2J5REw4Wk5vcE5kWEU2OW0vYkt5TlcwelRnOElBMFRFanY5TXg0akszSkhWdGFmNTZaZnlMblRrSng4anphWgpKWENFVzhTYUx0emozdlUvVG5vbEdvQ1JTZk03NkROYm05blI2OUFMQ0IxalNnSHdtOENDMGk2MkRreDVlTzhvCmRSNlZEYTN2aEVza1NqclhDaW5iWHlBMkh5ZmhyUCtWd0dpdWx5L1V4NDVseDhFa1NYQi9lV21CUFZUbEthU24KbFJzQVV5Rk0rdHRjVVRQRU9PbXpkUHJjVnhXeFVNYXNRTW9VWXU0Z2t3SURBUUFCbzBJd1FEQU9CZ05WSFE4QgpBZjhFQkFNQ0FxUXdEd1lEVlIwVEFRSC9CQVV3QXdFQi96QWRCZ05WSFE0RUZnUVU4VTlZeFVWUUNDRFFDR1NrCmFrcmNGcHVFdHE0d0RRWUpLb1pJaHZjTkFRRUxCUUFEZ2dJQkFGZmpwcW0vekp3cUlrbzJwL1NPL2cwMHRIek4KSTVTRWxkbmQvQXVFSzltMFQvV3Y2dlYxdUJUaGdHU2NLdjhpUDBJcTJzMTFmdjM0UHU1ejdlbWFMMHZDdlFJQQpQTU9NM3pCRnVROU5MMmNMUGNVa3JwcWx4RFRGS3NBdlBCUTdzNlAzZ2N1cmRHRnRuOVhoS3FmSHR5OHU3R0U3CmppZ2pjZVo3UFVrcW9Dd05hSXdJT3VIV0xUNldXelBndGEzYVRlMXFiSm9YZFBmWXgxNmZLa3k1OG1UNTJOdVMKWVRJakE4c1NSSk1GWXh0dTg1ZzBNZjVCSjhHVzB1QXkvYzBCMXJYR3J1ZzZrYURwOS9OUUs4M2xZV1N0VE1UUwplZVRRbkk0bVlBbnlVNmxlQUZTSmIrTVVYZ2tsNjR4MGM2KzZZT3RETXBMUDBxRXlYcmVCNFN4UTNxZyttaERBCk5ldGZHeHB5OUJhK01HdmMxSXZhWmQ1Wjg4bHhONWxaZXAramZ6MmpMS29waHdQWnJSOFk4Rkh0WjV6V3RyOU8KcUhsRmZmdjAvN2Nhak5ZUVVxOHBxTUVDeVR0Unc5UDRiVTNXbXp1R0tBamg4WmFYQXdzU1ptWXFsbVQ1d2VpMgp1Q2lpU3d0QWtXK2FaSWc2U1BTbkk3TUJOYVI3N2MrUjdrQUFLaXI5S2Z1dlNuR0o3eXMzUlg4TjJrcTJ5OGV1CmRlT00zVnE2bUVadVN2Q214NldidmVKR24rbERDUnNpcGxjZCsvNzRMekxrWlRubGZOS2Y2NVBGMUg0MC9CTVMKNEthcXZxbWJVS2dIVldJaHA3WlM3WDBjN1cxdWRRTjdJUnVZUXVzUzJrcVNFTnRTclFsajVXWWtQOVJZUnNYQQpDSDg3YXhzNnV1WnlPdEpZCi0tLS0tRU5EIENFUlRJRklDQVRFLS0tLS0K",
                "host": "https://sageinsure-bgchoyio.hcp.eastus.azmk8s.io:443",
                "password": "p1vi466pe264fpwfsxbvs75arfr8lrkvu3x1m2upz3zgjku1jebt2g52ury2vb0v5pbmhl6exnimkb1ikzpv6f3kr4z4t49ix2hwf8r07ve6qsiuq3bwsa6rg9w55avb",
                "username": "clusterAdmin_sageinsure-rg_sageinsure-aks"
              }
            ],
            "kube_admin_config_raw": "apiVersion: v1\nclusters:\n- cluster:\n    certificate-authority-data: LS0tLS1CRUdJTiBDRVJUSUZJQ0FURS0tLS0tCk1JSUU2RENDQXRDZ0F3SUJBZ0lRV3ZpZHF6aG56R3JDMWN5WEpRTkg2REFOQmdrcWhraUc5dzBCQVFzRkFEQU4KTVFzd0NRWURWUVFERXdKallUQWdGdzB5TlRBNE1qWXhPREUzTlRkYUdBOHlNRFUxTURneU5qRTRNamMxTjFvdwpEVEVMTUFrR0ExVUVBeE1DWTJFd2dnSWlNQTBHQ1NxR1NJYjNEUUVCQVFVQUE0SUNEd0F3Z2dJS0FvSUNBUUR4ClhmcWk5YWFlSVBRRXVaQXNveFhuNDRna05IVkw4Ym9rcGtjZkZLZW40U09XTlNqYkIrZmxVSloxTGpQb0RENFkKNEtMUERRNDYyejA0L1d2YnhyMTZpS2pjZDVlejZhS0k1Tm1kTEFaMmxDcXpVRFhvOWY5Zks0aFNKR1g4UHhIZAo3LytZVUtHOHJ3Y1pJdVJTWkJOTnlpajlua1lzZ1dMOEVINUNDemRlZmdjYmhxRm91QTEweExraXRGQTNrMllHCjVpbXRlckY3TFZBOEVGNWN2a2d5Q0pnOTFaQ1htOTcyTTI3Vy8ybWw5VDFpN21CVWwybUt4dDA2Nnc2M2d1clQKeS95ZFhRSEdPVVBvTXhPR1hhL25qVGQwaGhSTlpVMkF6MXlLTzNoTWVwMk1WMDFIMzVDb1BpazZGQlNHNktCQQptZHRKTWRMY3NneVMvWEZVejZxVGEvTGkrRStvTDZjMTR4cGJhT2llRlhNbkU3L21iMjhKRlV4VzJUTE5IQkdEClJvYlhIc1BCNkxVU2JBN0tscU5SNjFlVWh4SlMvZW1ERWNsNCthc3IzWVBpdDNGYXYxY3NtOWE2Mm4xZktBYUQKM2J5REw4Wk5vcE5kWEU2OW0vYkt5TlcwelRnOElBMFRFanY5TXg0akszSkhWdGFmNTZaZnlMblRrSng4anphWgpKWENFVzhTYUx0emozdlUvVG5vbEdvQ1JTZk03NkROYm05blI2OUFMQ0IxalNnSHdtOENDMGk2MkRreDVlTzhvCmRSNlZEYTN2aEVza1NqclhDaW5iWHlBMkh5ZmhyUCtWd0dpdWx5L1V4NDVseDhFa1NYQi9lV21CUFZUbEthU24KbFJzQVV5Rk0rdHRjVVRQRU9PbXpkUHJjVnhXeFVNYXNRTW9VWXU0Z2t3SURBUUFCbzBJd1FEQU9CZ05WSFE4QgpBZjhFQkFNQ0FxUXdEd1lEVlIwVEFRSC9CQVV3QXdFQi96QWRCZ05WSFE0RUZnUVU4VTlZeFVWUUNDRFFDR1NrCmFrcmNGcHVFdHE0d0RRWUpLb1pJaHZjTkFRRUxCUUFEZ2dJQkFGZmpwcW0vekp3cUlrbzJwL1NPL2cwMHRIek4KSTVTRWxkbmQvQXVFSzltMFQvV3Y2dlYxdUJUaGdHU2NLdjhpUDBJcTJzMTFmdjM0UHU1ejdlbWFMMHZDdlFJQQpQTU9NM3pCRnVROU5MMmNMUGNVa3JwcWx4RFRGS3NBdlBCUTdzNlAzZ2N1cmRHRnRuOVhoS3FmSHR5OHU3R0U3CmppZ2pjZVo3UFVrcW9Dd05hSXdJT3VIV0xUNldXelBndGEzYVRlMXFiSm9YZFBmWXgxNmZLa3k1OG1UNTJOdVMKWVRJakE4c1NSSk1GWXh0dTg1ZzBNZjVCSjhHVzB1QXkvYzBCMXJYR3J1ZzZrYURwOS9OUUs4M2xZV1N0VE1UUwplZVRRbkk0bVlBbnlVNmxlQUZTSmIrTVVYZ2tsNjR4MGM2KzZZT3RETXBMUDBxRXlYcmVCNFN4UTNxZyttaERBCk5ldGZHeHB5OUJhK01HdmMxSXZhWmQ1Wjg4bHhONWxaZXAramZ6MmpMS29waHdQWnJSOFk4Rkh0WjV6V3RyOU8KcUhsRmZmdjAvN2Nhak5ZUVVxOHBxTUVDeVR0Unc5UDRiVTNXbXp1R0tBamg4WmFYQXdzU1ptWXFsbVQ1d2VpMgp1Q2lpU3d0QWtXK2FaSWc2U1BTbkk3TUJOYVI3N2MrUjdrQUFLaXI5S2Z1dlNuR0o3eXMzUlg4TjJrcTJ5OGV1CmRlT00zVnE2bUVadVN2Q214NldidmVKR24rbERDUnNpcGxjZCsvNzRMekxrWlRubGZOS2Y2NVBGMUg0MC9CTVMKNEthcXZxbWJVS2dIVldJaHA3WlM3WDBjN1cxdWRRTjdJUnVZUXVzUzJrcVNFTnRTclFsajVXWWtQOVJZUnNYQQpDSDg3YXhzNnV1WnlPdEpZCi0tLS0tRU5EIENFUlRJRklDQVRFLS0tLS0K\n    server: https://sageinsure-bgchoyio.hcp.eastus.azmk8s.io:443\n  name: sageinsure-aks\ncontexts:\n- context:\n    cluster: sageinsure-aks\n    user: clusterAdmin_sageinsure-rg_sageinsure-aks\n  name: sageinsure-aks\ncurrent-context: sageinsure-aks\nkind: Config\npreferences: {}\nusers:\n- name: clusterAdmin_sageinsure-rg_sageinsure-aks\n  user:\n    client-certificate-data: LS0tLS1CRUdJTiBDRVJUSUZJQ0FURS0tLS0tCk1JSUZIVENDQXdXZ0F3SUJBZ0lRUmdKQkRXbUZkaS9EaENsVEwrNXpRakFOQmdrcWhraUc5dzBCQVFzRkFEQU4KTVFzd0NRWURWUVFERXdKallUQWVGdzB5TlRBNE1qWXhPREUzTlRkYUZ3MHlOekE0TWpZeE9ESTNOVGRhTURBeApGekFWQmdOVkJBb1REbk41YzNSbGJUcHRZWE4wWlhKek1SVXdFd1lEVlFRREV3eHRZWE4wWlhKamJHbGxiblF3CmdnSWlNQTBHQ1NxR1NJYjNEUUVCQVFVQUE0SUNEd0F3Z2dJS0FvSUNBUURucjNWeVpoVjBVZXJhZHloRGF4VkoKdm83aXh1Nkp0MFpJemdsR1c0SjJpQnF3dFQvb01rSVliUVp2Nzd6RWhITzhnazJWa3VOWTFiQmVZQXIvR2tERgpWaGg0bVJXYjFYRkFOd1BCcWkrNjhKSTd3ejlVT1UzY1VXMWpBNHVGYW14b0k2U05HeXd5TlRTVWVmUnZ6Vmd4CmRaZnV3YWJWR0ZtbytMNHZhMytqK1lBWkdnWkdpRHBxZERZRDl5ZGY5bzdRaWM3bURBcjNMREVwVnExMzFVRGQKOTlXQ0FrRUUxSms4aGNYZndURk5CSG9VZ0IzUmdLbnQxMnhlNk9tM3hRem1MSDcvZUoxVGZqa2lZd1FnNGprcApLaXR4REtGNGIzNU5rVkNaSzR5a2dONEQrWDVIMjRNSC80dVJTeWw2aFpYd3puaGNkNyt0UXRLMXROcmg3TTd4CllJWTByS2Y5SEJrTXBZS2lWeWVzYXpPc01BeUg2MUdDNzlFTjFnbktzelErODhOOTI5N081QStyUnhGUGpYcDEKVy9DT3BPeElsYy9GWmxsVDNBK3Y3Q21IZGlXMFU5cGNLME0vbWZubGVsSUxUYnhSZlE1VFFvVERZMzB0YS9ZWQp1UU9SZUJXUnJQY2JPeEdPRkY2UHJWbFFnUlJERCtFOHlzeVVNcThmMnBmUWlIc2E3OEt0ZWQ3cmdXV1g2YVdZCnJMM3l6UG9BdnBLRzNuYTNFaHBacytMeDN1ck15c0FZc1NIYUNUbHlBd1dMd2txTFZCbHFRWXVOVGZaa3Vxb2EKVGNOTnVLcjJYMnI4TGprMGJYTXhicjNuTkNhMVdlTElTUGM4VWJNOVovNXNFOFU2cTQ2MHRlc2w4cWw3TTJjTwpNR3MvcVo2bWNQSGNyNlhTSFc5MXlRSURBUUFCbzFZd1ZEQU9CZ05WSFE4QkFmOEVCQU1DQmFBd0V3WURWUjBsCkJBd3dDZ1lJS3dZQkJRVUhBd0l3REFZRFZSMFRBUUgvQkFJd0FEQWZCZ05WSFNNRUdEQVdnQlR4VDFqRlJWQUkKSU5BSVpLUnFTdHdXbTRTMnJqQU5CZ2txaGtpRzl3MEJBUXNGQUFPQ0FnRUEwc3lPSDdmWHc1eUpLM0JDbFUyYgpMUUNTd2hKelFpMWw3OFJEcXEzcVMza1RYNE1EVFdTWmUzdTNCT2FoVW0rUllmcnNvRjFhb2NJZWNCMlQwb29sCmV4NUpVNEsxSUZhODhBeXJrbDlFU29PdUd5UVAvUW9DSnR1TEt6RDlTOFk3amluTnJhL0dSS3EzRFpCaGVWaTYKYzJGZWhOKzVYblYxQUhhZTQwcThUY0UzeWJGVUpQUEFKNGdaU1FyVDBLSEd0TmQ2NG5NcGsrcmJzOUp4cEpkaApvUlhUNnN1QkFLcUNCUmpyL3dkVmxrVUxIdHUxb1lUa0Q1NHMvQThWQVBzWVl1QUc5Y3o3aEJhME1URC9jaHBUCnIxcGZHREtDVkxsTmdsTUJCZzBiSzE2ZmZSWktyb2t0dEhhZmVpakpCdS9GUHlpMnpWM1BlTFZVVmE2TG5La1AKMUdRcWVnb0RqWlE4bXdGWkxzZXNmWjd6c2dSVU5la1NoMmw3LytscmhsSVZQM3dqbHltZGk0TmxESFY2TGNLWApzSTA5NTdCMXVWb3VWengwOGtXK3R0ZkdwRGYxU2x0dEhIbUl6bWxWNUVlQy9hYlY2eVdQZkhqRU9QTzQrTTZ0CmRmbjlBSHpPZ2VydFRvRXJ2UjI2ay8rSVJSRXozcEcvclkrZWxUZEY4RTdmQy9BRnQyRmt3bm1NTUl4K3RvajgKaHVVU0lYbi9WeVlGUXgzUnV2d2VRL2lpc2RNK1ZCRTdGQWd0UDdQZ3lSdFVYc3dPeXBXR0U5ODFkZStTNHUwdwpCVFNFZHZtTFhWRG04U3VhR3NEK29wN0xTenI4MlRZNjFJTjdkMUk2dnNsMWEwMndTWjRaR2l2S3ZqNnUwNmxNCmNVVys2bG41YjJqWm1rRlloby9ETlcwPQotLS0tLUVORCBDRVJUSUZJQ0FURS0tLS0tCg==\n    client-key-data: LS0tLS1CRUdJTiBSU0EgUFJJVkFURSBLRVktLS0tLQpNSUlKS1FJQkFBS0NBZ0VBNTY5MWNtWVZkRkhxMm5jb1Eyc1ZTYjZPNHNidWliZEdTTTRKUmx1Q2RvZ2FzTFUvCjZESkNHRzBHYisrOHhJUnp2SUpObFpMaldOV3dYbUFLL3hwQXhWWVllSmtWbTlWeFFEY0R3YW92dXZDU084TS8KVkRsTjNGRnRZd09MaFdwc2FDT2tqUnNzTWpVMGxIbjBiODFZTVhXWDdzR20xUmhacVBpK0wydC9vL21BR1JvRwpSb2c2YW5RMkEvY25YL2FPMEluTzVnd0s5eXd4S1ZhdGQ5VkEzZmZWZ2dKQkJOU1pQSVhGMzhFeFRRUjZGSUFkCjBZQ3A3ZGRzWHVqcHQ4VU01aXgrLzNpZFUzNDVJbU1FSU9JNUtTb3JjUXloZUc5K1RaRlFtU3VNcElEZUEvbCsKUjl1REIvK0xrVXNwZW9XVjhNNTRYSGUvclVMU3RiVGE0ZXpPOFdDR05LeW4vUndaREtXQ29sY25yR3N6ckRBTQpoK3RSZ3UvUkRkWUp5ck0wUHZQRGZkdmV6dVFQcTBjUlQ0MTZkVnZ3anFUc1NKWFB4V1paVTl3UHIrd3BoM1lsCnRGUGFYQ3REUDVuNTVYcFNDMDI4VVgwT1UwS0V3Mk45TFd2MkdMa0RrWGdWa2F6M0d6c1JqaFJlajYxWlVJRVUKUXcvaFBNck1sREt2SDlxWDBJaDdHdS9DclhuZTY0RmxsK21sbUt5OThzejZBTDZTaHQ1MnR4SWFXYlBpOGQ3cQp6TXJBR0xFaDJnazVjZ01GaThKS2kxUVpha0dMalUzMlpMcXFHazNEVGJpcTlsOXEvQzQ1Tkcxek1XNjk1elFtCnRWbml5RWozUEZHelBXZitiQlBGT3F1T3RMWHJKZktwZXpObkRqQnJQNm1lcG5EeDNLK2wwaDF2ZGNrQ0F3RUEKQVFLQ0FnQVFIU3g5TEpZaEZTZDcvVjM2czhKekhXMVdYdGF0YVJGYTNxQlhnK1dDMy93c2s5YWlOdDM3cHBnKwoyeWVWRlhudjZselhZb21CeVdSWnZyS3Fib1dERkNDM1FUMGhyYlU4UXZkTEZpUDVZUTBTcjFydFo5K1VvTUhoCkUrM2dJQ0x5YXA3aHhPVGgzY0I1U1RMVDZkalFvU2lwamFUUVhSVmVBcnJ3Nm1MM2RuMTUxczBKUlNWUm9uYUsKb21YYkwweXg1V1o5LytnWUFUdFpjREs0SUhMQlhYWThuaDB1a2FqU0dhTWJFOEZJT3QrbUl3a0ZPV2t0a1N1ZQpQWjNhZWJxU3h4VW9LSmZzcHQxTGJubEFNNVp5ZzFaLzBqYzlmS2V3dG0yQUp4UVhuRWVVeURBSHlHcUllUXR0CjFoS2RvbTA4MFR6SmdFeXFaM2puU1hFUWdKdHpTQnROVlFCWDZvK2JNSUhZbXdFeHVOQ3NhSjMxS05PR25JaFkKMXo4SjhkSzVBWGcrVVVyM3pBQmdzRlNjci8zWGZhQ21XcndTWVVIUkpaOGh4dFE2cHhOVWorNS9YdnB0U3RuSQplOW9kSWpVQ1FMY1R0R3VqRVhxL3ZDWHFjTTI5dFlxUEhtMk0vcGpud0lza3FSR250ajdRRTV3NCtMK2tkSERmClU4VjQ2VXpmcG0vMDhpWHhmWFVpc1hFMVVaSHc0bVZ2ZFlYb2JsUUNCb0hxbjErUENjTVhLUUFDdWJhNHd6cW8KUUx0WUdSMGN5ZU1TSjNYTmdhRHZTS3ZQTjV2WnduaktjdFJsdlNwNHd0Z3ZtTHgrVHI4ZTMrWkU1Mmg5RVVnYgp3Kyt5clBFVFU1dnhabENseUdtKy9hK0tnU2k3T3BSRndaZGh1b1dIQXRyV3p4SU54d0tDQVFFQS9teXlzTzlUCm91ZmxjL0E2RlJVZW9reTd2aUhka1dKd3lQaTZ0TlZYVmN1N2wxcmRmVXFTWFZGamh1OGh6UnJPWWFpN1poVFMKM3drTGFNZGNCTy81TkVDZWVXT2krY25NSGtUU2l6aERqNGJOZ01FMU83NXliZmJNdEVUU2YvREJnQVZJTU5NQQpIUkptUHNoRFczb3JXbW5IMlQ1SkExbi9ab0xIOGxTNWpBaXVzc3NHUmdtWHpDamM5RmQrd0YzWFExa2ZHNnd4ClpDdzVxK2hsM0lxNFJobG1NTmlRODh6QzFZM1VJbXNTVlZBRkVtVXozcUhscGhCYUZVdk1HL2pxVkx0ZXNZTXUKQ1N3WU00OFBBMnhySklCN0VxQ3laVUt6OSsrUFpLdlRGRTdkS3RSU3FVRGhKb21KUWd2YlNTdnFHUjBVT0ZHZgo5OUk1SVZteVZPUnhod0tDQVFFQTZSNjNNd2d2R1lreGNrVUVqSmZjMEpvd2U0VEhtd2ozSytsUHo1UXQwdjZqCkMzYkRiQ1VrSUJGUTJ4OGlzMFJ1MWMzZ3MvYld6NEZHNzFFMWFBMVA0cndvdzZ5cGZUdnFKZ25NaHV1OG5TMlkKSlJuS0NHR05MYTA1bHZNRVhOQmNFSnRBclVMWUsxYmJjMXVLOFNaU0hUSWJNc2pzY3lRU25uYk1JWWZyTmVNNApZRU9MQlR6Q29PWWlHY2JlZVYwSTBwamV1TG1VY1pSaDBWbTdhQXFWNkNQdlU1N2ZMVXR0b3RsS3E0TG80S3BGClhEcjRGVVdFSWtIQ2VrbWI2MXd1emFiU3R3Nlc4b2tIbXl3QjdHNkdGUkVvd01aV3FBMmQvbjkvR0N4cm9TaGwKZlI4RCszeW14RWovMXd4UHBacjYzbVM4MnlhaEdyOENQQVNKQ2F2eUx3S0NBUUVBblJOa3V1SDI0OU9Ca0xPVwpXRi9DbXZiK3plTEFsVHFPWVRWV3A4QXkvREFjNzlQVWZMN21ZQ0NZYnIwQ1JFdXhjUStvS3R6ZVYzNlJBYTViClBGMGZvTWZvVHc5WmxoZWxJbWJoQ2J6QjBVR3JiRHRjYnpja0ZJblRWZFJMbFZ1QlMxVjNmVlUzYzd0aFRvOTcKTG1YZGtDTlFrK25sVCtGblVkV2FOaDFpdEhiRHpIU1Z1ZlhBTnZaZmU2YnRCVHlxWXRVSjVKN0ptNHZHUzBEZQphbXRtV3pqaEkzVUJBTlBBMGZHUEwzU2xTL0JzUVRBajl1WkREdVIzaVVCVGtrMTU5cmY3UFdLOHNFTDk2ZzcvCmVPQ2R3VnBsSVZuKzZZOWw1c09LNXQ5Q0lQNlRneGEwdGZQdFRVcUthREZEd0FnUnJsR0tvejZab1htemRjaVgKMWR0M3p3S0NBUUFocFhoRm1sSEorcjR6UXZqa0hlc1dCSnNveU1KU2d4bkJzYnYrTnVIaVNUUlpMRHdLZU5YYwo5d0xYallmaG5lZnRYZmlub09IaU0wTjh1UmpmT3NTajhncGtLNkNPM2IzdTNZMHlrQVc2SGVHT3dVa2lxb25JCjVPNmg5ZE5VWGhKYnB6elBoUTFVUEFZU2dVenRmMTFzcjFXem44Slk0QVQ3OENPSVYyakFiMW9zc3JMMi80MEwKMGd0cjh3TWJPeTFSMEJTZFR0TzVEUFNOVmNreHZBMWs0d0xnNjlaRVlGV2pvbjhmZ0JhQ2pyRFNIZ1MrZFRrYwpCS2ZBSksybmE3ZXBvUUZhd0hWUzdpbzE0RVVxemN6MmIzS1ZXRXNibUZPTWJ2UjJGYnMzR0hDRmZadUNpYnc4Cktsa2F2Y0VsSXRoQWp3T2ZFZFZBMmY3RmtOWUNtbG1yQW9JQkFRQ0duOVdRRVBYaUI4YzY4NHpHV0QwSEd1Y3YKKzR6SWdvRTFWVFlvVzFQOXBJQTRYWXVtMnlBVHkxaXdEQ2FSQVFZanBNd2RqYVF1SVpFSG5GdDRDbEVpWHhVRApMUFZaTk1JeE9FWlpBYWlDTjdoakxXaUlpeXZwN1BJSTRwcGJPSDE1eE5nTGZDWFVibFpWOGRESnNKcVdkYmk0ClRyNTFIZWlReHNCMUp5eUw3bkllY0l5MkxUdkZ2aUx3RGZEbUg0OHFaK21jTWpPN0hJUXg5OEtWNzRxc3g2UDEKclNiRzF3ZUEwMzFYVHkwMWlKejJYMnZMa1lPUTdhd200ZUdmSzhtbDdLOGtydmNxQmpZeWEyU2RuY1doY3NmVQoxWVUzMVlMYjB2aFRxTHhqeVNDNzNhRk13NHBUekF4T25aYVI2L3BDczZNZlNIRkRueGJoTVBtRW5XTmYKLS0tLS1FTkQgUlNBIFBSSVZBVEUgS0VZLS0tLS0K\n    token: p1vi466pe264fpwfsxbvs75arfr8lrkvu3x1m2upz3zgjku1jebt2g52ury2vb0v5pbmhl6exnimkb1ikzpv6f3kr4z4t49ix2hwf8r07ve6qsiuq3bwsa6rg9w55avb\n",
            "kube_config": [
              {
                "client_certificate": "",
                "client_key": "",
                "cluster_ca_certificate": "LS0tLS1CRUdJTiBDRVJUSUZJQ0FURS0tLS0tCk1JSUU2RENDQXRDZ0F3SUJBZ0lRV3ZpZHF6aG56R3JDMWN5WEpRTkg2REFOQmdrcWhraUc5dzBCQVFzRkFEQU4KTVFzd0NRWURWUVFERXdKallUQWdGdzB5TlRBNE1qWXhPREUzTlRkYUdBOHlNRFUxTURneU5qRTRNamMxTjFvdwpEVEVMTUFrR0ExVUVBeE1DWTJFd2dnSWlNQTBHQ1NxR1NJYjNEUUVCQVFVQUE0SUNEd0F3Z2dJS0FvSUNBUUR4ClhmcWk5YWFlSVBRRXVaQXNveFhuNDRna05IVkw4Ym9rcGtjZkZLZW40U09XTlNqYkIrZmxVSloxTGpQb0RENFkKNEtMUERRNDYyejA0L1d2YnhyMTZpS2pjZDVlejZhS0k1Tm1kTEFaMmxDcXpVRFhvOWY5Zks0aFNKR1g4UHhIZAo3LytZVUtHOHJ3Y1pJdVJTWkJOTnlpajlua1lzZ1dMOEVINUNDemRlZmdjYmhxRm91QTEweExraXRGQTNrMllHCjVpbXRlckY3TFZBOEVGNWN2a2d5Q0pnOTFaQ1htOTcyTTI3Vy8ybWw5VDFpN21CVWwybUt4dDA2Nnc2M2d1clQKeS95ZFhRSEdPVVBvTXhPR1hhL25qVGQwaGhSTlpVMkF6MXlLTzNoTWVwMk1WMDFIMzVDb1BpazZGQlNHNktCQQptZHRKTWRMY3NneVMvWEZVejZxVGEvTGkrRStvTDZjMTR4cGJhT2llRlhNbkU3L21iMjhKRlV4VzJUTE5IQkdEClJvYlhIc1BCNkxVU2JBN0tscU5SNjFlVWh4SlMvZW1ERWNsNCthc3IzWVBpdDNGYXYxY3NtOWE2Mm4xZktBYUQKM2J5REw4Wk5vcE5kWEU2OW0vYkt5TlcwelRnOElBMFRFanY5TXg0akszSkhWdGFmNTZaZnlMblRrSng4anphWgpKWENFVzhTYUx0emozdlUvVG5vbEdvQ1JTZk03NkROYm05blI2OUFMQ0IxalNnSHdtOENDMGk2MkRreDVlTzhvCmRSNlZEYTN2aEVza1NqclhDaW5iWHlBMkh5ZmhyUCtWd0dpdWx5L1V4NDVseDhFa1NYQi9lV21CUFZUbEthU24KbFJzQVV5Rk0rdHRjVVRQRU9PbXpkUHJjVnhXeFVNYXNRTW9VWXU0Z2t3SURBUUFCbzBJd1FEQU9CZ05WSFE4QgpBZjhFQkFNQ0FxUXdEd1lEVlIwVEFRSC9CQVV3QXdFQi96QWRCZ05WSFE0RUZnUVU4VTlZeFVWUUNDRFFDR1NrCmFrcmNGcHVFdHE0d0RRWUpLb1pJaHZjTkFRRUxCUUFEZ2dJQkFGZmpwcW0vekp3cUlrbzJwL1NPL2cwMHRIek4KSTVTRWxkbmQvQXVFSzltMFQvV3Y2dlYxdUJUaGdHU2NLdjhpUDBJcTJzMTFmdjM0UHU1ejdlbWFMMHZDdlFJQQpQTU9NM3pCRnVROU5MMmNMUGNVa3JwcWx4RFRGS3NBdlBCUTdzNlAzZ2N1cmRHRnRuOVhoS3FmSHR5OHU3R0U3CmppZ2pjZVo3UFVrcW9Dd05hSXdJT3VIV0xUNldXelBndGEzYVRlMXFiSm9YZFBmWXgxNmZLa3k1OG1UNTJOdVMKWVRJakE4c1NSSk1GWXh0dTg1ZzBNZjVCSjhHVzB1QXkvYzBCMXJYR3J1ZzZrYURwOS9OUUs4M2xZV1N0VE1UUwplZVRRbkk0bVlBbnlVNmxlQUZTSmIrTVVYZ2tsNjR4MGM2KzZZT3RETXBMUDBxRXlYcmVCNFN4UTNxZyttaERBCk5ldGZHeHB5OUJhK01HdmMxSXZhWmQ1Wjg4bHhONWxaZXAramZ6MmpMS29waHdQWnJSOFk4Rkh0WjV6V3RyOU8KcUhsRmZmdjAvN2Nhak5ZUVVxOHBxTUVDeVR0Unc5UDRiVTNXbXp1R0tBamg4WmFYQXdzU1ptWXFsbVQ1d2VpMgp1Q2lpU3d0QWtXK2FaSWc2U1BTbkk3TUJOYVI3N2MrUjdrQUFLaXI5S2Z1dlNuR0o3eXMzUlg4TjJrcTJ5OGV1CmRlT00zVnE2bUVadVN2Q214NldidmVKR24rbERDUnNpcGxjZCsvNzRMekxrWlRubGZOS2Y2NVBGMUg0MC9CTVMKNEthcXZxbWJVS2dIVldJaHA3WlM3WDBjN1cxdWRRTjdJUnVZUXVzUzJrcVNFTnRTclFsajVXWWtQOVJZUnNYQQpDSDg3YXhzNnV1WnlPdEpZCi0tLS0tRU5EIENFUlRJRklDQVRFLS0tLS0K",
                "host": "https://sageinsure-bgchoyio.hcp.eastus.azmk8s.io:443",
                "password": "",
                "username": "clusterUser_sageinsure-rg_sageinsure-aks"
              }
            ],
            "kube_config_raw": "apiVersion: v1\nclusters:\n- cluster:\n    certificate-authority-data: LS0tLS1CRUdJTiBDRVJUSUZJQ0FURS0tLS0tCk1JSUU2RENDQXRDZ0F3SUJBZ0lRV3ZpZHF6aG56R3JDMWN5WEpRTkg2REFOQmdrcWhraUc5dzBCQVFzRkFEQU4KTVFzd0NRWURWUVFERXdKallUQWdGdzB5TlRBNE1qWXhPREUzTlRkYUdBOHlNRFUxTURneU5qRTRNamMxTjFvdwpEVEVMTUFrR0ExVUVBeE1DWTJFd2dnSWlNQTBHQ1NxR1NJYjNEUUVCQVFVQUE0SUNEd0F3Z2dJS0FvSUNBUUR4ClhmcWk5YWFlSVBRRXVaQXNveFhuNDRna05IVkw4Ym9rcGtjZkZLZW40U09XTlNqYkIrZmxVSloxTGpQb0RENFkKNEtMUERRNDYyejA0L1d2YnhyMTZpS2pjZDVlejZhS0k1Tm1kTEFaMmxDcXpVRFhvOWY5Zks0aFNKR1g4UHhIZAo3LytZVUtHOHJ3Y1pJdVJTWkJOTnlpajlua1lzZ1dMOEVINUNDemRlZmdjYmhxRm91QTEweExraXRGQTNrMllHCjVpbXRlckY3TFZBOEVGNWN2a2d5Q0pnOTFaQ1htOTcyTTI3Vy8ybWw5VDFpN21CVWwybUt4dDA2Nnc2M2d1clQKeS95ZFhRSEdPVVBvTXhPR1hhL25qVGQwaGhSTlpVMkF6MXlLTzNoTWVwMk1WMDFIMzVDb1BpazZGQlNHNktCQQptZHRKTWRMY3NneVMvWEZVejZxVGEvTGkrRStvTDZjMTR4cGJhT2llRlhNbkU3L21iMjhKRlV4VzJUTE5IQkdEClJvYlhIc1BCNkxVU2JBN0tscU5SNjFlVWh4SlMvZW1ERWNsNCthc3IzWVBpdDNGYXYxY3NtOWE2Mm4xZktBYUQKM2J5REw4Wk5vcE5kWEU2OW0vYkt5TlcwelRnOElBMFRFanY5TXg0akszSkhWdGFmNTZaZnlMblRrSng4anphWgpKWENFVzhTYUx0emozdlUvVG5vbEdvQ1JTZk03NkROYm05blI2OUFMQ0IxalNnSHdtOENDMGk2MkRreDVlTzhvCmRSNlZEYTN2aEVza1NqclhDaW5iWHlBMkh5ZmhyUCtWd0dpdWx5L1V4NDVseDhFa1NYQi9lV21CUFZUbEthU24KbFJzQVV5Rk0rdHRjVVRQRU9PbXpkUHJjVnhXeFVNYXNRTW9VWXU0Z2t3SURBUUFCbzBJd1FEQU9CZ05WSFE4QgpBZjhFQkFNQ0FxUXdEd1lEVlIwVEFRSC9CQVV3QXdFQi96QWRCZ05WSFE0RUZnUVU4VTlZeFVWUUNDRFFDR1NrCmFrcmNGcHVFdHE0d0RRWUpLb1pJaHZjTkFRRUxCUUFEZ2dJQkFGZmpwcW0vekp3cUlrbzJwL1NPL2cwMHRIek4KSTVTRWxkbmQvQXVFSzltMFQvV3Y2dlYxdUJUaGdHU2NLdjhpUDBJcTJzMTFmdjM0UHU1ejdlbWFMMHZDdlFJQQpQTU9NM3pCRnVROU5MMmNMUGNVa3JwcWx4RFRGS3NBdlBCUTdzNlAzZ2N1cmRHRnRuOVhoS3FmSHR5OHU3R0U3CmppZ2pjZVo3UFVrcW9Dd05hSXdJT3VIV0xUNldXelBndGEzYVRlMXFiSm9YZFBmWXgxNmZLa3k1OG1UNTJOdVMKWVRJakE4c1NSSk1GWXh0dTg1ZzBNZjVCSjhHVzB1QXkvYzBCMXJYR3J1ZzZrYURwOS9OUUs4M2xZV1N0VE1UUwplZVRRbkk0bVlBbnlVNmxlQUZTSmIrTVVYZ2tsNjR4MGM2KzZZT3RETXBMUDBxRXlYcmVCNFN4UTNxZyttaERBCk5ldGZHeHB5OUJhK01HdmMxSXZhWmQ1Wjg4bHhONWxaZXAramZ6MmpMS29waHdQWnJSOFk4Rkh0WjV6V3RyOU8KcUhsRmZmdjAvN2Nhak5ZUVVxOHBxTUVDeVR0Unc5UDRiVTNXbXp1R0tBamg4WmFYQXdzU1ptWXFsbVQ1d2VpMgp1Q2lpU3d0QWtXK2FaSWc2U1BTbkk3TUJOYVI3N2MrUjdrQUFLaXI5S2Z1dlNuR0o3eXMzUlg4TjJrcTJ5OGV1CmRlT00zVnE2bUVadVN2Q214NldidmVKR24rbERDUnNpcGxjZCsvNzRMekxrWlRubGZOS2Y2NVBGMUg0MC9CTVMKNEthcXZxbWJVS2dIVldJaHA3WlM3WDBjN1cxdWRRTjdJUnVZUXVzUzJrcVNFTnRTclFsajVXWWtQOVJZUnNYQQpDSDg3YXhzNnV1WnlPdEpZCi0tLS0tRU5EIENFUlRJRklDQVRFLS0tLS0K\n    server: https://sageinsure-bgchoyio.hcp.eastus.azmk8s.io:443\n  name: sageinsure-aks\ncontexts:\n- context:\n    cluster: sageinsure-aks\n    user: clusterUser_sageinsure-rg_sageinsure-aks\n  name: sageinsure-aks\ncurrent-context: sageinsure-aks\nkind: Config\npreferences: {}\nusers:\n- name: clusterUser_sageinsure-rg_sageinsure-aks\n  user:\n    exec:\n      apiVersion: client.authentication.k8s.io/v1beta1\n      args:\n      - get-token\n      - --environment\n      - AzurePublicCloud\n      - --server-id\n      - 6dae42f8-4368-4678-94ff-3960e28e3630\n      - --client-id\n      - 80faf920-1908-4b52-b5ef-a8e7bedfc67a\n      - --tenant-id\n      - e9394f90-446d-41dd-8c8c-98ac08c5f090\n      - --login\n      - devicecode\n      command: kubelogin\n      env: null\n      installHint: |2\n\n        kubelogin is not installed which is required to connect to AAD enabled cluster.\n\n        To learn more, please go to https://aka.ms/aks/kubelogin\n      provideClusterInfo: false\n",
            "kubelet_identity": [
              {
                "client_id": "2a4ffc05-9336-4c93-b745-17df1f2a0b9c",
                "object_id": "fb9e3137-d31d-4b09-9f8e-5f85778c0ee1",
                "user_assigned_identity_id": "/subscriptions/2bfa9715-785b-445f-8102-6a423a7495ef/resourceGroups/MC_sageinsure-rg_sageinsure-aks_eastus/providers/Microsoft.ManagedIdentity/userAssignedIdentities/sageinsure-aks-agentpool"
              }
            ],
            "kubernetes_version": "1.30.6",
            "linux_profile": [],
            "local_account_disabled": false,
            "location": "eastus",
            "maintenance_window": [],
            "maintenance_window_auto_upgrade": [],
            "maintenance_window_node_os": [],
            "microsoft_defender": [],
            "monitor_metrics": [],
            "name": "sageinsure-aks",
            "network_profile": [
              {
                "dns_service_ip": "10.1.0.10",
                "docker_bridge_cidr": "",
                "ebpf_data_plane": "",
                "ip_versions": [
                  "IPv4"
                ],
                "load_balancer_profile": [
                  {
                    "effective_outbound_ips": [
                      "/subscriptions/2bfa9715-785b-445f-8102-6a423a7495ef/resourceGroups/MC_sageinsure-rg_sageinsure-aks_eastus/providers/Microsoft.Network/publicIPAddresses/e0073657-5813-4f9d-b44b-242a4d016dd2"
                    ],
                    "idle_timeout_in_minutes": 0,
                    "managed_outbound_ip_count": 1,
                    "managed_outbound_ipv6_count": 0,
                    "outbound_ip_address_ids": [],
                    "outbound_ip_prefix_ids": [],
                    "outbound_ports_allocated": 0
                  }
                ],
                "load_balancer_sku": "standard",
                "nat_gateway_profile": [],
                "network_data_plane": "azure",
                "network_mode": "",
                "network_plugin": "azure",
                "network_plugin_mode": "",
                "network_policy": "azure",
                "outbound_ip_address_ids": [],
                "outbound_ip_prefix_ids": [],
                "outbound_type": "loadBalancer",
                "pod_cidr": "",
                "pod_cidrs": [],
                "service_cidr": "10.1.0.0/16",
                "service_cidrs": [
                  "10.1.0.0/16"
                ]
              }
            ],
            "node_os_channel_upgrade": null,
            "node_resource_group": "MC_sageinsure-rg_sageinsure-aks_eastus",
            "node_resource_group_id": "/subscriptions/2bfa9715-785b-445f-8102-6a423a7495ef/resourceGroups/MC_sageinsure-rg_sageinsure-aks_eastus",
            "oidc_issuer_enabled": true,
            "oidc_issuer_url": "https://eastus.oic.prod-aks.azure.com/e9394f90-446d-41dd-8c8c-98ac08c5f090/48691245-1a82-497e-b5f9-a0c62b69d9e5/",
            "oms_agent": [],
            "open_service_mesh_enabled": false,
            "portal_fqdn": "sageinsure-bgchoyio.portal.hcp.eastus.azmk8s.io",
            "private_cluster_enabled": false,
            "private_cluster_public_fqdn_enabled": false,
            "private_dns_zone_id": "",
            "private_fqdn": "",
            "public_network_access_enabled": true,
            "resource_group_name": "sageinsure-rg",
            "role_based_access_control_enabled": true,
            "run_command_enabled": true,
            "service_mesh_profile": [],
            "service_principal": [],
            "sku_tier": "Free",
            "storage_profile": [],
            "support_plan": "KubernetesOfficial",
            "tags": {
              "Component": "aks-migration",
              "Environment": "production",
              "ManagedBy": "terraform",
              "Project": "sageinsure"
            },
            "timeouts": null,
            "web_app_routing": [],
            "windows_profile": [
              {
                "admin_password": "",
                "admin_username": "azureuser",
                "gmsa": [],
                "license": ""
              }
            ],
            "workload_autoscaler_profile": [],
            "workload_identity_enabled": true
          },
          "sensitive_attributes": [
            [
              {
                "type": "get_attr",
                "value": "azure_active_directory_role_based_access_control"
              },
              {
                "type": "index",
                "value": {
                  "value": 0,
                  "type": "number"
                }
              },
              {
                "type": "get_attr",
                "value": "server_app_secret"
              }
            ],
            [
              {
                "type": "get_attr",
                "value": "kube_admin_config"
              }
            ],
            [
              {
                "type": "get_attr",
                "value": "kube_admin_config_raw"
              }
            ],
            [
              {
                "type": "get_attr",
                "value": "kube_config"
              }
            ],
            [
              {
                "type": "get_attr",
                "value": "kube_config_raw"
              }
            ],
            [
              {
                "type": "get_attr",
                "value": "windows_profile"
              },
              {
                "type": "index",
                "value": {
                  "value": 0,
                  "type": "number"
                }
              },
              {
                "type": "get_attr",
                "value": "admin_password"
              }
            ]
          ],
          "identity_schema_version": 0,
          "private": "eyJlMmJmYjczMC1lY2FhLTExZTYtOGY4OC0zNDM2M2JjN2M0YzAiOnsiY3JlYXRlIjo1NDAwMDAwMDAwMDAwLCJkZWxldGUiOjU0MDAwMDAwMDAwMDAsInJlYWQiOjMwMDAwMDAwMDAwMCwidXBkYXRlIjo1NDAwMDAwMDAwMDAwfSwic2NoZW1hX3ZlcnNpb24iOiIyIn0=",
          "dependencies": [
            "data.azurerm_cognitive_account.existing_openai",
            "data.azurerm_key_vault.existing",
            "data.azurerm_resource_group.existing",
            "data.azurerm_search_service.existing_search",
            "data.azurerm_storage_account.existing",
            "module.identity.azurerm_role_assignment.cluster_network_contributor",
            "module.identity.azurerm_role_assignment.workload_keyvault_secrets_user",
            "module.identity.azurerm_role_assignment.workload_openai_user",
            "module.identity.azurerm_role_assignment.workload_search_contributor",
            "module.identity.azurerm_role_assignment.workload_search_service_contributor",
            "module.identity.azurerm_role_assignment.workload_storage_blob_contributor",
            "module.identity.azurerm_user_assigned_identity.aks_cluster_identity",
            "module.identity.azurerm_user_assigned_identity.aks_workload_identity",
            "module.identity.data.azurerm_client_config.current",
            "module.identity.data.azurerm_resource_group.rg",
            "module.keyvault_integration.azurerm_key_vault_access_policy.aks_cluster_csi_policy",
            "module.keyvault_integration.azurerm_key_vault_access_policy.aks_workload_policy",
            "module.keyvault_integration.azurerm_key_vault_secret.key_vault_name",
            "module.keyvault_integration.azurerm_key_vault_secret.workload_identity_client_id",
            "module.keyvault_integration.data.azurerm_client_config.current",
            "module.network.azurerm_network_security_group.aks_nsg",
            "module.network.azurerm_private_dns_zone.keyvault",
            "module.network.azurerm_private_dns_zone.openai",
            "module.network.azurerm_private_dns_zone.search",
            "module.network.azurerm_private_dns_zone.storage",
            "module.network.azurerm_private_dns_zone_virtual_network_link.keyvault_link",
            "module.network.azurerm_private_dns_zone_virtual_network_link.openai_link",
            "module.network.azurerm_private_dns_zone_virtual_network_link.search_link",
            "module.network.azurerm_private_dns_zone_virtual_network_link.storage_link",
            "module.network.azurerm_subnet.aks_subnet",
            "module.network.azurerm_subnet.appgw_subnet",
            "module.network.azurerm_subnet.private_endpoint_subnet",
            "module.network.azurerm_subnet_network_security_group_association.aks_nsg_association",
            "module.network.azurerm_virtual_network.vnet",
            "random_id.sa"
          ]
        }
      ]
    },
    {
      "module": "module.aks",
      "mode": "managed",
      "type": "azurerm_kubernetes_cluster_node_pool",
      "name": "general",
      "provider": "provider[\"registry.terraform.io/hashicorp/azurerm\"]",
      "instances": [
        {
          "schema_version": 1,
          "attributes": {
            "capacity_reservation_group_id": "",
            "custom_ca_trust_enabled": false,
            "enable_auto_scaling": true,
            "enable_host_encryption": false,
            "enable_node_public_ip": false,
            "eviction_policy": "",
            "fips_enabled": false,
            "gpu_instance": null,
            "host_group_id": "",
            "id": "/subscriptions/2bfa9715-785b-445f-8102-6a423a7495ef/resourceGroups/sageinsure-rg/providers/Microsoft.ContainerService/managedClusters/sageinsure-aks/agentPools/general",
            "kubelet_config": [],
            "kubelet_disk_type": "OS",
            "kubernetes_cluster_id": "/subscriptions/2bfa9715-785b-445f-8102-6a423a7495ef/resourceGroups/sageinsure-rg/providers/Microsoft.ContainerService/managedClusters/sageinsure-aks",
            "linux_os_config": [],
            "max_count": 6,
            "max_pods": 30,
            "message_of_the_day": "",
            "min_count": 2,
            "mode": "User",
            "name": "general",
            "node_count": 2,
            "node_labels": {
              "role": "general"
            },
            "node_network_profile": [],
            "node_public_ip_prefix_id": "",
            "node_taints": [],
            "orchestrator_version": "1.30.6",
            "os_disk_size_gb": 50,
            "os_disk_type": "Managed",
            "os_sku": "Ubuntu",
            "os_type": "Linux",
            "pod_subnet_id": "",
            "priority": "Regular",
            "proximity_placement_group_id": "",
            "scale_down_mode": "Delete",
            "snapshot_id": null,
            "spot_max_price": -1,
            "tags": {
              "Component": "aks-migration",
              "Environment": "production",
              "ManagedBy": "terraform",
              "Project": "sageinsure"
            },
            "timeouts": null,
            "ultra_ssd_enabled": false,
            "upgrade_settings": [],
            "vm_size": "Standard_D4s_v3",
            "vnet_subnet_id": "/subscriptions/2bfa9715-785b-445f-8102-6a423a7495ef/resourceGroups/sageinsure-rg/providers/Microsoft.Network/virtualNetworks/sageinsure-vnet/subnets/aks-subnet",
            "windows_profile": [],
            "workload_runtime": null,
            "zones": []
          },
          "sensitive_attributes": [],
          "identity_schema_version": 0,
          "private": "eyJlMmJmYjczMC1lY2FhLTExZTYtOGY4OC0zNDM2M2JjN2M0YzAiOnsiY3JlYXRlIjozNjAwMDAwMDAwMDAwLCJkZWxldGUiOjM2MDAwMDAwMDAwMDAsInJlYWQiOjMwMDAwMDAwMDAwMCwidXBkYXRlIjozNjAwMDAwMDAwMDAwfSwic2NoZW1hX3ZlcnNpb24iOiIxIn0=",
          "dependencies": [
            "data.azurerm_cognitive_account.existing_openai",
            "data.azurerm_key_vault.existing",
            "data.azurerm_resource_group.existing",
            "data.azurerm_search_service.existing_search",
            "data.azurerm_storage_account.existing",
            "module.aks.azurerm_kubernetes_cluster.aks",
            "module.identity.azurerm_role_assignment.cluster_network_contributor",
            "module.identity.azurerm_role_assignment.workload_keyvault_secrets_user",
            "module.identity.azurerm_role_assignment.workload_openai_user",
            "module.identity.azurerm_role_assignment.workload_search_contributor",
            "module.identity.azurerm_role_assignment.workload_search_service_contributor",
            "module.identity.azurerm_role_assignment.workload_storage_blob_contributor",
            "module.identity.azurerm_user_assigned_identity.aks_cluster_identity",
            "module.identity.azurerm_user_assigned_identity.aks_workload_identity",
            "module.identity.data.azurerm_client_config.current",
            "module.identity.data.azurerm_resource_group.rg",
            "module.keyvault_integration.azurerm_key_vault_access_policy.aks_cluster_csi_policy",
            "module.keyvault_integration.azurerm_key_vault_access_policy.aks_workload_policy",
            "module.keyvault_integration.azurerm_key_vault_secret.key_vault_name",
            "module.keyvault_integration.azurerm_key_vault_secret.workload_identity_client_id",
            "module.keyvault_integration.data.azurerm_client_config.current",
            "module.network.azurerm_network_security_group.aks_nsg",
            "module.network.azurerm_private_dns_zone.keyvault",
            "module.network.azurerm_private_dns_zone.openai",
            "module.network.azurerm_private_dns_zone.search",
            "module.network.azurerm_private_dns_zone.storage",
            "module.network.azurerm_private_dns_zone_virtual_network_link.keyvault_link",
            "module.network.azurerm_private_dns_zone_virtual_network_link.openai_link",
            "module.network.azurerm_private_dns_zone_virtual_network_link.search_link",
            "module.network.azurerm_private_dns_zone_virtual_network_link.storage_link",
            "module.network.azurerm_subnet.aks_subnet",
            "module.network.azurerm_subnet.appgw_subnet",
            "module.network.azurerm_subnet.private_endpoint_subnet",
            "module.network.azurerm_subnet_network_security_group_association.aks_nsg_association",
            "module.network.azurerm_virtual_network.vnet",
            "random_id.sa"
          ]
        }
      ]
    },
    {
      "module": "module.aks",
      "mode": "managed",
      "type": "azurerm_kubernetes_cluster_node_pool",
      "name": "gpu",
      "provider": "provider[\"registry.terraform.io/hashicorp/azurerm\"]",
      "instances": []
    },
    {
      "module": "module.azure_services_integration",
      "mode": "data",
      "type": "azurerm_client_config",
      "name": "current",
      "provider": "provider[\"registry.terraform.io/hashicorp/azurerm\"]",
      "instances": [
        {
          "schema_version": 0,
          "attributes": {
            "client_id": "04b07795-8ddb-461a-bbee-02f9e1bf7b46",
            "id": "Y2xpZW50Q29uZmlncy9jbGllbnRJZD0wNGIwNzc5NS04ZGRiLTQ2MWEtYmJlZS0wMmY5ZTFiZjdiNDY7b2JqZWN0SWQ9OGZjNTRlY2EtMjJkNy00Y2NiLThmMTMtYmUyZTBiZWE4NGY1O3N1YnNjcmlwdGlvbklkPTJiZmE5NzE1LTc4NWItNDQ1Zi04MTAyLTZhNDIzYTc0OTVlZjt0ZW5hbnRJZD1lOTM5NGY5MC00NDZkLTQxZGQtOGM4Yy05OGFjMDhjNWYwOTA=",
            "object_id": "8fc54eca-22d7-4ccb-8f13-be2e0bea84f5",
            "subscription_id": "2bfa9715-785b-445f-8102-6a423a7495ef",
            "tenant_id": "e9394f90-446d-41dd-8c8c-98ac08c5f090",
            "timeouts": null
          },
          "sensitive_attributes": [],
          "identity_schema_version": 0
        }
      ]
    },
    {
      "module": "module.azure_services_integration",
      "mode": "managed",
      "type": "azurerm_private_endpoint",
      "name": "keyvault",
      "provider": "provider[\"registry.terraform.io/hashicorp/azurerm\"]",
      "instances": [
        {
          "schema_version": 0,
          "attributes": {
            "custom_dns_configs": [],
            "custom_network_interface_name": "",
            "id": "/subscriptions/2bfa9715-785b-445f-8102-6a423a7495ef/resourceGroups/sageinsure-rg/providers/Microsoft.Network/privateEndpoints/pe-keyvault-aks",
            "ip_configuration": [],
            "location": "eastus",
            "name": "pe-keyvault-aks",
            "network_interface": [
              {
                "id": "/subscriptions/2bfa9715-785b-445f-8102-6a423a7495ef/resourceGroups/sageinsure-rg/providers/Microsoft.Network/networkInterfaces/pe-keyvault-aks.nic.bc857dd2-7322-406a-9de7-4a1f723b8f43",
                "name": "pe-keyvault-aks.nic.bc857dd2-7322-406a-9de7-4a1f723b8f43"
              }
            ],
            "private_dns_zone_configs": [
              {
                "id": "/subscriptions/2bfa9715-785b-445f-8102-6a423a7495ef/resourceGroups/sageinsure-rg/providers/Microsoft.Network/privateEndpoints/pe-keyvault-aks/privateDnsZoneGroups/pdz-group-keyvault/privateDnsZoneConfigs/privatelink.vaultcore.azure.net",
                "name": "privatelink.vaultcore.azure.net",
                "private_dns_zone_id": "/subscriptions/2bfa9715-785b-445f-8102-6a423a7495ef/resourceGroups/sageinsure-rg/providers/Microsoft.Network/privateDnsZones/privatelink.vaultcore.azure.net",
                "record_sets": [
                  {
                    "fqdn": "kv-eedfa81f.privatelink.vaultcore.azure.net",
                    "ip_addresses": [
                      "10.0.3.4"
                    ],
                    "name": "kv-eedfa81f",
                    "ttl": 10,
                    "type": "A"
                  }
                ]
              }
            ],
            "private_dns_zone_group": [
              {
                "id": "/subscriptions/2bfa9715-785b-445f-8102-6a423a7495ef/resourceGroups/sageinsure-rg/providers/Microsoft.Network/privateEndpoints/pe-keyvault-aks/privateDnsZoneGroups/pdz-group-keyvault",
                "name": "pdz-group-keyvault",
                "private_dns_zone_ids": [
                  "/subscriptions/2bfa9715-785b-445f-8102-6a423a7495ef/resourceGroups/sageinsure-rg/providers/Microsoft.Network/privateDnsZones/privatelink.vaultcore.azure.net"
                ]
              }
            ],
            "private_service_connection": [
              {
                "is_manual_connection": false,
                "name": "psc-keyvault",
                "private_connection_resource_alias": "",
                "private_connection_resource_id": "/subscriptions/2bfa9715-785b-445f-8102-6a423a7495ef/resourceGroups/sageinsure-rg/providers/Microsoft.KeyVault/vaults/kv-eedfa81f",
                "private_ip_address": "10.0.3.4",
                "request_message": "",
                "subresource_names": [
                  "vault"
                ]
              }
            ],
            "resource_group_name": "sageinsure-rg",
            "subnet_id": "/subscriptions/2bfa9715-785b-445f-8102-6a423a7495ef/resourceGroups/sageinsure-rg/providers/Microsoft.Network/virtualNetworks/sageinsure-vnet/subnets/private-endpoint-subnet",
            "tags": {
              "Component": "aks-migration",
              "Environment": "production",
              "ManagedBy": "terraform",
              "Project": "sageinsure"
            },
            "timeouts": null
          },
          "sensitive_attributes": [],
          "identity_schema_version": 0,
          "private": "eyJlMmJmYjczMC1lY2FhLTExZTYtOGY4OC0zNDM2M2JjN2M0YzAiOnsiY3JlYXRlIjozNjAwMDAwMDAwMDAwLCJkZWxldGUiOjM2MDAwMDAwMDAwMDAsInJlYWQiOjMwMDAwMDAwMDAwMCwidXBkYXRlIjozNjAwMDAwMDAwMDAwfX0=",
          "dependencies": [
            "data.azurerm_cognitive_account.existing_openai",
            "data.azurerm_key_vault.existing",
            "data.azurerm_resource_group.existing",
            "data.azurerm_search_service.existing_search",
            "data.azurerm_storage_account.existing",
            "module.aks.azurerm_kubernetes_cluster.aks",
            "module.aks.azurerm_kubernetes_cluster_node_pool.general",
            "module.aks.azurerm_kubernetes_cluster_node_pool.gpu",
            "module.azure_services_integration.data.azurerm_client_config.current",
            "module.identity.azurerm_role_assignment.cluster_network_contributor",
            "module.identity.azurerm_role_assignment.workload_keyvault_secrets_user",
            "module.identity.azurerm_role_assignment.workload_openai_user",
            "module.identity.azurerm_role_assignment.workload_search_contributor",
            "module.identity.azurerm_role_assignment.workload_search_service_contributor",
            "module.identity.azurerm_role_assignment.workload_storage_blob_contributor",
            "module.identity.azurerm_user_assigned_identity.aks_cluster_identity",
            "module.identity.azurerm_user_assigned_identity.aks_workload_identity",
            "module.identity.data.azurerm_client_config.current",
            "module.identity.data.azurerm_resource_group.rg",
            "module.keyvault_integration.azurerm_key_vault_access_policy.aks_cluster_csi_policy",
            "module.keyvault_integration.azurerm_key_vault_access_policy.aks_workload_policy",
            "module.keyvault_integration.azurerm_key_vault_secret.key_vault_name",
            "module.keyvault_integration.azurerm_key_vault_secret.workload_identity_client_id",
            "module.keyvault_integration.data.azurerm_client_config.current",
            "module.network.azurerm_network_security_group.aks_nsg",
            "module.network.azurerm_private_dns_zone.keyvault",
            "module.network.azurerm_private_dns_zone.openai",
            "module.network.azurerm_private_dns_zone.search",
            "module.network.azurerm_private_dns_zone.storage",
            "module.network.azurerm_private_dns_zone_virtual_network_link.keyvault_link",
            "module.network.azurerm_private_dns_zone_virtual_network_link.openai_link",
            "module.network.azurerm_private_dns_zone_virtual_network_link.search_link",
            "module.network.azurerm_private_dns_zone_virtual_network_link.storage_link",
            "module.network.azurerm_subnet.aks_subnet",
            "module.network.azurerm_subnet.appgw_subnet",
            "module.network.azurerm_subnet.private_endpoint_subnet",
            "module.network.azurerm_subnet_network_security_group_association.aks_nsg_association",
            "module.network.azurerm_virtual_network.vnet",
            "random_id.sa"
          ]
        }
      ]
    },
    {
      "module": "module.azure_services_integration",
      "mode": "managed",
      "type": "azurerm_private_endpoint",
      "name": "search",
      "provider": "provider[\"registry.terraform.io/hashicorp/azurerm\"]",
      "instances": [
        {
          "schema_version": 0,
          "attributes": {
            "custom_dns_configs": [],
            "custom_network_interface_name": "",
            "id": "/subscriptions/2bfa9715-785b-445f-8102-6a423a7495ef/resourceGroups/sageinsure-rg/providers/Microsoft.Network/privateEndpoints/pe-search-aks",
            "ip_configuration": [],
            "location": "eastus",
            "name": "pe-search-aks",
            "network_interface": [
              {
                "id": "/subscriptions/2bfa9715-785b-445f-8102-6a423a7495ef/resourceGroups/sageinsure-rg/providers/Microsoft.Network/networkInterfaces/pe-search-aks.nic.43420b35-4b86-4744-bd8c-0a042b4ecd57",
                "name": "pe-search-aks.nic.43420b35-4b86-4744-bd8c-0a042b4ecd57"
              }
            ],
            "private_dns_zone_configs": [
              {
                "id": "/subscriptions/2bfa9715-785b-445f-8102-6a423a7495ef/resourceGroups/sageinsure-rg/providers/Microsoft.Network/privateEndpoints/pe-search-aks/privateDnsZoneGroups/pdz-group-search/privateDnsZoneConfigs/privatelink.search.windows.net",
                "name": "privatelink.search.windows.net",
                "private_dns_zone_id": "/subscriptions/2bfa9715-785b-445f-8102-6a423a7495ef/resourceGroups/sageinsure-rg/providers/Microsoft.Network/privateDnsZones/privatelink.search.windows.net",
                "record_sets": [
                  {
                    "fqdn": "sageinsure-search.privatelink.search.windows.net",
                    "ip_addresses": [
                      "10.0.3.5"
                    ],
                    "name": "sageinsure-search",
                    "ttl": 10,
                    "type": "A"
                  }
                ]
              }
            ],
            "private_dns_zone_group": [
              {
                "id": "/subscriptions/2bfa9715-785b-445f-8102-6a423a7495ef/resourceGroups/sageinsure-rg/providers/Microsoft.Network/privateEndpoints/pe-search-aks/privateDnsZoneGroups/pdz-group-search",
                "name": "pdz-group-search",
                "private_dns_zone_ids": [
                  "/subscriptions/2bfa9715-785b-445f-8102-6a423a7495ef/resourceGroups/sageinsure-rg/providers/Microsoft.Network/privateDnsZones/privatelink.search.windows.net"
                ]
              }
            ],
            "private_service_connection": [
              {
                "is_manual_connection": false,
                "name": "psc-search",
                "private_connection_resource_alias": "",
                "private_connection_resource_id": "/subscriptions/2bfa9715-785b-445f-8102-6a423a7495ef/resourceGroups/sageinsure-rg/providers/Microsoft.Search/searchServices/sageinsure-search",
                "private_ip_address": "10.0.3.5",
                "request_message": "",
                "subresource_names": [
                  "searchService"
                ]
              }
            ],
            "resource_group_name": "sageinsure-rg",
            "subnet_id": "/subscriptions/2bfa9715-785b-445f-8102-6a423a7495ef/resourceGroups/sageinsure-rg/providers/Microsoft.Network/virtualNetworks/sageinsure-vnet/subnets/private-endpoint-subnet",
            "tags": {
              "Component": "aks-migration",
              "Environment": "production",
              "ManagedBy": "terraform",
              "Project": "sageinsure"
            },
            "timeouts": null
          },
          "sensitive_attributes": [],
          "identity_schema_version": 0,
          "private": "eyJlMmJmYjczMC1lY2FhLTExZTYtOGY4OC0zNDM2M2JjN2M0YzAiOnsiY3JlYXRlIjozNjAwMDAwMDAwMDAwLCJkZWxldGUiOjM2MDAwMDAwMDAwMDAsInJlYWQiOjMwMDAwMDAwMDAwMCwidXBkYXRlIjozNjAwMDAwMDAwMDAwfX0=",
          "dependencies": [
            "data.azurerm_cognitive_account.existing_openai",
            "data.azurerm_key_vault.existing",
            "data.azurerm_resource_group.existing",
            "data.azurerm_search_service.existing_search",
            "data.azurerm_storage_account.existing",
            "module.aks.azurerm_kubernetes_cluster.aks",
            "module.aks.azurerm_kubernetes_cluster_node_pool.general",
            "module.aks.azurerm_kubernetes_cluster_node_pool.gpu",
            "module.azure_services_integration.data.azurerm_client_config.current",
            "module.identity.azurerm_role_assignment.cluster_network_contributor",
            "module.identity.azurerm_role_assignment.workload_keyvault_secrets_user",
            "module.identity.azurerm_role_assignment.workload_openai_user",
            "module.identity.azurerm_role_assignment.workload_search_contributor",
            "module.identity.azurerm_role_assignment.workload_search_service_contributor",
            "module.identity.azurerm_role_assignment.workload_storage_blob_contributor",
            "module.identity.azurerm_user_assigned_identity.aks_cluster_identity",
            "module.identity.azurerm_user_assigned_identity.aks_workload_identity",
            "module.identity.data.azurerm_client_config.current",
            "module.identity.data.azurerm_resource_group.rg",
            "module.keyvault_integration.azurerm_key_vault_access_policy.aks_cluster_csi_policy",
            "module.keyvault_integration.azurerm_key_vault_access_policy.aks_workload_policy",
            "module.keyvault_integration.azurerm_key_vault_secret.key_vault_name",
            "module.keyvault_integration.azurerm_key_vault_secret.workload_identity_client_id",
            "module.keyvault_integration.data.azurerm_client_config.current",
            "module.network.azurerm_network_security_group.aks_nsg",
            "module.network.azurerm_private_dns_zone.keyvault",
            "module.network.azurerm_private_dns_zone.openai",
            "module.network.azurerm_private_dns_zone.search",
            "module.network.azurerm_private_dns_zone.storage",
            "module.network.azurerm_private_dns_zone_virtual_network_link.keyvault_link",
            "module.network.azurerm_private_dns_zone_virtual_network_link.openai_link",
            "module.network.azurerm_private_dns_zone_virtual_network_link.search_link",
            "module.network.azurerm_private_dns_zone_virtual_network_link.storage_link",
            "module.network.azurerm_subnet.aks_subnet",
            "module.network.azurerm_subnet.appgw_subnet",
            "module.network.azurerm_subnet.private_endpoint_subnet",
            "module.network.azurerm_subnet_network_security_group_association.aks_nsg_association",
            "module.network.azurerm_virtual_network.vnet",
            "random_id.sa"
          ]
        }
      ]
    },
    {
      "module": "module.azure_services_integration",
      "mode": "managed",
      "type": "azurerm_private_endpoint",
      "name": "storage",
      "provider": "provider[\"registry.terraform.io/hashicorp/azurerm\"]",
      "instances": [
        {
          "schema_version": 0,
          "attributes": {
            "custom_dns_configs": [],
            "custom_network_interface_name": "",
            "id": "/subscriptions/2bfa9715-785b-445f-8102-6a423a7495ef/resourceGroups/sageinsure-rg/providers/Microsoft.Network/privateEndpoints/pe-storage-aks",
            "ip_configuration": [],
            "location": "eastus",
            "name": "pe-storage-aks",
            "network_interface": [
              {
                "id": "/subscriptions/2bfa9715-785b-445f-8102-6a423a7495ef/resourceGroups/sageinsure-rg/providers/Microsoft.Network/networkInterfaces/pe-storage-aks.nic.f6009ddb-06e6-4d79-b24b-77ee98cfdfdc",
                "name": "pe-storage-aks.nic.f6009ddb-06e6-4d79-b24b-77ee98cfdfdc"
              }
            ],
            "private_dns_zone_configs": [
              {
                "id": "/subscriptions/2bfa9715-785b-445f-8102-6a423a7495ef/resourceGroups/sageinsure-rg/providers/Microsoft.Network/privateEndpoints/pe-storage-aks/privateDnsZoneGroups/pdz-group-storage/privateDnsZoneConfigs/privatelink.blob.core.windows.net",
                "name": "privatelink.blob.core.windows.net",
                "private_dns_zone_id": "/subscriptions/2bfa9715-785b-445f-8102-6a423a7495ef/resourceGroups/sageinsure-rg/providers/Microsoft.Network/privateDnsZones/privatelink.blob.core.windows.net",
                "record_sets": [
                  {
                    "fqdn": "policydocseedfa81f.privatelink.blob.core.windows.net",
                    "ip_addresses": [
                      "10.0.3.6"
                    ],
                    "name": "policydocseedfa81f",
                    "ttl": 10,
                    "type": "A"
                  }
                ]
              }
            ],
            "private_dns_zone_group": [
              {
                "id": "/subscriptions/2bfa9715-785b-445f-8102-6a423a7495ef/resourceGroups/sageinsure-rg/providers/Microsoft.Network/privateEndpoints/pe-storage-aks/privateDnsZoneGroups/pdz-group-storage",
                "name": "pdz-group-storage",
                "private_dns_zone_ids": [
                  "/subscriptions/2bfa9715-785b-445f-8102-6a423a7495ef/resourceGroups/sageinsure-rg/providers/Microsoft.Network/privateDnsZones/privatelink.blob.core.windows.net"
                ]
              }
            ],
            "private_service_connection": [
              {
                "is_manual_connection": false,
                "name": "psc-storage",
                "private_connection_resource_alias": "",
                "private_connection_resource_id": "/subscriptions/2bfa9715-785b-445f-8102-6a423a7495ef/resourceGroups/sageinsure-rg/providers/Microsoft.Storage/storageAccounts/policydocseedfa81f",
                "private_ip_address": "10.0.3.6",
                "request_message": "",
                "subresource_names": [
                  "blob"
                ]
              }
            ],
            "resource_group_name": "sageinsure-rg",
            "subnet_id": "/subscriptions/2bfa9715-785b-445f-8102-6a423a7495ef/resourceGroups/sageinsure-rg/providers/Microsoft.Network/virtualNetworks/sageinsure-vnet/subnets/private-endpoint-subnet",
            "tags": {
              "Component": "aks-migration",
              "Environment": "production",
              "ManagedBy": "terraform",
              "Project": "sageinsure"
            },
            "timeouts": null
          },
          "sensitive_attributes": [],
          "identity_schema_version": 0,
          "private": "eyJlMmJmYjczMC1lY2FhLTExZTYtOGY4OC0zNDM2M2JjN2M0YzAiOnsiY3JlYXRlIjozNjAwMDAwMDAwMDAwLCJkZWxldGUiOjM2MDAwMDAwMDAwMDAsInJlYWQiOjMwMDAwMDAwMDAwMCwidXBkYXRlIjozNjAwMDAwMDAwMDAwfX0=",
          "dependencies": [
            "data.azurerm_cognitive_account.existing_openai",
            "data.azurerm_key_vault.existing",
            "data.azurerm_resource_group.existing",
            "data.azurerm_search_service.existing_search",
            "data.azurerm_storage_account.existing",
            "module.aks.azurerm_kubernetes_cluster.aks",
            "module.aks.azurerm_kubernetes_cluster_node_pool.general",
            "module.aks.azurerm_kubernetes_cluster_node_pool.gpu",
            "module.azure_services_integration.data.azurerm_client_config.current",
            "module.identity.azurerm_role_assignment.cluster_network_contributor",
            "module.identity.azurerm_role_assignment.workload_keyvault_secrets_user",
            "module.identity.azurerm_role_assignment.workload_openai_user",
            "module.identity.azurerm_role_assignment.workload_search_contributor",
            "module.identity.azurerm_role_assignment.workload_search_service_contributor",
            "module.identity.azurerm_role_assignment.workload_storage_blob_contributor",
            "module.identity.azurerm_user_assigned_identity.aks_cluster_identity",
            "module.identity.azurerm_user_assigned_identity.aks_workload_identity",
            "module.identity.data.azurerm_client_config.current",
            "module.identity.data.azurerm_resource_group.rg",
            "module.keyvault_integration.azurerm_key_vault_access_policy.aks_cluster_csi_policy",
            "module.keyvault_integration.azurerm_key_vault_access_policy.aks_workload_policy",
            "module.keyvault_integration.azurerm_key_vault_secret.key_vault_name",
            "module.keyvault_integration.azurerm_key_vault_secret.workload_identity_client_id",
            "module.keyvault_integration.data.azurerm_client_config.current",
            "module.network.azurerm_network_security_group.aks_nsg",
            "module.network.azurerm_private_dns_zone.keyvault",
            "module.network.azurerm_private_dns_zone.openai",
            "module.network.azurerm_private_dns_zone.search",
            "module.network.azurerm_private_dns_zone.storage",
            "module.network.azurerm_private_dns_zone_virtual_network_link.keyvault_link",
            "module.network.azurerm_private_dns_zone_virtual_network_link.openai_link",
            "module.network.azurerm_private_dns_zone_virtual_network_link.search_link",
            "module.network.azurerm_private_dns_zone_virtual_network_link.storage_link",
            "module.network.azurerm_subnet.aks_subnet",
            "module.network.azurerm_subnet.appgw_subnet",
            "module.network.azurerm_subnet.private_endpoint_subnet",
            "module.network.azurerm_subnet_network_security_group_association.aks_nsg_association",
            "module.network.azurerm_virtual_network.vnet",
            "random_id.sa"
          ]
        }
      ]
    },
    {
      "module": "module.identity",
      "mode": "data",
      "type": "azurerm_client_config",
      "name": "current",
      "provider": "provider[\"registry.terraform.io/hashicorp/azurerm\"]",
      "instances": [
        {
          "schema_version": 0,
          "attributes": {
            "client_id": "04b07795-8ddb-461a-bbee-02f9e1bf7b46",
            "id": "Y2xpZW50Q29uZmlncy9jbGllbnRJZD0wNGIwNzc5NS04ZGRiLTQ2MWEtYmJlZS0wMmY5ZTFiZjdiNDY7b2JqZWN0SWQ9OGZjNTRlY2EtMjJkNy00Y2NiLThmMTMtYmUyZTBiZWE4NGY1O3N1YnNjcmlwdGlvbklkPTJiZmE5NzE1LTc4NWItNDQ1Zi04MTAyLTZhNDIzYTc0OTVlZjt0ZW5hbnRJZD1lOTM5NGY5MC00NDZkLTQxZGQtOGM4Yy05OGFjMDhjNWYwOTA=",
            "object_id": "8fc54eca-22d7-4ccb-8f13-be2e0bea84f5",
            "subscription_id": "2bfa9715-785b-445f-8102-6a423a7495ef",
            "tenant_id": "e9394f90-446d-41dd-8c8c-98ac08c5f090",
            "timeouts": null
          },
          "sensitive_attributes": [],
          "identity_schema_version": 0
        }
      ]
    },
    {
      "module": "module.identity",
      "mode": "data",
      "type": "azurerm_resource_group",
      "name": "rg",
      "provider": "provider[\"registry.terraform.io/hashicorp/azurerm\"]",
      "instances": [
        {
          "schema_version": 0,
          "attributes": {
            "id": "/subscriptions/2bfa9715-785b-445f-8102-6a423a7495ef/resourceGroups/sageinsure-rg",
            "location": "eastus",
            "managed_by": "",
            "name": "sageinsure-rg",
            "tags": {},
            "timeouts": null
          },
          "sensitive_attributes": [],
          "identity_schema_version": 0
        }
      ]
    },
    {
      "module": "module.identity",
      "mode": "managed",
      "type": "azurerm_role_assignment",
      "name": "cluster_network_contributor",
      "provider": "provider[\"registry.terraform.io/hashicorp/azurerm\"]",
      "instances": [
        {
          "schema_version": 0,
          "attributes": {
            "condition": "",
            "condition_version": "",
            "delegated_managed_identity_resource_id": "",
            "description": "",
            "id": "/subscriptions/2bfa9715-785b-445f-8102-6a423a7495ef/resourceGroups/sageinsure-rg/providers/Microsoft.Authorization/roleAssignments/76e5b911-b215-738a-74df-130cb0aa4a17",
            "name": "76e5b911-b215-738a-74df-130cb0aa4a17",
            "principal_id": "c262a3e8-5c01-410e-9afd-624f785b8be4",
            "principal_type": "ServicePrincipal",
            "role_definition_id": "/subscriptions/2bfa9715-785b-445f-8102-6a423a7495ef/providers/Microsoft.Authorization/roleDefinitions/4d97b98b-1d4f-4787-a291-c67834d212e7",
            "role_definition_name": "Network Contributor",
            "scope": "/subscriptions/2bfa9715-785b-445f-8102-6a423a7495ef/resourceGroups/sageinsure-rg",
            "skip_service_principal_aad_check": null,
            "timeouts": null
          },
          "sensitive_attributes": [],
          "identity_schema_version": 0,
          "private": "eyJlMmJmYjczMC1lY2FhLTExZTYtOGY4OC0zNDM2M2JjN2M0YzAiOnsiY3JlYXRlIjoxODAwMDAwMDAwMDAwLCJkZWxldGUiOjE4MDAwMDAwMDAwMDAsInJlYWQiOjMwMDAwMDAwMDAwMH19",
          "dependencies": [
            "data.azurerm_resource_group.existing",
            "module.identity.azurerm_user_assigned_identity.aks_cluster_identity",
            "module.identity.data.azurerm_resource_group.rg"
          ]
        }
      ]
    },
    {
      "module": "module.identity",
      "mode": "managed",
      "type": "azurerm_role_assignment",
      "name": "workload_keyvault_secrets_user",
      "provider": "provider[\"registry.terraform.io/hashicorp/azurerm\"]",
      "instances": [
        {
          "schema_version": 0,
          "attributes": {
            "condition": "",
            "condition_version": "",
            "delegated_managed_identity_resource_id": "",
            "description": "",
            "id": "/subscriptions/2bfa9715-785b-445f-8102-6a423a7495ef/resourceGroups/sageinsure-rg/providers/Microsoft.KeyVault/vaults/kv-eedfa81f/providers/Microsoft.Authorization/roleAssignments/19b8fe46-4502-ffed-a460-17cf80c72129",
            "name": "19b8fe46-4502-ffed-a460-17cf80c72129",
            "principal_id": "51c978ba-0ce1-4e60-a794-b37df39546f0",
            "principal_type": "ServicePrincipal",
            "role_definition_id": "/subscriptions/2bfa9715-785b-445f-8102-6a423a7495ef/providers/Microsoft.Authorization/roleDefinitions/4633458b-17de-408a-b874-0445c86b69e6",
            "role_definition_name": "Key Vault Secrets User",
            "scope": "/subscriptions/2bfa9715-785b-445f-8102-6a423a7495ef/resourceGroups/sageinsure-rg/providers/Microsoft.KeyVault/vaults/kv-eedfa81f",
            "skip_service_principal_aad_check": null,
            "timeouts": null
          },
          "sensitive_attributes": [],
          "identity_schema_version": 0,
          "private": "eyJlMmJmYjczMC1lY2FhLTExZTYtOGY4OC0zNDM2M2JjN2M0YzAiOnsiY3JlYXRlIjoxODAwMDAwMDAwMDAwLCJkZWxldGUiOjE4MDAwMDAwMDAwMDAsInJlYWQiOjMwMDAwMDAwMDAwMH19",
          "dependencies": [
            "data.azurerm_key_vault.existing",
            "data.azurerm_resource_group.existing",
            "module.identity.azurerm_user_assigned_identity.aks_workload_identity",
            "random_id.sa"
          ]
        }
      ]
    },
    {
      "module": "module.identity",
      "mode": "managed",
      "type": "azurerm_role_assignment",
      "name": "workload_openai_user",
      "provider": "provider[\"registry.terraform.io/hashicorp/azurerm\"]",
      "instances": [
        {
          "schema_version": 0,
          "attributes": {
            "condition": "",
            "condition_version": "",
            "delegated_managed_identity_resource_id": "",
            "description": "",
            "id": "/subscriptions/2bfa9715-785b-445f-8102-6a423a7495ef/resourceGroups/sageinsure-rg/providers/Microsoft.CognitiveServices/accounts/sageinsure-openai/providers/Microsoft.Authorization/roleAssignments/2b8f0f9e-60a9-8835-3b03-ed753b7ed8d5",
            "name": "2b8f0f9e-60a9-8835-3b03-ed753b7ed8d5",
            "principal_id": "51c978ba-0ce1-4e60-a794-b37df39546f0",
            "principal_type": "ServicePrincipal",
            "role_definition_id": "/subscriptions/2bfa9715-785b-445f-8102-6a423a7495ef/providers/Microsoft.Authorization/roleDefinitions/5e0bd9bd-7b93-4f28-af87-19fc36ad61bd",
            "role_definition_name": "Cognitive Services OpenAI User",
            "scope": "/subscriptions/2bfa9715-785b-445f-8102-6a423a7495ef/resourceGroups/sageinsure-rg/providers/Microsoft.CognitiveServices/accounts/sageinsure-openai",
            "skip_service_principal_aad_check": null,
            "timeouts": null
          },
          "sensitive_attributes": [],
          "identity_schema_version": 0,
          "private": "eyJlMmJmYjczMC1lY2FhLTExZTYtOGY4OC0zNDM2M2JjN2M0YzAiOnsiY3JlYXRlIjoxODAwMDAwMDAwMDAwLCJkZWxldGUiOjE4MDAwMDAwMDAwMDAsInJlYWQiOjMwMDAwMDAwMDAwMH19",
          "dependencies": [
            "data.azurerm_cognitive_account.existing_openai",
            "data.azurerm_resource_group.existing",
            "module.identity.azurerm_user_assigned_identity.aks_workload_identity"
          ]
        }
      ]
    },
    {
      "module": "module.identity",
      "mode": "managed",
      "type": "azurerm_role_assignment",
      "name": "workload_search_contributor",
      "provider": "provider[\"registry.terraform.io/hashicorp/azurerm\"]",
      "instances": [
        {
          "schema_version": 0,
          "attributes": {
            "condition": "",
            "condition_version": "",
            "delegated_managed_identity_resource_id": "",
            "description": "",
            "id": "/subscriptions/2bfa9715-785b-445f-8102-6a423a7495ef/resourceGroups/sageinsure-rg/providers/Microsoft.Search/searchServices/sageinsure-search/providers/Microsoft.Authorization/roleAssignments/7e8c1a4a-ba49-9725-c75c-b6c5365efeb6",
            "name": "7e8c1a4a-ba49-9725-c75c-b6c5365efeb6",
            "principal_id": "51c978ba-0ce1-4e60-a794-b37df39546f0",
            "principal_type": "ServicePrincipal",
            "role_definition_id": "/subscriptions/2bfa9715-785b-445f-8102-6a423a7495ef/providers/Microsoft.Authorization/roleDefinitions/8ebe5a00-799e-43f5-93ac-243d3dce84a7",
            "role_definition_name": "Search Index Data Contributor",
            "scope": "/subscriptions/2bfa9715-785b-445f-8102-6a423a7495ef/resourceGroups/sageinsure-rg/providers/Microsoft.Search/searchServices/sageinsure-search",
            "skip_service_principal_aad_check": null,
            "timeouts": null
          },
          "sensitive_attributes": [],
          "identity_schema_version": 0,
          "private": "eyJlMmJmYjczMC1lY2FhLTExZTYtOGY4OC0zNDM2M2JjN2M0YzAiOnsiY3JlYXRlIjoxODAwMDAwMDAwMDAwLCJkZWxldGUiOjE4MDAwMDAwMDAwMDAsInJlYWQiOjMwMDAwMDAwMDAwMH19",
          "dependencies": [
            "data.azurerm_resource_group.existing",
            "data.azurerm_search_service.existing_search",
            "module.identity.azurerm_user_assigned_identity.aks_workload_identity"
          ]
        }
      ]
    },
    {
      "module": "module.identity",
      "mode": "managed",
      "type": "azurerm_role_assignment",
      "name": "workload_search_service_contributor",
      "provider": "provider[\"registry.terraform.io/hashicorp/azurerm\"]",
      "instances": [
        {
          "schema_version": 0,
          "attributes": {
            "condition": "",
            "condition_version": "",
            "delegated_managed_identity_resource_id": "",
            "description": "",
            "id": "/subscriptions/2bfa9715-785b-445f-8102-6a423a7495ef/resourceGroups/sageinsure-rg/providers/Microsoft.Search/searchServices/sageinsure-search/providers/Microsoft.Authorization/roleAssignments/181b440e-07d0-c307-5435-8b450049334e",
            "name": "181b440e-07d0-c307-5435-8b450049334e",
            "principal_id": "51c978ba-0ce1-4e60-a794-b37df39546f0",
            "principal_type": "ServicePrincipal",
            "role_definition_id": "/subscriptions/2bfa9715-785b-445f-8102-6a423a7495ef/providers/Microsoft.Authorization/roleDefinitions/7ca78c08-252a-4471-8644-bb5ff32d4ba0",
            "role_definition_name": "Search Service Contributor",
            "scope": "/subscriptions/2bfa9715-785b-445f-8102-6a423a7495ef/resourceGroups/sageinsure-rg/providers/Microsoft.Search/searchServices/sageinsure-search",
            "skip_service_principal_aad_check": null,
            "timeouts": null
          },
          "sensitive_attributes": [],
          "identity_schema_version": 0,
          "private": "eyJlMmJmYjczMC1lY2FhLTExZTYtOGY4OC0zNDM2M2JjN2M0YzAiOnsiY3JlYXRlIjoxODAwMDAwMDAwMDAwLCJkZWxldGUiOjE4MDAwMDAwMDAwMDAsInJlYWQiOjMwMDAwMDAwMDAwMH19",
          "dependencies": [
            "data.azurerm_resource_group.existing",
            "data.azurerm_search_service.existing_search",
            "module.identity.azurerm_user_assigned_identity.aks_workload_identity"
          ]
        }
      ]
    },
    {
      "module": "module.identity",
      "mode": "managed",
      "type": "azurerm_role_assignment",
      "name": "workload_storage_blob_contributor",
      "provider": "provider[\"registry.terraform.io/hashicorp/azurerm\"]",
      "instances": [
        {
          "schema_version": 0,
          "attributes": {
            "condition": "",
            "condition_version": "",
            "delegated_managed_identity_resource_id": "",
            "description": "",
            "id": "/subscriptions/2bfa9715-785b-445f-8102-6a423a7495ef/resourceGroups/sageinsure-rg/providers/Microsoft.Storage/storageAccounts/policydocseedfa81f/providers/Microsoft.Authorization/roleAssignments/021163af-7d80-a3d5-5bd0-1fc193f561bb",
            "name": "021163af-7d80-a3d5-5bd0-1fc193f561bb",
            "principal_id": "51c978ba-0ce1-4e60-a794-b37df39546f0",
            "principal_type": "ServicePrincipal",
            "role_definition_id": "/subscriptions/2bfa9715-785b-445f-8102-6a423a7495ef/providers/Microsoft.Authorization/roleDefinitions/ba92f5b4-2d11-453d-a403-e96b0029c9fe",
            "role_definition_name": "Storage Blob Data Contributor",
            "scope": "/subscriptions/2bfa9715-785b-445f-8102-6a423a7495ef/resourceGroups/sageinsure-rg/providers/Microsoft.Storage/storageAccounts/policydocseedfa81f",
            "skip_service_principal_aad_check": null,
            "timeouts": null
          },
          "sensitive_attributes": [],
          "identity_schema_version": 0,
          "private": "eyJlMmJmYjczMC1lY2FhLTExZTYtOGY4OC0zNDM2M2JjN2M0YzAiOnsiY3JlYXRlIjoxODAwMDAwMDAwMDAwLCJkZWxldGUiOjE4MDAwMDAwMDAwMDAsInJlYWQiOjMwMDAwMDAwMDAwMH19",
          "dependencies": [
            "data.azurerm_resource_group.existing",
            "data.azurerm_storage_account.existing",
            "module.identity.azurerm_user_assigned_identity.aks_workload_identity",
            "random_id.sa"
          ]
        }
      ]
    },
    {
      "module": "module.identity",
      "mode": "managed",
      "type": "azurerm_user_assigned_identity",
      "name": "aks_cluster_identity",
      "provider": "provider[\"registry.terraform.io/hashicorp/azurerm\"]",
      "instances": [
        {
          "schema_version": 1,
          "attributes": {
            "client_id": "bba85d44-b46a-4596-afd9-95729833dd10",
            "id": "/subscriptions/2bfa9715-785b-445f-8102-6a423a7495ef/resourceGroups/sageinsure-rg/providers/Microsoft.ManagedIdentity/userAssignedIdentities/sageinsure-aks-cluster-identity",
            "location": "eastus",
            "name": "sageinsure-aks-cluster-identity",
            "principal_id": "c262a3e8-5c01-410e-9afd-624f785b8be4",
            "resource_group_name": "sageinsure-rg",
            "tags": {
              "Component": "aks-migration",
              "Environment": "production",
              "ManagedBy": "terraform",
              "Project": "sageinsure"
            },
            "tenant_id": "e9394f90-446d-41dd-8c8c-98ac08c5f090",
            "timeouts": null
          },
          "sensitive_attributes": [],
          "identity_schema_version": 0,
          "private": "eyJlMmJmYjczMC1lY2FhLTExZTYtOGY4OC0zNDM2M2JjN2M0YzAiOnsiY3JlYXRlIjoxODAwMDAwMDAwMDAwLCJkZWxldGUiOjE4MDAwMDAwMDAwMDAsInJlYWQiOjMwMDAwMDAwMDAwMCwidXBkYXRlIjoxODAwMDAwMDAwMDAwfSwic2NoZW1hX3ZlcnNpb24iOiIxIn0=",
          "dependencies": [
            "data.azurerm_resource_group.existing"
          ]
        }
      ]
    },
    {
      "module": "module.identity",
      "mode": "managed",
      "type": "azurerm_user_assigned_identity",
      "name": "aks_workload_identity",
      "provider": "provider[\"registry.terraform.io/hashicorp/azurerm\"]",
      "instances": [
        {
          "schema_version": 1,
          "attributes": {
            "client_id": "e963ea14-9c63-4a32-b455-0b4047604b99",
            "id": "/subscriptions/2bfa9715-785b-445f-8102-6a423a7495ef/resourceGroups/sageinsure-rg/providers/Microsoft.ManagedIdentity/userAssignedIdentities/sageinsure-aks-workload-identity",
            "location": "eastus",
            "name": "sageinsure-aks-workload-identity",
            "principal_id": "51c978ba-0ce1-4e60-a794-b37df39546f0",
            "resource_group_name": "sageinsure-rg",
            "tags": {
              "Component": "aks-migration",
              "Environment": "production",
              "ManagedBy": "terraform",
              "Project": "sageinsure"
            },
            "tenant_id": "e9394f90-446d-41dd-8c8c-98ac08c5f090",
            "timeouts": null
          },
          "sensitive_attributes": [],
          "identity_schema_version": 0,
          "private": "eyJlMmJmYjczMC1lY2FhLTExZTYtOGY4OC0zNDM2M2JjN2M0YzAiOnsiY3JlYXRlIjoxODAwMDAwMDAwMDAwLCJkZWxldGUiOjE4MDAwMDAwMDAwMDAsInJlYWQiOjMwMDAwMDAwMDAwMCwidXBkYXRlIjoxODAwMDAwMDAwMDAwfSwic2NoZW1hX3ZlcnNpb24iOiIxIn0=",
          "dependencies": [
            "data.azurerm_resource_group.existing"
          ]
        }
      ]
    },
    {
      "module": "module.keyvault_integration",
      "mode": "data",
      "type": "azurerm_client_config",
      "name": "current",
      "provider": "provider[\"registry.terraform.io/hashicorp/azurerm\"]",
      "instances": [
        {
          "schema_version": 0,
          "attributes": {
            "client_id": "04b07795-8ddb-461a-bbee-02f9e1bf7b46",
            "id": "Y2xpZW50Q29uZmlncy9jbGllbnRJZD0wNGIwNzc5NS04ZGRiLTQ2MWEtYmJlZS0wMmY5ZTFiZjdiNDY7b2JqZWN0SWQ9OGZjNTRlY2EtMjJkNy00Y2NiLThmMTMtYmUyZTBiZWE4NGY1O3N1YnNjcmlwdGlvbklkPTJiZmE5NzE1LTc4NWItNDQ1Zi04MTAyLTZhNDIzYTc0OTVlZjt0ZW5hbnRJZD1lOTM5NGY5MC00NDZkLTQxZGQtOGM4Yy05OGFjMDhjNWYwOTA=",
            "object_id": "8fc54eca-22d7-4ccb-8f13-be2e0bea84f5",
            "subscription_id": "2bfa9715-785b-445f-8102-6a423a7495ef",
            "tenant_id": "e9394f90-446d-41dd-8c8c-98ac08c5f090",
            "timeouts": null
          },
          "sensitive_attributes": [],
          "identity_schema_version": 0
        }
      ]
    },
    {
      "module": "module.keyvault_integration",
      "mode": "managed",
      "type": "azurerm_key_vault_access_policy",
      "name": "aks_cluster_csi_policy",
      "provider": "provider[\"registry.terraform.io/hashicorp/azurerm\"]",
      "instances": [
        {
          "schema_version": 0,
          "attributes": {
            "application_id": "",
            "certificate_permissions": [
              "Get",
              "List"
            ],
            "id": "/subscriptions/2bfa9715-785b-445f-8102-6a423a7495ef/resourceGroups/sageinsure-rg/providers/Microsoft.KeyVault/vaults/kv-eedfa81f/objectId/c262a3e8-5c01-410e-9afd-624f785b8be4",
            "key_permissions": [
              "Get",
              "List"
            ],
            "key_vault_id": "/subscriptions/2bfa9715-785b-445f-8102-6a423a7495ef/resourceGroups/sageinsure-rg/providers/Microsoft.KeyVault/vaults/kv-eedfa81f",
            "object_id": "c262a3e8-5c01-410e-9afd-624f785b8be4",
            "secret_permissions": [
              "Get",
              "List"
            ],
            "storage_permissions": [],
            "tenant_id": "e9394f90-446d-41dd-8c8c-98ac08c5f090",
            "timeouts": null
          },
          "sensitive_attributes": [],
          "identity_schema_version": 0,
          "private": "eyJlMmJmYjczMC1lY2FhLTExZTYtOGY4OC0zNDM2M2JjN2M0YzAiOnsiY3JlYXRlIjoxODAwMDAwMDAwMDAwLCJkZWxldGUiOjE4MDAwMDAwMDAwMDAsInJlYWQiOjMwMDAwMDAwMDAwMCwidXBkYXRlIjoxODAwMDAwMDAwMDAwfX0=",
          "dependencies": [
            "data.azurerm_cognitive_account.existing_openai",
            "data.azurerm_key_vault.existing",
            "data.azurerm_resource_group.existing",
            "data.azurerm_search_service.existing_search",
            "data.azurerm_storage_account.existing",
            "module.identity.azurerm_role_assignment.cluster_network_contributor",
            "module.identity.azurerm_role_assignment.workload_keyvault_secrets_user",
            "module.identity.azurerm_role_assignment.workload_openai_user",
            "module.identity.azurerm_role_assignment.workload_search_contributor",
            "module.identity.azurerm_role_assignment.workload_search_service_contributor",
            "module.identity.azurerm_role_assignment.workload_storage_blob_contributor",
            "module.identity.azurerm_user_assigned_identity.aks_cluster_identity",
            "module.identity.azurerm_user_assigned_identity.aks_workload_identity",
            "module.identity.data.azurerm_client_config.current",
            "module.identity.data.azurerm_resource_group.rg",
            "random_id.sa"
          ]
        }
      ]
    },
    {
      "module": "module.keyvault_integration",
      "mode": "managed",
      "type": "azurerm_key_vault_access_policy",
      "name": "aks_workload_policy",
      "provider": "provider[\"registry.terraform.io/hashicorp/azurerm\"]",
      "instances": [
        {
          "schema_version": 0,
          "attributes": {
            "application_id": "",
            "certificate_permissions": [
              "Get",
              "List"
            ],
            "id": "/subscriptions/2bfa9715-785b-445f-8102-6a423a7495ef/resourceGroups/sageinsure-rg/providers/Microsoft.KeyVault/vaults/kv-eedfa81f/objectId/51c978ba-0ce1-4e60-a794-b37df39546f0",
            "key_permissions": [],
            "key_vault_id": "/subscriptions/2bfa9715-785b-445f-8102-6a423a7495ef/resourceGroups/sageinsure-rg/providers/Microsoft.KeyVault/vaults/kv-eedfa81f",
            "object_id": "51c978ba-0ce1-4e60-a794-b37df39546f0",
            "secret_permissions": [
              "Get",
              "List"
            ],
            "storage_permissions": [],
            "tenant_id": "e9394f90-446d-41dd-8c8c-98ac08c5f090",
            "timeouts": null
          },
          "sensitive_attributes": [],
          "identity_schema_version": 0,
          "private": "eyJlMmJmYjczMC1lY2FhLTExZTYtOGY4OC0zNDM2M2JjN2M0YzAiOnsiY3JlYXRlIjoxODAwMDAwMDAwMDAwLCJkZWxldGUiOjE4MDAwMDAwMDAwMDAsInJlYWQiOjMwMDAwMDAwMDAwMCwidXBkYXRlIjoxODAwMDAwMDAwMDAwfX0=",
          "dependencies": [
            "data.azurerm_cognitive_account.existing_openai",
            "data.azurerm_key_vault.existing",
            "data.azurerm_resource_group.existing",
            "data.azurerm_search_service.existing_search",
            "data.azurerm_storage_account.existing",
            "module.identity.azurerm_role_assignment.cluster_network_contributor",
            "module.identity.azurerm_role_assignment.workload_keyvault_secrets_user",
            "module.identity.azurerm_role_assignment.workload_openai_user",
            "module.identity.azurerm_role_assignment.workload_search_contributor",
            "module.identity.azurerm_role_assignment.workload_search_service_contributor",
            "module.identity.azurerm_role_assignment.workload_storage_blob_contributor",
            "module.identity.azurerm_user_assigned_identity.aks_cluster_identity",
            "module.identity.azurerm_user_assigned_identity.aks_workload_identity",
            "module.identity.data.azurerm_client_config.current",
            "module.identity.data.azurerm_resource_group.rg",
            "random_id.sa"
          ]
        }
      ]
    },
    {
      "module": "module.keyvault_integration",
      "mode": "managed",
      "type": "azurerm_key_vault_secret",
      "name": "key_vault_name",
      "provider": "provider[\"registry.terraform.io/hashicorp/azurerm\"]",
      "instances": [
        {
          "schema_version": 0,
          "attributes": {
            "content_type": "",
            "expiration_date": null,
            "id": "https://kv-eedfa81f.vault.azure.net/secrets/KEY-VAULT-NAME/1fe15d8e2ab64337b19e9babf047ef8e",
            "key_vault_id": "/subscriptions/2bfa9715-785b-445f-8102-6a423a7495ef/resourceGroups/sageinsure-rg/providers/Microsoft.KeyVault/vaults/kv-eedfa81f",
            "name": "KEY-VAULT-NAME",
            "not_before_date": null,
            "resource_id": "/subscriptions/2bfa9715-785b-445f-8102-6a423a7495ef/resourceGroups/sageinsure-rg/providers/Microsoft.KeyVault/vaults/kv-eedfa81f/secrets/KEY-VAULT-NAME/versions/1fe15d8e2ab64337b19e9babf047ef8e",
            "resource_versionless_id": "/subscriptions/2bfa9715-785b-445f-8102-6a423a7495ef/resourceGroups/sageinsure-rg/providers/Microsoft.KeyVault/vaults/kv-eedfa81f/secrets/KEY-VAULT-NAME",
            "tags": {
              "Component": "aks-migration",
              "Environment": "production",
              "ManagedBy": "terraform",
              "Project": "sageinsure"
            },
            "timeouts": null,
            "value": "kv-eedfa81f",
            "version": "1fe15d8e2ab64337b19e9babf047ef8e",
            "versionless_id": "https://kv-eedfa81f.vault.azure.net/secrets/KEY-VAULT-NAME"
          },
          "sensitive_attributes": [
            [
              {
                "type": "get_attr",
                "value": "value"
              }
            ]
          ],
          "identity_schema_version": 0,
          "private": "eyJlMmJmYjczMC1lY2FhLTExZTYtOGY4OC0zNDM2M2JjN2M0YzAiOnsiY3JlYXRlIjoxODAwMDAwMDAwMDAwLCJkZWxldGUiOjE4MDAwMDAwMDAwMDAsInJlYWQiOjE4MDAwMDAwMDAwMDAsInVwZGF0ZSI6MTgwMDAwMDAwMDAwMH19",
          "dependencies": [
            "data.azurerm_cognitive_account.existing_openai",
            "data.azurerm_key_vault.existing",
            "data.azurerm_resource_group.existing",
            "data.azurerm_search_service.existing_search",
            "data.azurerm_storage_account.existing",
            "module.identity.azurerm_role_assignment.cluster_network_contributor",
            "module.identity.azurerm_role_assignment.workload_keyvault_secrets_user",
            "module.identity.azurerm_role_assignment.workload_openai_user",
            "module.identity.azurerm_role_assignment.workload_search_contributor",
            "module.identity.azurerm_role_assignment.workload_search_service_contributor",
            "module.identity.azurerm_role_assignment.workload_storage_blob_contributor",
            "module.identity.azurerm_user_assigned_identity.aks_cluster_identity",
            "module.identity.azurerm_user_assigned_identity.aks_workload_identity",
            "module.identity.data.azurerm_client_config.current",
            "module.identity.data.azurerm_resource_group.rg",
            "module.keyvault_integration.azurerm_key_vault_access_policy.aks_cluster_csi_policy",
            "module.keyvault_integration.azurerm_key_vault_access_policy.aks_workload_policy",
            "random_id.sa"
          ]
        }
      ]
    },
    {
      "module": "module.keyvault_integration",
      "mode": "managed",
      "type": "azurerm_key_vault_secret",
      "name": "workload_identity_client_id",
      "provider": "provider[\"registry.terraform.io/hashicorp/azurerm\"]",
      "instances": [
        {
          "schema_version": 0,
          "attributes": {
            "content_type": "",
            "expiration_date": null,
            "id": "https://kv-eedfa81f.vault.azure.net/secrets/WORKLOAD-IDENTITY-CLIENT-ID/4784a37a1d314568ac501b15a39af85e",
            "key_vault_id": "/subscriptions/2bfa9715-785b-445f-8102-6a423a7495ef/resourceGroups/sageinsure-rg/providers/Microsoft.KeyVault/vaults/kv-eedfa81f",
            "name": "WORKLOAD-IDENTITY-CLIENT-ID",
            "not_before_date": null,
            "resource_id": "/subscriptions/2bfa9715-785b-445f-8102-6a423a7495ef/resourceGroups/sageinsure-rg/providers/Microsoft.KeyVault/vaults/kv-eedfa81f/secrets/WORKLOAD-IDENTITY-CLIENT-ID/versions/4784a37a1d314568ac501b15a39af85e",
            "resource_versionless_id": "/subscriptions/2bfa9715-785b-445f-8102-6a423a7495ef/resourceGroups/sageinsure-rg/providers/Microsoft.KeyVault/vaults/kv-eedfa81f/secrets/WORKLOAD-IDENTITY-CLIENT-ID",
            "tags": {
              "Component": "aks-migration",
              "Environment": "production",
              "ManagedBy": "terraform",
              "Project": "sageinsure"
            },
            "timeouts": null,
            "value": "e963ea14-9c63-4a32-b455-0b4047604b99",
            "version": "4784a37a1d314568ac501b15a39af85e",
            "versionless_id": "https://kv-eedfa81f.vault.azure.net/secrets/WORKLOAD-IDENTITY-CLIENT-ID"
          },
          "sensitive_attributes": [
            [
              {
                "type": "get_attr",
                "value": "value"
              }
            ]
          ],
          "identity_schema_version": 0,
          "private": "eyJlMmJmYjczMC1lY2FhLTExZTYtOGY4OC0zNDM2M2JjN2M0YzAiOnsiY3JlYXRlIjoxODAwMDAwMDAwMDAwLCJkZWxldGUiOjE4MDAwMDAwMDAwMDAsInJlYWQiOjE4MDAwMDAwMDAwMDAsInVwZGF0ZSI6MTgwMDAwMDAwMDAwMH19",
          "dependencies": [
            "data.azurerm_cognitive_account.existing_openai",
            "data.azurerm_key_vault.existing",
            "data.azurerm_resource_group.existing",
            "data.azurerm_search_service.existing_search",
            "data.azurerm_storage_account.existing",
            "module.identity.azurerm_role_assignment.cluster_network_contributor",
            "module.identity.azurerm_role_assignment.workload_keyvault_secrets_user",
            "module.identity.azurerm_role_assignment.workload_openai_user",
            "module.identity.azurerm_role_assignment.workload_search_contributor",
            "module.identity.azurerm_role_assignment.workload_search_service_contributor",
            "module.identity.azurerm_role_assignment.workload_storage_blob_contributor",
            "module.identity.azurerm_user_assigned_identity.aks_cluster_identity",
            "module.identity.azurerm_user_assigned_identity.aks_workload_identity",
            "module.identity.data.azurerm_client_config.current",
            "module.identity.data.azurerm_resource_group.rg",
            "module.keyvault_integration.azurerm_key_vault_access_policy.aks_cluster_csi_policy",
            "module.keyvault_integration.azurerm_key_vault_access_policy.aks_workload_policy",
            "random_id.sa"
          ]
        }
      ]
    },
    {
      "module": "module.network",
      "mode": "managed",
      "type": "azurerm_network_security_group",
      "name": "aks_nsg",
      "provider": "provider[\"registry.terraform.io/hashicorp/azurerm\"]",
      "instances": [
        {
          "schema_version": 0,
          "attributes": {
            "id": "/subscriptions/2bfa9715-785b-445f-8102-6a423a7495ef/resourceGroups/sageinsure-rg/providers/Microsoft.Network/networkSecurityGroups/aks-subnet-nsg",
            "location": "eastus",
            "name": "aks-subnet-nsg",
            "resource_group_name": "sageinsure-rg",
            "security_rule": [
              {
                "access": "Allow",
                "description": "",
                "destination_address_prefix": "10.0.1.0/24",
                "destination_address_prefixes": [],
                "destination_application_security_group_ids": [],
                "destination_port_range": "",
                "destination_port_ranges": [
                  "443",
                  "80"
                ],
                "direction": "Inbound",
                "name": "AllowAppGatewayInbound",
                "priority": 100,
                "protocol": "Tcp",
                "source_address_prefix": "10.0.2.0/24",
                "source_address_prefixes": [],
                "source_application_security_group_ids": [],
                "source_port_range": "*",
                "source_port_ranges": []
              },
              {
                "access": "Allow",
                "description": "",
                "destination_address_prefix": "Internet",
                "destination_address_prefixes": [],
                "destination_application_security_group_ids": [],
                "destination_port_range": "*",
                "destination_port_ranges": [],
                "direction": "Outbound",
                "name": "AllowInternetOutbound",
                "priority": 100,
                "protocol": "*",
                "source_address_prefix": "10.0.1.0/24",
                "source_address_prefixes": [],
                "source_application_security_group_ids": [],
                "source_port_range": "*",
                "source_port_ranges": []
              }
            ],
            "tags": {
              "Component": "aks-migration",
              "Environment": "production",
              "ManagedBy": "terraform",
              "Project": "sageinsure"
            },
            "timeouts": null
          },
          "sensitive_attributes": [],
          "identity_schema_version": 0,
          "private": "eyJlMmJmYjczMC1lY2FhLTExZTYtOGY4OC0zNDM2M2JjN2M0YzAiOnsiY3JlYXRlIjoxODAwMDAwMDAwMDAwLCJkZWxldGUiOjE4MDAwMDAwMDAwMDAsInJlYWQiOjMwMDAwMDAwMDAwMCwidXBkYXRlIjoxODAwMDAwMDAwMDAwfX0=",
          "dependencies": [
            "data.azurerm_resource_group.existing"
          ]
        }
      ]
    },
    {
      "module": "module.network",
      "mode": "managed",
      "type": "azurerm_private_dns_zone",
      "name": "keyvault",
      "provider": "provider[\"registry.terraform.io/hashicorp/azurerm\"]",
      "instances": [
        {
          "schema_version": 0,
          "attributes": {
            "id": "/subscriptions/2bfa9715-785b-445f-8102-6a423a7495ef/resourceGroups/sageinsure-rg/providers/Microsoft.Network/privateDnsZones/privatelink.vaultcore.azure.net",
            "max_number_of_record_sets": 25000,
            "max_number_of_virtual_network_links": 1000,
            "max_number_of_virtual_network_links_with_registration": 100,
            "name": "privatelink.vaultcore.azure.net",
            "number_of_record_sets": 1,
            "resource_group_name": "sageinsure-rg",
            "soa_record": [
              {
                "email": "azureprivatedns-host.microsoft.com",
                "expire_time": 2419200,
                "fqdn": "privatelink.vaultcore.azure.net.",
                "host_name": "azureprivatedns.net",
                "minimum_ttl": 10,
                "refresh_time": 3600,
                "retry_time": 300,
                "serial_number": 1,
                "tags": {},
                "ttl": 3600
              }
            ],
            "tags": {
              "Component": "aks-migration",
              "Environment": "production",
              "ManagedBy": "terraform",
              "Project": "sageinsure"
            },
            "timeouts": null
          },
          "sensitive_attributes": [],
          "identity_schema_version": 0,
          "private": "eyJlMmJmYjczMC1lY2FhLTExZTYtOGY4OC0zNDM2M2JjN2M0YzAiOnsiY3JlYXRlIjoxODAwMDAwMDAwMDAwLCJkZWxldGUiOjE4MDAwMDAwMDAwMDAsInJlYWQiOjMwMDAwMDAwMDAwMCwidXBkYXRlIjoxODAwMDAwMDAwMDAwfX0=",
          "dependencies": [
            "data.azurerm_resource_group.existing"
          ]
        }
      ]
    },
    {
      "module": "module.network",
      "mode": "managed",
      "type": "azurerm_private_dns_zone",
      "name": "openai",
      "provider": "provider[\"registry.terraform.io/hashicorp/azurerm\"]",
      "instances": [
        {
          "schema_version": 0,
          "attributes": {
            "id": "/subscriptions/2bfa9715-785b-445f-8102-6a423a7495ef/resourceGroups/sageinsure-rg/providers/Microsoft.Network/privateDnsZones/privatelink.openai.azure.com",
            "max_number_of_record_sets": 25000,
            "max_number_of_virtual_network_links": 1000,
            "max_number_of_virtual_network_links_with_registration": 100,
            "name": "privatelink.openai.azure.com",
            "number_of_record_sets": 1,
            "resource_group_name": "sageinsure-rg",
            "soa_record": [
              {
                "email": "azureprivatedns-host.microsoft.com",
                "expire_time": 2419200,
                "fqdn": "privatelink.openai.azure.com.",
                "host_name": "azureprivatedns.net",
                "minimum_ttl": 10,
                "refresh_time": 3600,
                "retry_time": 300,
                "serial_number": 1,
                "tags": {},
                "ttl": 3600
              }
            ],
            "tags": {
              "Component": "aks-migration",
              "Environment": "production",
              "ManagedBy": "terraform",
              "Project": "sageinsure"
            },
            "timeouts": null
          },
          "sensitive_attributes": [],
          "identity_schema_version": 0,
          "private": "eyJlMmJmYjczMC1lY2FhLTExZTYtOGY4OC0zNDM2M2JjN2M0YzAiOnsiY3JlYXRlIjoxODAwMDAwMDAwMDAwLCJkZWxldGUiOjE4MDAwMDAwMDAwMDAsInJlYWQiOjMwMDAwMDAwMDAwMCwidXBkYXRlIjoxODAwMDAwMDAwMDAwfX0=",
          "dependencies": [
            "data.azurerm_resource_group.existing"
          ]
        }
      ]
    },
    {
      "module": "module.network",
      "mode": "managed",
      "type": "azurerm_private_dns_zone",
      "name": "search",
      "provider": "provider[\"registry.terraform.io/hashicorp/azurerm\"]",
      "instances": [
        {
          "schema_version": 0,
          "attributes": {
            "id": "/subscriptions/2bfa9715-785b-445f-8102-6a423a7495ef/resourceGroups/sageinsure-rg/providers/Microsoft.Network/privateDnsZones/privatelink.search.windows.net",
            "max_number_of_record_sets": 25000,
            "max_number_of_virtual_network_links": 1000,
            "max_number_of_virtual_network_links_with_registration": 100,
            "name": "privatelink.search.windows.net",
            "number_of_record_sets": 1,
            "resource_group_name": "sageinsure-rg",
            "soa_record": [
              {
                "email": "azureprivatedns-host.microsoft.com",
                "expire_time": 2419200,
                "fqdn": "privatelink.search.windows.net.",
                "host_name": "azureprivatedns.net",
                "minimum_ttl": 10,
                "refresh_time": 3600,
                "retry_time": 300,
                "serial_number": 1,
                "tags": {},
                "ttl": 3600
              }
            ],
            "tags": {
              "Component": "aks-migration",
              "Environment": "production",
              "ManagedBy": "terraform",
              "Project": "sageinsure"
            },
            "timeouts": null
          },
          "sensitive_attributes": [],
          "identity_schema_version": 0,
          "private": "eyJlMmJmYjczMC1lY2FhLTExZTYtOGY4OC0zNDM2M2JjN2M0YzAiOnsiY3JlYXRlIjoxODAwMDAwMDAwMDAwLCJkZWxldGUiOjE4MDAwMDAwMDAwMDAsInJlYWQiOjMwMDAwMDAwMDAwMCwidXBkYXRlIjoxODAwMDAwMDAwMDAwfX0=",
          "dependencies": [
            "data.azurerm_resource_group.existing"
          ]
        }
      ]
    },
    {
      "module": "module.network",
      "mode": "managed",
      "type": "azurerm_private_dns_zone",
      "name": "storage",
      "provider": "provider[\"registry.terraform.io/hashicorp/azurerm\"]",
      "instances": [
        {
          "schema_version": 0,
          "attributes": {
            "id": "/subscriptions/2bfa9715-785b-445f-8102-6a423a7495ef/resourceGroups/sageinsure-rg/providers/Microsoft.Network/privateDnsZones/privatelink.blob.core.windows.net",
            "max_number_of_record_sets": 25000,
            "max_number_of_virtual_network_links": 1000,
            "max_number_of_virtual_network_links_with_registration": 100,
            "name": "privatelink.blob.core.windows.net",
            "number_of_record_sets": 1,
            "resource_group_name": "sageinsure-rg",
            "soa_record": [
              {
                "email": "azureprivatedns-host.microsoft.com",
                "expire_time": 2419200,
                "fqdn": "privatelink.blob.core.windows.net.",
                "host_name": "azureprivatedns.net",
                "minimum_ttl": 10,
                "refresh_time": 3600,
                "retry_time": 300,
                "serial_number": 1,
                "tags": {},
                "ttl": 3600
              }
            ],
            "tags": {
              "Component": "aks-migration",
              "Environment": "production",
              "ManagedBy": "terraform",
              "Project": "sageinsure"
            },
            "timeouts": null
          },
          "sensitive_attributes": [],
          "identity_schema_version": 0,
          "private": "eyJlMmJmYjczMC1lY2FhLTExZTYtOGY4OC0zNDM2M2JjN2M0YzAiOnsiY3JlYXRlIjoxODAwMDAwMDAwMDAwLCJkZWxldGUiOjE4MDAwMDAwMDAwMDAsInJlYWQiOjMwMDAwMDAwMDAwMCwidXBkYXRlIjoxODAwMDAwMDAwMDAwfX0=",
          "dependencies": [
            "data.azurerm_resource_group.existing"
          ]
        }
      ]
    },
    {
      "module": "module.network",
      "mode": "managed",
      "type": "azurerm_private_dns_zone_virtual_network_link",
      "name": "keyvault_link",
      "provider": "provider[\"registry.terraform.io/hashicorp/azurerm\"]",
      "instances": [
        {
          "schema_version": 0,
          "attributes": {
            "id": "/subscriptions/2bfa9715-785b-445f-8102-6a423a7495ef/resourceGroups/sageinsure-rg/providers/Microsoft.Network/privateDnsZones/privatelink.vaultcore.azure.net/virtualNetworkLinks/sageinsure-vnet-keyvault-link",
            "name": "sageinsure-vnet-keyvault-link",
            "private_dns_zone_name": "privatelink.vaultcore.azure.net",
            "registration_enabled": false,
            "resource_group_name": "sageinsure-rg",
            "tags": {
              "Component": "aks-migration",
              "Environment": "production",
              "ManagedBy": "terraform",
              "Project": "sageinsure"
            },
            "timeouts": null,
            "virtual_network_id": "/subscriptions/2bfa9715-785b-445f-8102-6a423a7495ef/resourceGroups/sageinsure-rg/providers/Microsoft.Network/virtualNetworks/sageinsure-vnet"
          },
          "sensitive_attributes": [],
          "identity_schema_version": 0,
          "private": "eyJlMmJmYjczMC1lY2FhLTExZTYtOGY4OC0zNDM2M2JjN2M0YzAiOnsiY3JlYXRlIjoxODAwMDAwMDAwMDAwLCJkZWxldGUiOjE4MDAwMDAwMDAwMDAsInJlYWQiOjMwMDAwMDAwMDAwMCwidXBkYXRlIjoxODAwMDAwMDAwMDAwfX0=",
          "dependencies": [
            "data.azurerm_resource_group.existing",
            "module.network.azurerm_private_dns_zone.keyvault",
            "module.network.azurerm_virtual_network.vnet"
          ]
        }
      ]
    },
    {
      "module": "module.network",
      "mode": "managed",
      "type": "azurerm_private_dns_zone_virtual_network_link",
      "name": "openai_link",
      "provider": "provider[\"registry.terraform.io/hashicorp/azurerm\"]",
      "instances": [
        {
          "schema_version": 0,
          "attributes": {
            "id": "/subscriptions/2bfa9715-785b-445f-8102-6a423a7495ef/resourceGroups/sageinsure-rg/providers/Microsoft.Network/privateDnsZones/privatelink.openai.azure.com/virtualNetworkLinks/sageinsure-vnet-openai-link",
            "name": "sageinsure-vnet-openai-link",
            "private_dns_zone_name": "privatelink.openai.azure.com",
            "registration_enabled": false,
            "resource_group_name": "sageinsure-rg",
            "tags": {
              "Component": "aks-migration",
              "Environment": "production",
              "ManagedBy": "terraform",
              "Project": "sageinsure"
            },
            "timeouts": null,
            "virtual_network_id": "/subscriptions/2bfa9715-785b-445f-8102-6a423a7495ef/resourceGroups/sageinsure-rg/providers/Microsoft.Network/virtualNetworks/sageinsure-vnet"
          },
          "sensitive_attributes": [],
          "identity_schema_version": 0,
          "private": "eyJlMmJmYjczMC1lY2FhLTExZTYtOGY4OC0zNDM2M2JjN2M0YzAiOnsiY3JlYXRlIjoxODAwMDAwMDAwMDAwLCJkZWxldGUiOjE4MDAwMDAwMDAwMDAsInJlYWQiOjMwMDAwMDAwMDAwMCwidXBkYXRlIjoxODAwMDAwMDAwMDAwfX0=",
          "dependencies": [
            "data.azurerm_resource_group.existing",
            "module.network.azurerm_private_dns_zone.openai",
            "module.network.azurerm_virtual_network.vnet"
          ]
        }
      ]
    },
    {
      "module": "module.network",
      "mode": "managed",
      "type": "azurerm_private_dns_zone_virtual_network_link",
      "name": "search_link",
      "provider": "provider[\"registry.terraform.io/hashicorp/azurerm\"]",
      "instances": [
        {
          "schema_version": 0,
          "attributes": {
            "id": "/subscriptions/2bfa9715-785b-445f-8102-6a423a7495ef/resourceGroups/sageinsure-rg/providers/Microsoft.Network/privateDnsZones/privatelink.search.windows.net/virtualNetworkLinks/sageinsure-vnet-search-link",
            "name": "sageinsure-vnet-search-link",
            "private_dns_zone_name": "privatelink.search.windows.net",
            "registration_enabled": false,
            "resource_group_name": "sageinsure-rg",
            "tags": {
              "Component": "aks-migration",
              "Environment": "production",
              "ManagedBy": "terraform",
              "Project": "sageinsure"
            },
            "timeouts": null,
            "virtual_network_id": "/subscriptions/2bfa9715-785b-445f-8102-6a423a7495ef/resourceGroups/sageinsure-rg/providers/Microsoft.Network/virtualNetworks/sageinsure-vnet"
          },
          "sensitive_attributes": [],
          "identity_schema_version": 0,
          "private": "eyJlMmJmYjczMC1lY2FhLTExZTYtOGY4OC0zNDM2M2JjN2M0YzAiOnsiY3JlYXRlIjoxODAwMDAwMDAwMDAwLCJkZWxldGUiOjE4MDAwMDAwMDAwMDAsInJlYWQiOjMwMDAwMDAwMDAwMCwidXBkYXRlIjoxODAwMDAwMDAwMDAwfX0=",
          "dependencies": [
            "data.azurerm_resource_group.existing",
            "module.network.azurerm_private_dns_zone.search",
            "module.network.azurerm_virtual_network.vnet"
          ]
        }
      ]
    },
    {
      "module": "module.network",
      "mode": "managed",
      "type": "azurerm_private_dns_zone_virtual_network_link",
      "name": "storage_link",
      "provider": "provider[\"registry.terraform.io/hashicorp/azurerm\"]",
      "instances": [
        {
          "schema_version": 0,
          "attributes": {
            "id": "/subscriptions/2bfa9715-785b-445f-8102-6a423a7495ef/resourceGroups/sageinsure-rg/providers/Microsoft.Network/privateDnsZones/privatelink.blob.core.windows.net/virtualNetworkLinks/sageinsure-vnet-storage-link",
            "name": "sageinsure-vnet-storage-link",
            "private_dns_zone_name": "privatelink.blob.core.windows.net",
            "registration_enabled": false,
            "resource_group_name": "sageinsure-rg",
            "tags": {
              "Component": "aks-migration",
              "Environment": "production",
              "ManagedBy": "terraform",
              "Project": "sageinsure"
            },
            "timeouts": null,
            "virtual_network_id": "/subscriptions/2bfa9715-785b-445f-8102-6a423a7495ef/resourceGroups/sageinsure-rg/providers/Microsoft.Network/virtualNetworks/sageinsure-vnet"
          },
          "sensitive_attributes": [],
          "identity_schema_version": 0,
          "private": "eyJlMmJmYjczMC1lY2FhLTExZTYtOGY4OC0zNDM2M2JjN2M0YzAiOnsiY3JlYXRlIjoxODAwMDAwMDAwMDAwLCJkZWxldGUiOjE4MDAwMDAwMDAwMDAsInJlYWQiOjMwMDAwMDAwMDAwMCwidXBkYXRlIjoxODAwMDAwMDAwMDAwfX0=",
          "dependencies": [
            "data.azurerm_resource_group.existing",
            "module.network.azurerm_private_dns_zone.storage",
            "module.network.azurerm_virtual_network.vnet"
          ]
        }
      ]
    },
    {
      "module": "module.network",
      "mode": "managed",
      "type": "azurerm_subnet",
      "name": "aks_subnet",
      "provider": "provider[\"registry.terraform.io/hashicorp/azurerm\"]",
      "instances": [
        {
          "schema_version": 0,
          "attributes": {
            "address_prefixes": [
              "10.0.1.0/24"
            ],
            "default_outbound_access_enabled": true,
            "delegation": [],
            "enforce_private_link_endpoint_network_policies": false,
            "enforce_private_link_service_network_policies": false,
            "id": "/subscriptions/2bfa9715-785b-445f-8102-6a423a7495ef/resourceGroups/sageinsure-rg/providers/Microsoft.Network/virtualNetworks/sageinsure-vnet/subnets/aks-subnet",
            "name": "aks-subnet",
            "private_endpoint_network_policies": "Enabled",
            "private_endpoint_network_policies_enabled": true,
            "private_link_service_network_policies_enabled": true,
            "resource_group_name": "sageinsure-rg",
            "service_endpoint_policy_ids": [],
            "service_endpoints": [],
            "timeouts": null,
            "virtual_network_name": "sageinsure-vnet"
          },
          "sensitive_attributes": [],
          "identity_schema_version": 0,
          "private": "eyJlMmJmYjczMC1lY2FhLTExZTYtOGY4OC0zNDM2M2JjN2M0YzAiOnsiY3JlYXRlIjoxODAwMDAwMDAwMDAwLCJkZWxldGUiOjE4MDAwMDAwMDAwMDAsInJlYWQiOjMwMDAwMDAwMDAwMCwidXBkYXRlIjoxODAwMDAwMDAwMDAwfX0=",
          "dependencies": [
            "data.azurerm_resource_group.existing",
            "module.network.azurerm_virtual_network.vnet"
          ]
        }
      ]
    },
    {
      "module": "module.network",
      "mode": "managed",
      "type": "azurerm_subnet",
      "name": "appgw_subnet",
      "provider": "provider[\"registry.terraform.io/hashicorp/azurerm\"]",
      "instances": [
        {
          "schema_version": 0,
          "attributes": {
            "address_prefixes": [
              "10.0.2.0/24"
            ],
            "default_outbound_access_enabled": true,
            "delegation": [],
            "enforce_private_link_endpoint_network_policies": false,
            "enforce_private_link_service_network_policies": false,
            "id": "/subscriptions/2bfa9715-785b-445f-8102-6a423a7495ef/resourceGroups/sageinsure-rg/providers/Microsoft.Network/virtualNetworks/sageinsure-vnet/subnets/appgw-subnet",
            "name": "appgw-subnet",
            "private_endpoint_network_policies": "Enabled",
            "private_endpoint_network_policies_enabled": true,
            "private_link_service_network_policies_enabled": true,
            "resource_group_name": "sageinsure-rg",
            "service_endpoint_policy_ids": [],
            "service_endpoints": [],
            "timeouts": null,
            "virtual_network_name": "sageinsure-vnet"
          },
          "sensitive_attributes": [],
          "identity_schema_version": 0,
          "private": "eyJlMmJmYjczMC1lY2FhLTExZTYtOGY4OC0zNDM2M2JjN2M0YzAiOnsiY3JlYXRlIjoxODAwMDAwMDAwMDAwLCJkZWxldGUiOjE4MDAwMDAwMDAwMDAsInJlYWQiOjMwMDAwMDAwMDAwMCwidXBkYXRlIjoxODAwMDAwMDAwMDAwfX0=",
          "dependencies": [
            "data.azurerm_resource_group.existing",
            "module.network.azurerm_virtual_network.vnet"
          ]
        }
      ]
    },
    {
      "module": "module.network",
      "mode": "managed",
      "type": "azurerm_subnet",
      "name": "private_endpoint_subnet",
      "provider": "provider[\"registry.terraform.io/hashicorp/azurerm\"]",
      "instances": [
        {
          "schema_version": 0,
          "attributes": {
            "address_prefixes": [
              "10.0.3.0/24"
            ],
            "default_outbound_access_enabled": true,
            "delegation": [],
            "enforce_private_link_endpoint_network_policies": false,
            "enforce_private_link_service_network_policies": false,
            "id": "/subscriptions/2bfa9715-785b-445f-8102-6a423a7495ef/resourceGroups/sageinsure-rg/providers/Microsoft.Network/virtualNetworks/sageinsure-vnet/subnets/private-endpoint-subnet",
            "name": "private-endpoint-subnet",
            "private_endpoint_network_policies": "Enabled",
            "private_endpoint_network_policies_enabled": true,
            "private_link_service_network_policies_enabled": true,
            "resource_group_name": "sageinsure-rg",
            "service_endpoint_policy_ids": [],
            "service_endpoints": [],
            "timeouts": null,
            "virtual_network_name": "sageinsure-vnet"
          },
          "sensitive_attributes": [],
          "identity_schema_version": 0,
          "private": "eyJlMmJmYjczMC1lY2FhLTExZTYtOGY4OC0zNDM2M2JjN2M0YzAiOnsiY3JlYXRlIjoxODAwMDAwMDAwMDAwLCJkZWxldGUiOjE4MDAwMDAwMDAwMDAsInJlYWQiOjMwMDAwMDAwMDAwMCwidXBkYXRlIjoxODAwMDAwMDAwMDAwfX0=",
          "dependencies": [
            "data.azurerm_resource_group.existing",
            "module.network.azurerm_virtual_network.vnet"
          ]
        }
      ]
    },
    {
      "module": "module.network",
      "mode": "managed",
      "type": "azurerm_subnet_network_security_group_association",
      "name": "aks_nsg_association",
      "provider": "provider[\"registry.terraform.io/hashicorp/azurerm\"]",
      "instances": [
        {
          "schema_version": 0,
          "attributes": {
            "id": "/subscriptions/2bfa9715-785b-445f-8102-6a423a7495ef/resourceGroups/sageinsure-rg/providers/Microsoft.Network/virtualNetworks/sageinsure-vnet/subnets/aks-subnet",
            "network_security_group_id": "/subscriptions/2bfa9715-785b-445f-8102-6a423a7495ef/resourceGroups/sageinsure-rg/providers/Microsoft.Network/networkSecurityGroups/aks-subnet-nsg",
            "subnet_id": "/subscriptions/2bfa9715-785b-445f-8102-6a423a7495ef/resourceGroups/sageinsure-rg/providers/Microsoft.Network/virtualNetworks/sageinsure-vnet/subnets/aks-subnet",
            "timeouts": null
          },
          "sensitive_attributes": [],
          "identity_schema_version": 0,
          "private": "eyJlMmJmYjczMC1lY2FhLTExZTYtOGY4OC0zNDM2M2JjN2M0YzAiOnsiY3JlYXRlIjoxODAwMDAwMDAwMDAwLCJkZWxldGUiOjE4MDAwMDAwMDAwMDAsInJlYWQiOjMwMDAwMDAwMDAwMH19",
          "dependencies": [
            "data.azurerm_resource_group.existing",
            "module.network.azurerm_network_security_group.aks_nsg",
            "module.network.azurerm_subnet.aks_subnet",
            "module.network.azurerm_virtual_network.vnet"
          ]
        }
      ]
    },
    {
      "module": "module.network",
      "mode": "managed",
      "type": "azurerm_virtual_network",
      "name": "vnet",
      "provider": "provider[\"registry.terraform.io/hashicorp/azurerm\"]",
      "instances": [
        {
          "schema_version": 0,
          "attributes": {
            "address_space": [
              "10.0.0.0/16"
            ],
            "bgp_community": "",
            "ddos_protection_plan": [],
            "dns_servers": [],
            "edge_zone": "",
            "encryption": [],
            "flow_timeout_in_minutes": 0,
            "guid": "499ced48-34be-404a-b965-9d0408f8a9d2",
            "id": "/subscriptions/2bfa9715-785b-445f-8102-6a423a7495ef/resourceGroups/sageinsure-rg/providers/Microsoft.Network/virtualNetworks/sageinsure-vnet",
            "location": "eastus",
            "name": "sageinsure-vnet",
            "resource_group_name": "sageinsure-rg",
            "subnet": [
              {
                "address_prefix": "10.0.1.0/24",
                "id": "/subscriptions/2bfa9715-785b-445f-8102-6a423a7495ef/resourceGroups/sageinsure-rg/providers/Microsoft.Network/virtualNetworks/sageinsure-vnet/subnets/aks-subnet",
                "name": "aks-subnet",
                "security_group": "/subscriptions/2bfa9715-785b-445f-8102-6a423a7495ef/resourceGroups/sageinsure-rg/providers/Microsoft.Network/networkSecurityGroups/aks-subnet-nsg"
              },
              {
                "address_prefix": "10.0.2.0/24",
                "id": "/subscriptions/2bfa9715-785b-445f-8102-6a423a7495ef/resourceGroups/sageinsure-rg/providers/Microsoft.Network/virtualNetworks/sageinsure-vnet/subnets/appgw-subnet",
                "name": "appgw-subnet",
                "security_group": ""
              },
              {
                "address_prefix": "10.0.3.0/24",
                "id": "/subscriptions/2bfa9715-785b-445f-8102-6a423a7495ef/resourceGroups/sageinsure-rg/providers/Microsoft.Network/virtualNetworks/sageinsure-vnet/subnets/private-endpoint-subnet",
                "name": "private-endpoint-subnet",
                "security_group": ""
              }
            ],
            "tags": {
              "Component": "aks-migration",
              "Environment": "production",
              "ManagedBy": "terraform",
              "Project": "sageinsure"
            },
            "timeouts": null
          },
          "sensitive_attributes": [],
          "identity_schema_version": 0,
          "private": "eyJlMmJmYjczMC1lY2FhLTExZTYtOGY4OC0zNDM2M2JjN2M0YzAiOnsiY3JlYXRlIjoxODAwMDAwMDAwMDAwLCJkZWxldGUiOjE4MDAwMDAwMDAwMDAsInJlYWQiOjMwMDAwMDAwMDAwMCwidXBkYXRlIjoxODAwMDAwMDAwMDAwfX0=",
          "dependencies": [
            "data.azurerm_resource_group.existing"
          ]
        }
      ]
    }
  ],
  "check_results": null
}
